
Microsoft Visual Studio Solution File, Format Version 12.00
# Visual Studio 2013
VisualStudioVersion = 12.0.30723.0
MinimumVisualStudioVersion = 10.0.40219.1
Project("{FAE04EC0-301F-11D3-BF4B-00C04F79EFBC}") = "ImageResizer.Plugins.DiskCache.WebTest", "ImageResizer.Plugins.DiskCache.WebTest.csproj", "{109162D7-72F7-4C7D-BD71-EEAB424CC522}"
EndProject
Project("{FAE04EC0-301F-11D3-BF4B-00C04F79EFBC}") = "ImageResizer.Plugins.DiskCache", "..\..\Plugins\DiskCache\ImageResizer.Plugins.DiskCache.csproj", "{C3B00CD1-39EE-4BA8-BDC0-02E346F20694}"
EndProject
Project("{FAE04EC0-301F-11D3-BF4B-00C04F79EFBC}") = "ImageResizer.Plugins.Logging", "..\..\Plugins\Logging\ImageResizer.Plugins.Logging.csproj", "{10E04BAD-889B-4C01-BA0B-FAC7EF63B859}"
EndProject
Project("{FAE04EC0-301F-11D3-BF4B-00C04F79EFBC}") = "ImageResizer", "..\..\Core\ImageResizer.csproj", "{FA5EF673-A6A4-498D-AA24-C025CC5267AF}"
EndProject
Project("{FAE04EC0-301F-11D3-BF4B-00C04F79EFBC}") = "ImageResizer.Plugins.Wic", "..\..\Plugins\Wic\ImageResizer.Plugins.Wic.csproj", "{4A55B40D-1E0D-4D1F-8D96-25F624847E53}"
EndProject
Global
	GlobalSection(SolutionConfigurationPlatforms) = preSolution
		Debug|Any CPU = Debug|Any CPU
		Release|Any CPU = Release|Any CPU
		Trial|Any CPU = Trial|Any CPU
	EndGlobalSection
	GlobalSection(ProjectConfigurationPlatforms) = postSolution
		{109162D7-72F7-4C7D-BD71-EEAB424CC522}.Debug|Any CPU.ActiveCfg = Debug|Any CPU
		{109162D7-72F7-4C7D-BD71-EEAB424CC522}.Debug|Any CPU.Build.0 = Debug|Any CPU
		{109162D7-72F7-4C7D-BD71-EEAB424CC522}.Release|Any CPU.ActiveCfg = Release|Any CPU
		{109162D7-72F7-4C7D-BD71-EEAB424CC522}.Release|Any CPU.Build.0 = Release|Any CPU
		{109162D7-72F7-4C7D-BD71-EEAB424CC522}.Trial|Any CPU.ActiveCfg = Release|Any CPU
		{109162D7-72F7-4C7D-BD71-EEAB424CC522}.Trial|Any CPU.Build.0 = Release|Any CPU
		{C3B00CD1-39EE-4BA8-BDC0-02E346F20694}.Debug|Any CPU.ActiveCfg = Debug|Any CPU
		{C3B00CD1-39EE-4BA8-BDC0-02E346F20694}.Debug|Any CPU.Build.0 = Debug|Any CPU
		{C3B00CD1-39EE-4BA8-BDC0-02E346F20694}.Release|Any CPU.ActiveCfg = Release|Any CPU
		{C3B00CD1-39EE-4BA8-BDC0-02E346F20694}.Release|Any CPU.Build.0 = Release|Any CPU
		{C3B00CD1-39EE-4BA8-BDC0-02E346F20694}.Trial|Any CPU.ActiveCfg = Trial|Any CPU
		{C3B00CD1-39EE-4BA8-BDC0-02E346F20694}.Trial|Any CPU.Build.0 = Trial|Any CPU
		{10E04BAD-889B-4C01-BA0B-FAC7EF63B859}.Debug|Any CPU.ActiveCfg = Debug|Any CPU
		{10E04BAD-889B-4C01-BA0B-FAC7EF63B859}.Debug|Any CPU.Build.0 = Debug|Any CPU
		{10E04BAD-889B-4C01-BA0B-FAC7EF63B859}.Release|Any CPU.ActiveCfg = Release|Any CPU
		{10E04BAD-889B-4C01-BA0B-FAC7EF63B859}.Release|Any CPU.Build.0 = Release|Any CPU
		{10E04BAD-889B-4C01-BA0B-FAC7EF63B859}.Trial|Any CPU.ActiveCfg = Release|Any CPU
		{10E04BAD-889B-4C01-BA0B-FAC7EF63B859}.Trial|Any CPU.Build.0 = Release|Any CPU
		{FA5EF673-A6A4-498D-AA24-C025CC5267AF}.Debug|Any CPU.ActiveCfg = Debug|Any CPU
		{FA5EF673-A6A4-498D-AA24-C025CC5267AF}.Debug|Any CPU.Build.0 = Debug|Any CPU
		{FA5EF673-A6A4-498D-AA24-C025CC5267AF}.Release|Any CPU.ActiveCfg = Release|Any CPU
		{FA5EF673-A6A4-498D-AA24-C025CC5267AF}.Release|Any CPU.Build.0 = Release|Any CPU
		{FA5EF673-A6A4-498D-AA24-C025CC5267AF}.Trial|Any CPU.ActiveCfg = Release|Any CPU
		{FA5EF673-A6A4-498D-AA24-C025CC5267AF}.Trial|Any CPU.Build.0 = Release|Any CPU
		{4A55B40D-1E0D-4D1F-8D96-25F624847E53}.Debug|Any CPU.ActiveCfg = Debug|Any CPU
		{4A55B40D-1E0D-4D1F-8D96-25F624847E53}.Debug|Any CPU.Build.0 = Debug|Any CPU
		{4A55B40D-1E0D-4D1F-8D96-25F624847E53}.Release|Any CPU.ActiveCfg = Release|Any CPU
		{4A55B40D-1E0D-4D1F-8D96-25F624847E53}.Release|Any CPU.Build.0 = Release|Any CPU
		{4A55B40D-1E0D-4D1F-8D96-25F624847E53}.Trial|Any CPU.ActiveCfg = Trial|Any CPU
		{4A55B40D-1E0D-4D1F-8D96-25F624847E53}.Trial|Any CPU.Build.0 = Trial|Any CPU
	EndGlobalSection
	GlobalSection(SolutionProperties) = preSolution
		HideSolutionNode = FALSE
	EndGlobalSection
EndGlobal
