
Microsoft Visual Studio Solution File, Format Version 12.00
Project("{FAE04EC0-301F-11D3-BF4B-00C04F79EFBC}") = "ClassLibrary1", "ClassLibrary1\ClassLibrary1.csproj", "{26367B08-ADAB-4954-9807-DE77AF572395}"
EndProject
Global
	GlobalSection(SolutionConfigurationPlatforms) = preSolution
		Debug|Any CPU = Debug|Any CPU
		Release|Any CPU = Release|Any CPU
	EndGlobalSection
	GlobalSection(ProjectConfigurationPlatforms) = postSolution
		{26367B08-ADAB-4954-9807-DE77AF572395}.Debug|Any CPU.ActiveCfg = Debug|Any CPU
		{26367B08-ADAB-4954-9807-DE77AF572395}.Debug|Any CPU.Build.0 = Debug|Any CPU
		{26367B08-ADAB-4954-9807-DE77AF572395}.Release|Any CPU.ActiveCfg = Release|Any CPU
		{26367B08-ADAB-4954-9807-DE77AF572395}.Release|Any CPU.Build.0 = Release|Any CPU
	EndGlobalSection
EndGlobal
