
Microsoft Visual Studio Solution File, Format Version 12.00
# Visual Studio 2013
VisualStudioVersion = 12.0.30723.0
MinimumVisualStudioVersion = 10.0.40219.1
Project("{FAE04EC0-301F-11D3-BF4B-00C04F79EFBC}") = "ImageResizer", "ImageResizer.csproj", "{FA5EF673-A6A4-498D-AA24-C025CC5267AF}"
EndProject
Project("{FAE04EC0-301F-11D3-BF4B-00C04F79EFBC}") = "ImageResizer.Plugins.AnimatedGifs", "..\Plugins\AnimatedGifs\ImageResizer.Plugins.AnimatedGifs.csproj", "{D97EA32A-0845-4E00-9C4D-68C5B93A1869}"
EndProject
Project("{FAE04EC0-301F-11D3-BF4B-00C04F79EFBC}") = "ImageResizer.Plugins.DiskCache", "..\Plugins\DiskCache\ImageResizer.Plugins.DiskCache.csproj", "{C3B00CD1-39EE-4BA8-BDC0-02E346F20694}"
EndProject
Project("{FAE04EC0-301F-11D3-BF4B-00C04F79EFBC}") = "ImageResizer.Plugins.PsdReader", "..\Plugins\PsdReader\ImageResizer.Plugins.PsdReader.csproj", "{BCF28DA2-AF29-4C09-B37D-059F40FC9B95}"
EndProject
Project("{FAE04EC0-301F-11D3-BF4B-00C04F79EFBC}") = "ImageResizer.Plugins.Watermark", "..\Plugins\Watermark\ImageResizer.Plugins.Watermark.csproj", "{2B21B3E4-559C-45CB-A25C-09DF02AB63BC}"
EndProject
Project("{FAE04EC0-301F-11D3-BF4B-00C04F79EFBC}") = "ImageResizer.Plugins.SimpleFilters", "..\Plugins\SimpleFilters\ImageResizer.Plugins.SimpleFilters.csproj", "{2A7D72F6-6DCB-4260-A921-6C7A6FC77812}"
EndProject
Project("{FAE04EC0-301F-11D3-BF4B-00C04F79EFBC}") = "ImageResizer.Plugins.AdvancedFilters", "..\Plugins\AdvancedFilters\ImageResizer.Plugins.AdvancedFilters.csproj", "{961A7785-80E0-4AB9-A406-FD7E2A9FA9D9}"
EndProject
Project("{FAE04EC0-301F-11D3-BF4B-00C04F79EFBC}") = "ImageResizer.Plugins.PrettyGifs", "..\Plugins\PrettyGifs\ImageResizer.Plugins.PrettyGifs.csproj", "{BB8EEB97-6550-4780-97B2-B0F2FCD80970}"
EndProject
Project("{FAE04EC0-301F-11D3-BF4B-00C04F79EFBC}") = "ImageResizer.Plugins.SqlReader", "..\Plugins\SqlReader\ImageResizer.Plugins.SqlReader.csproj", "{2AB0FC98-8AD5-4D2A-BF06-0EA4DCF8764D}"
EndProject
Project("{FAE04EC0-301F-11D3-BF4B-00C04F79EFBC}") = "ImageResizer.Plugins.BatchZipper", "..\Plugins\BatchZipper\ImageResizer.Plugins.BatchZipper.csproj", "{CDA9A53D-C190-4460-B5AF-F73132F56BFB}"
EndProject
Project("{FAE04EC0-301F-11D3-BF4B-00C04F79EFBC}") = "ImageResizer.Plugins.CloudFront", "..\Plugins\CloudFront\ImageResizer.Plugins.CloudFront.csproj", "{9BFCA7FB-EAFB-4E89-B388-774CEA6CD466}"
EndProject
Project("{FAE04EC0-301F-11D3-BF4B-00C04F79EFBC}") = "ConsoleApplication", "..\Samples\ConsoleApplication\ConsoleApplication.csproj", "{51E37FA2-4CD1-476D-8B29-BD51C5F02B78}"
EndProject
Project("{FAE04EC0-301F-11D3-BF4B-00C04F79EFBC}") = "ImageResizer.Plugins.SeamCarving", "..\Plugins\SeamCarving\ImageResizer.Plugins.SeamCarving.csproj", "{7AEFB877-A720-4929-880C-1090A71C83EB}"
EndProject
Project("{FAE04EC0-301F-11D3-BF4B-00C04F79EFBC}") = "ImageResizer.Plugins.RemoteReader", "..\Plugins\RemoteReader\ImageResizer.Plugins.RemoteReader.csproj", "{0E6BE1A7-C754-4E33-A8AC-75A8549FC68B}"
EndProject
Project("{FAE04EC0-301F-11D3-BF4B-00C04F79EFBC}") = "ImageResizer.Plugins.WhitespaceTrimmer", "..\Plugins\WhitespaceTrimmer\ImageResizer.Plugins.WhitespaceTrimmer.csproj", "{167B88AF-E3EE-4005-A266-F4D712B3BC62}"
EndProject
Project("{FAE04EC0-301F-11D3-BF4B-00C04F79EFBC}") = "COMInstaller", "..\Tools\COMInstaller\COMInstaller.csproj", "{25D6354D-840A-471F-A78E-4515A28A82B1}"
EndProject
Project("{FAE04EC0-301F-11D3-BF4B-00C04F79EFBC}") = "WrapperFreeImage.NET", "..\Plugins\Libs\FreeImage\Wrapper\FreeImage.NET\cs\Library\WrapperFreeImage.NET.csproj", "{6598A7CD-8F27-4D3F-A675-5AE63113A7C3}"
EndProject
Project("{FAE04EC0-301F-11D3-BF4B-00C04F79EFBC}") = "ImageResizer.Plugins.FreeImage", "..\Plugins\FreeImage\ImageResizer.Plugins.FreeImage.csproj", "{8E863AFE-B4CF-46AA-8382-0C3547C0EDE9}"
EndProject
Project("{FAE04EC0-301F-11D3-BF4B-00C04F79EFBC}") = "PsdFile", "..\Plugins\Libs\PsdPlugin\PsdFile\PsdFile.csproj", "{DB6A1DE3-FAEB-451B-8EDB-D557B149BC8A}"
EndProject
Project("{FAE04EC0-301F-11D3-BF4B-00C04F79EFBC}") = "ImageResizer.Plugins.Logging", "..\Plugins\Logging\ImageResizer.Plugins.Logging.csproj", "{10E04BAD-889B-4C01-BA0B-FAC7EF63B859}"
EndProject
Project("{FAE04EC0-301F-11D3-BF4B-00C04F79EFBC}") = "ImageResizer.Plugins.Wic", "..\Plugins\Wic\ImageResizer.Plugins.Wic.csproj", "{4A55B40D-1E0D-4D1F-8D96-25F624847E53}"
EndProject
Project("{FAE04EC0-301F-11D3-BF4B-00C04F79EFBC}") = "ImageResizer.Plugins.PsdComposer", "..\Plugins\PsdComposer\ImageResizer.Plugins.PsdComposer.csproj", "{BC40DDCE-96BB-41AF-9D3C-6CF4861E3408}"
EndProject
Project("{FAE04EC0-301F-11D3-BF4B-00C04F79EFBC}") = "ImageResizer.Plugins.MongoReader", "..\Plugins\MongoReader\ImageResizer.Plugins.MongoReader.csproj", "{C8D43F4E-103E-4CD7-B0D9-E97D9F708003}"
EndProject
Project("{FAE04EC0-301F-11D3-BF4B-00C04F79EFBC}") = "ImageResizer.Plugins.RedEye", "..\Plugins\RedEye\ImageResizer.Plugins.RedEye.csproj", "{054D5D5D-1041-4F03-B5E4-BFF0441586FA}"
EndProject
Project("{FAE04EC0-301F-11D3-BF4B-00C04F79EFBC}") = "ImageResizer.Plugins.Security", "..\Plugins\Security\ImageResizer.Plugins.Security.csproj", "{6FDAE8BF-8629-47A8-86F6-67774B78C3FA}"
EndProject
Project("{FAE04EC0-301F-11D3-BF4B-00C04F79EFBC}") = "ImageResizer.Plugins.Faces", "..\Plugins\Faces\ImageResizer.Plugins.Faces.csproj", "{144686D8-7820-4BEE-9325-60C4E998C2B0}"
EndProject
Project("{FAE04EC0-301F-11D3-BF4B-00C04F79EFBC}") = "ImageResizer.Plugins.WebP", "..\Plugins\WebP\ImageResizer.Plugins.WebP.csproj", "{E7637D84-D86B-4D37-9835-8DF374539693}"
EndProject
Project("{FAE04EC0-301F-11D3-BF4B-00C04F79EFBC}") = "ImageResizer.Plugins.FFmpeg", "..\Plugins\FFmpeg\ImageResizer.Plugins.FFmpeg.csproj", "{41E1FB1A-826B-4C35-9034-8C44D2402941}"
EndProject
Project("{FAE04EC0-301F-11D3-BF4B-00C04F79EFBC}") = "ImageResizer.Plugins.AzureReader2", "..\Plugins\AzureReader2\ImageResizer.Plugins.AzureReader2.csproj", "{3A7C958A-626D-43EA-BDAD-42943E192AF8}"
EndProject
Project("{FAE04EC0-301F-11D3-BF4B-00C04F79EFBC}") = "ImageResizer.Plugins.S3Reader2", "..\Plugins\S3Reader2\ImageResizer.Plugins.S3Reader2.csproj", "{AC318404-15F2-4187-A7B1-AFE4E2798DE6}"
EndProject
Project("{FAE04EC0-301F-11D3-BF4B-00C04F79EFBC}") = "ImageResizer.Plugins.CopyMetadata", "..\Plugins\CopyMetadata\ImageResizer.Plugins.CopyMetadata.csproj", "{2F34E4D1-68AF-4F51-B6B8-A806D47B3D35}"
EndProject
Project("{FAE04EC0-301F-11D3-BF4B-00C04F79EFBC}") = "ImageResizer.Plugins.DiagnosticJson", "..\Plugins\DiagnosticJson\ImageResizer.Plugins.DiagnosticJson.csproj", "{DF78DF74-D71E-470D-8BE2-D827498E8AF8}"
EndProject
Project("{FAE04EC0-301F-11D3-BF4B-00C04F79EFBC}") = "Imazen.WebP", "..\submodules\libwebp-net\Imazen.WebP\Imazen.WebP.csproj", "{92F607A3-2F04-4536-8346-B6FEF8B774FF}"
EndProject
Project("{FAE04EC0-301F-11D3-BF4B-00C04F79EFBC}") = "ImageResizer.Plugins.PdfRenderer", "..\Contrib\PdfRenderer\PdfRenderer\ImageResizer.Plugins.PdfRenderer.csproj", "{7C8A13F7-5C00-4074-B16E-45D0E231B70D}"
EndProject
Project("{FAE04EC0-301F-11D3-BF4B-00C04F79EFBC}") = "ImageResizer.Storage", "..\Plugins\ImageResizer.Storage\ImageResizer.Storage.csproj", "{80BB303C-8F55-410C-BA91-342ECC435101}"
EndProject
Global
	GlobalSection(SolutionConfigurationPlatforms) = preSolution
		Debug|Any CPU = Debug|Any CPU
		Debug|Mixed Platforms = Debug|Mixed Platforms
		Debug|x64 = Debug|x64
		Debug|x86 = Debug|x86
		Release|Any CPU = Release|Any CPU
		Release|Mixed Platforms = Release|Mixed Platforms
		Release|x64 = Release|x64
		Release|x86 = Release|x86
		Trial|Any CPU = Trial|Any CPU
		Trial|Mixed Platforms = Trial|Mixed Platforms
		Trial|x64 = Trial|x64
		Trial|x86 = Trial|x86
	EndGlobalSection
	GlobalSection(ProjectConfigurationPlatforms) = postSolution
		{FA5EF673-A6A4-498D-AA24-C025CC5267AF}.Debug|Any CPU.ActiveCfg = Debug|Any CPU
		{FA5EF673-A6A4-498D-AA24-C025CC5267AF}.Debug|Any CPU.Build.0 = Debug|Any CPU
		{FA5EF673-A6A4-498D-AA24-C025CC5267AF}.Debug|Mixed Platforms.ActiveCfg = Debug|Any CPU
		{FA5EF673-A6A4-498D-AA24-C025CC5267AF}.Debug|Mixed Platforms.Build.0 = Debug|Any CPU
		{FA5EF673-A6A4-498D-AA24-C025CC5267AF}.Debug|x64.ActiveCfg = Debug|Any CPU
		{FA5EF673-A6A4-498D-AA24-C025CC5267AF}.Debug|x86.ActiveCfg = Debug|Any CPU
		{FA5EF673-A6A4-498D-AA24-C025CC5267AF}.Debug|x86.Build.0 = Debug|Any CPU
		{FA5EF673-A6A4-498D-AA24-C025CC5267AF}.Release|Any CPU.ActiveCfg = Release|Any CPU
		{FA5EF673-A6A4-498D-AA24-C025CC5267AF}.Release|Any CPU.Build.0 = Release|Any CPU
		{FA5EF673-A6A4-498D-AA24-C025CC5267AF}.Release|Mixed Platforms.ActiveCfg = Release|Any CPU
		{FA5EF673-A6A4-498D-AA24-C025CC5267AF}.Release|Mixed Platforms.Build.0 = Release|Any CPU
		{FA5EF673-A6A4-498D-AA24-C025CC5267AF}.Release|x64.ActiveCfg = Release|Any CPU
		{FA5EF673-A6A4-498D-AA24-C025CC5267AF}.Release|x86.ActiveCfg = Release|Any CPU
		{FA5EF673-A6A4-498D-AA24-C025CC5267AF}.Release|x86.Build.0 = Release|Any CPU
		{FA5EF673-A6A4-498D-AA24-C025CC5267AF}.Trial|Any CPU.ActiveCfg = Release|Any CPU
		{FA5EF673-A6A4-498D-AA24-C025CC5267AF}.Trial|Any CPU.Build.0 = Release|Any CPU
		{FA5EF673-A6A4-498D-AA24-C025CC5267AF}.Trial|Mixed Platforms.ActiveCfg = Release|Any CPU
		{FA5EF673-A6A4-498D-AA24-C025CC5267AF}.Trial|Mixed Platforms.Build.0 = Release|Any CPU
		{FA5EF673-A6A4-498D-AA24-C025CC5267AF}.Trial|x64.ActiveCfg = Release|Any CPU
		{FA5EF673-A6A4-498D-AA24-C025CC5267AF}.Trial|x86.ActiveCfg = Release|Any CPU
		{FA5EF673-A6A4-498D-AA24-C025CC5267AF}.Trial|x86.Build.0 = Release|Any CPU
		{D97EA32A-0845-4E00-9C4D-68C5B93A1869}.Debug|Any CPU.ActiveCfg = Debug|Any CPU
		{D97EA32A-0845-4E00-9C4D-68C5B93A1869}.Debug|Any CPU.Build.0 = Debug|Any CPU
		{D97EA32A-0845-4E00-9C4D-68C5B93A1869}.Debug|Mixed Platforms.ActiveCfg = Debug|Any CPU
		{D97EA32A-0845-4E00-9C4D-68C5B93A1869}.Debug|Mixed Platforms.Build.0 = Debug|Any CPU
		{D97EA32A-0845-4E00-9C4D-68C5B93A1869}.Debug|x64.ActiveCfg = Debug|Any CPU
		{D97EA32A-0845-4E00-9C4D-68C5B93A1869}.Debug|x86.ActiveCfg = Debug|Any CPU
		{D97EA32A-0845-4E00-9C4D-68C5B93A1869}.Debug|x86.Build.0 = Debug|Any CPU
		{D97EA32A-0845-4E00-9C4D-68C5B93A1869}.Release|Any CPU.ActiveCfg = Release|Any CPU
		{D97EA32A-0845-4E00-9C4D-68C5B93A1869}.Release|Any CPU.Build.0 = Release|Any CPU
		{D97EA32A-0845-4E00-9C4D-68C5B93A1869}.Release|Mixed Platforms.ActiveCfg = Release|Any CPU
		{D97EA32A-0845-4E00-9C4D-68C5B93A1869}.Release|Mixed Platforms.Build.0 = Release|Any CPU
		{D97EA32A-0845-4E00-9C4D-68C5B93A1869}.Release|x64.ActiveCfg = Release|Any CPU
		{D97EA32A-0845-4E00-9C4D-68C5B93A1869}.Release|x86.ActiveCfg = Release|Any CPU
		{D97EA32A-0845-4E00-9C4D-68C5B93A1869}.Release|x86.Build.0 = Release|Any CPU
		{D97EA32A-0845-4E00-9C4D-68C5B93A1869}.Trial|Any CPU.ActiveCfg = Trial|Any CPU
		{D97EA32A-0845-4E00-9C4D-68C5B93A1869}.Trial|Any CPU.Build.0 = Trial|Any CPU
		{D97EA32A-0845-4E00-9C4D-68C5B93A1869}.Trial|Mixed Platforms.ActiveCfg = Trial|Any CPU
		{D97EA32A-0845-4E00-9C4D-68C5B93A1869}.Trial|Mixed Platforms.Build.0 = Trial|Any CPU
		{D97EA32A-0845-4E00-9C4D-68C5B93A1869}.Trial|x64.ActiveCfg = Trial|Any CPU
		{D97EA32A-0845-4E00-9C4D-68C5B93A1869}.Trial|x86.ActiveCfg = Trial|Any CPU
		{D97EA32A-0845-4E00-9C4D-68C5B93A1869}.Trial|x86.Build.0 = Trial|Any CPU
		{C3B00CD1-39EE-4BA8-BDC0-02E346F20694}.Debug|Any CPU.ActiveCfg = Debug|Any CPU
		{C3B00CD1-39EE-4BA8-BDC0-02E346F20694}.Debug|Any CPU.Build.0 = Debug|Any CPU
		{C3B00CD1-39EE-4BA8-BDC0-02E346F20694}.Debug|Mixed Platforms.ActiveCfg = Debug|Any CPU
		{C3B00CD1-39EE-4BA8-BDC0-02E346F20694}.Debug|Mixed Platforms.Build.0 = Debug|Any CPU
		{C3B00CD1-39EE-4BA8-BDC0-02E346F20694}.Debug|x64.ActiveCfg = Debug|Any CPU
		{C3B00CD1-39EE-4BA8-BDC0-02E346F20694}.Debug|x86.ActiveCfg = Debug|Any CPU
		{C3B00CD1-39EE-4BA8-BDC0-02E346F20694}.Debug|x86.Build.0 = Debug|Any CPU
		{C3B00CD1-39EE-4BA8-BDC0-02E346F20694}.Release|Any CPU.ActiveCfg = Release|Any CPU
		{C3B00CD1-39EE-4BA8-BDC0-02E346F20694}.Release|Any CPU.Build.0 = Release|Any CPU
		{C3B00CD1-39EE-4BA8-BDC0-02E346F20694}.Release|Mixed Platforms.ActiveCfg = Release|Any CPU
		{C3B00CD1-39EE-4BA8-BDC0-02E346F20694}.Release|Mixed Platforms.Build.0 = Release|Any CPU
		{C3B00CD1-39EE-4BA8-BDC0-02E346F20694}.Release|x64.ActiveCfg = Release|Any CPU
		{C3B00CD1-39EE-4BA8-BDC0-02E346F20694}.Release|x86.ActiveCfg = Release|Any CPU
		{C3B00CD1-39EE-4BA8-BDC0-02E346F20694}.Release|x86.Build.0 = Release|Any CPU
		{C3B00CD1-39EE-4BA8-BDC0-02E346F20694}.Trial|Any CPU.ActiveCfg = Trial|Any CPU
		{C3B00CD1-39EE-4BA8-BDC0-02E346F20694}.Trial|Any CPU.Build.0 = Trial|Any CPU
		{C3B00CD1-39EE-4BA8-BDC0-02E346F20694}.Trial|Mixed Platforms.ActiveCfg = Trial|Any CPU
		{C3B00CD1-39EE-4BA8-BDC0-02E346F20694}.Trial|Mixed Platforms.Build.0 = Trial|Any CPU
		{C3B00CD1-39EE-4BA8-BDC0-02E346F20694}.Trial|x64.ActiveCfg = Trial|Any CPU
		{C3B00CD1-39EE-4BA8-BDC0-02E346F20694}.Trial|x86.ActiveCfg = Trial|Any CPU
		{C3B00CD1-39EE-4BA8-BDC0-02E346F20694}.Trial|x86.Build.0 = Trial|Any CPU
		{BCF28DA2-AF29-4C09-B37D-059F40FC9B95}.Debug|Any CPU.ActiveCfg = Debug|Any CPU
		{BCF28DA2-AF29-4C09-B37D-059F40FC9B95}.Debug|Any CPU.Build.0 = Debug|Any CPU
		{BCF28DA2-AF29-4C09-B37D-059F40FC9B95}.Debug|Mixed Platforms.ActiveCfg = Debug|Any CPU
		{BCF28DA2-AF29-4C09-B37D-059F40FC9B95}.Debug|Mixed Platforms.Build.0 = Debug|Any CPU
		{BCF28DA2-AF29-4C09-B37D-059F40FC9B95}.Debug|x64.ActiveCfg = Debug|Any CPU
		{BCF28DA2-AF29-4C09-B37D-059F40FC9B95}.Debug|x86.ActiveCfg = Debug|Any CPU
		{BCF28DA2-AF29-4C09-B37D-059F40FC9B95}.Debug|x86.Build.0 = Debug|Any CPU
		{BCF28DA2-AF29-4C09-B37D-059F40FC9B95}.Release|Any CPU.ActiveCfg = Release|Any CPU
		{BCF28DA2-AF29-4C09-B37D-059F40FC9B95}.Release|Any CPU.Build.0 = Release|Any CPU
		{BCF28DA2-AF29-4C09-B37D-059F40FC9B95}.Release|Mixed Platforms.ActiveCfg = Release|Any CPU
		{BCF28DA2-AF29-4C09-B37D-059F40FC9B95}.Release|Mixed Platforms.Build.0 = Release|Any CPU
		{BCF28DA2-AF29-4C09-B37D-059F40FC9B95}.Release|x64.ActiveCfg = Release|Any CPU
		{BCF28DA2-AF29-4C09-B37D-059F40FC9B95}.Release|x86.ActiveCfg = Release|Any CPU
		{BCF28DA2-AF29-4C09-B37D-059F40FC9B95}.Release|x86.Build.0 = Release|Any CPU
		{BCF28DA2-AF29-4C09-B37D-059F40FC9B95}.Trial|Any CPU.ActiveCfg = Trial|Any CPU
		{BCF28DA2-AF29-4C09-B37D-059F40FC9B95}.Trial|Any CPU.Build.0 = Trial|Any CPU
		{BCF28DA2-AF29-4C09-B37D-059F40FC9B95}.Trial|Mixed Platforms.ActiveCfg = Trial|Any CPU
		{BCF28DA2-AF29-4C09-B37D-059F40FC9B95}.Trial|Mixed Platforms.Build.0 = Trial|Any CPU
		{BCF28DA2-AF29-4C09-B37D-059F40FC9B95}.Trial|x64.ActiveCfg = Trial|Any CPU
		{BCF28DA2-AF29-4C09-B37D-059F40FC9B95}.Trial|x86.ActiveCfg = Trial|Any CPU
		{BCF28DA2-AF29-4C09-B37D-059F40FC9B95}.Trial|x86.Build.0 = Trial|Any CPU
		{2B21B3E4-559C-45CB-A25C-09DF02AB63BC}.Debug|Any CPU.ActiveCfg = Debug|Any CPU
		{2B21B3E4-559C-45CB-A25C-09DF02AB63BC}.Debug|Any CPU.Build.0 = Debug|Any CPU
		{2B21B3E4-559C-45CB-A25C-09DF02AB63BC}.Debug|Mixed Platforms.ActiveCfg = Debug|Any CPU
		{2B21B3E4-559C-45CB-A25C-09DF02AB63BC}.Debug|Mixed Platforms.Build.0 = Debug|Any CPU
		{2B21B3E4-559C-45CB-A25C-09DF02AB63BC}.Debug|x64.ActiveCfg = Debug|Any CPU
		{2B21B3E4-559C-45CB-A25C-09DF02AB63BC}.Debug|x86.ActiveCfg = Debug|Any CPU
		{2B21B3E4-559C-45CB-A25C-09DF02AB63BC}.Debug|x86.Build.0 = Debug|Any CPU
		{2B21B3E4-559C-45CB-A25C-09DF02AB63BC}.Release|Any CPU.ActiveCfg = Release|Any CPU
		{2B21B3E4-559C-45CB-A25C-09DF02AB63BC}.Release|Any CPU.Build.0 = Release|Any CPU
		{2B21B3E4-559C-45CB-A25C-09DF02AB63BC}.Release|Mixed Platforms.ActiveCfg = Release|Any CPU
		{2B21B3E4-559C-45CB-A25C-09DF02AB63BC}.Release|Mixed Platforms.Build.0 = Release|Any CPU
		{2B21B3E4-559C-45CB-A25C-09DF02AB63BC}.Release|x64.ActiveCfg = Release|Any CPU
		{2B21B3E4-559C-45CB-A25C-09DF02AB63BC}.Release|x86.ActiveCfg = Release|Any CPU
		{2B21B3E4-559C-45CB-A25C-09DF02AB63BC}.Release|x86.Build.0 = Release|Any CPU
		{2B21B3E4-559C-45CB-A25C-09DF02AB63BC}.Trial|Any CPU.ActiveCfg = Trial|Any CPU
		{2B21B3E4-559C-45CB-A25C-09DF02AB63BC}.Trial|Any CPU.Build.0 = Trial|Any CPU
		{2B21B3E4-559C-45CB-A25C-09DF02AB63BC}.Trial|Mixed Platforms.ActiveCfg = Trial|Any CPU
		{2B21B3E4-559C-45CB-A25C-09DF02AB63BC}.Trial|Mixed Platforms.Build.0 = Trial|Any CPU
		{2B21B3E4-559C-45CB-A25C-09DF02AB63BC}.Trial|x64.ActiveCfg = Trial|Any CPU
		{2B21B3E4-559C-45CB-A25C-09DF02AB63BC}.Trial|x86.ActiveCfg = Trial|Any CPU
		{2B21B3E4-559C-45CB-A25C-09DF02AB63BC}.Trial|x86.Build.0 = Trial|Any CPU
		{2A7D72F6-6DCB-4260-A921-6C7A6FC77812}.Debug|Any CPU.ActiveCfg = Debug|Any CPU
		{2A7D72F6-6DCB-4260-A921-6C7A6FC77812}.Debug|Any CPU.Build.0 = Debug|Any CPU
		{2A7D72F6-6DCB-4260-A921-6C7A6FC77812}.Debug|Mixed Platforms.ActiveCfg = Debug|Any CPU
		{2A7D72F6-6DCB-4260-A921-6C7A6FC77812}.Debug|Mixed Platforms.Build.0 = Debug|Any CPU
		{2A7D72F6-6DCB-4260-A921-6C7A6FC77812}.Debug|x64.ActiveCfg = Debug|Any CPU
		{2A7D72F6-6DCB-4260-A921-6C7A6FC77812}.Debug|x86.ActiveCfg = Debug|Any CPU
		{2A7D72F6-6DCB-4260-A921-6C7A6FC77812}.Debug|x86.Build.0 = Debug|Any CPU
		{2A7D72F6-6DCB-4260-A921-6C7A6FC77812}.Release|Any CPU.ActiveCfg = Release|Any CPU
		{2A7D72F6-6DCB-4260-A921-6C7A6FC77812}.Release|Any CPU.Build.0 = Release|Any CPU
		{2A7D72F6-6DCB-4260-A921-6C7A6FC77812}.Release|Mixed Platforms.ActiveCfg = Release|Any CPU
		{2A7D72F6-6DCB-4260-A921-6C7A6FC77812}.Release|Mixed Platforms.Build.0 = Release|Any CPU
		{2A7D72F6-6DCB-4260-A921-6C7A6FC77812}.Release|x64.ActiveCfg = Release|Any CPU
		{2A7D72F6-6DCB-4260-A921-6C7A6FC77812}.Release|x86.ActiveCfg = Release|Any CPU
		{2A7D72F6-6DCB-4260-A921-6C7A6FC77812}.Release|x86.Build.0 = Release|Any CPU
		{2A7D72F6-6DCB-4260-A921-6C7A6FC77812}.Trial|Any CPU.ActiveCfg = Trial|Any CPU
		{2A7D72F6-6DCB-4260-A921-6C7A6FC77812}.Trial|Any CPU.Build.0 = Trial|Any CPU
		{2A7D72F6-6DCB-4260-A921-6C7A6FC77812}.Trial|Mixed Platforms.ActiveCfg = Trial|Any CPU
		{2A7D72F6-6DCB-4260-A921-6C7A6FC77812}.Trial|Mixed Platforms.Build.0 = Trial|Any CPU
		{2A7D72F6-6DCB-4260-A921-6C7A6FC77812}.Trial|x64.ActiveCfg = Trial|Any CPU
		{2A7D72F6-6DCB-4260-A921-6C7A6FC77812}.Trial|x86.ActiveCfg = Trial|Any CPU
		{2A7D72F6-6DCB-4260-A921-6C7A6FC77812}.Trial|x86.Build.0 = Trial|Any CPU
		{961A7785-80E0-4AB9-A406-FD7E2A9FA9D9}.Debug|Any CPU.ActiveCfg = Debug|Any CPU
		{961A7785-80E0-4AB9-A406-FD7E2A9FA9D9}.Debug|Any CPU.Build.0 = Debug|Any CPU
		{961A7785-80E0-4AB9-A406-FD7E2A9FA9D9}.Debug|Mixed Platforms.ActiveCfg = Debug|Any CPU
		{961A7785-80E0-4AB9-A406-FD7E2A9FA9D9}.Debug|Mixed Platforms.Build.0 = Debug|Any CPU
		{961A7785-80E0-4AB9-A406-FD7E2A9FA9D9}.Debug|x64.ActiveCfg = Debug|Any CPU
		{961A7785-80E0-4AB9-A406-FD7E2A9FA9D9}.Debug|x86.ActiveCfg = Debug|Any CPU
		{961A7785-80E0-4AB9-A406-FD7E2A9FA9D9}.Debug|x86.Build.0 = Debug|Any CPU
		{961A7785-80E0-4AB9-A406-FD7E2A9FA9D9}.Release|Any CPU.ActiveCfg = Release|Any CPU
		{961A7785-80E0-4AB9-A406-FD7E2A9FA9D9}.Release|Any CPU.Build.0 = Release|Any CPU
		{961A7785-80E0-4AB9-A406-FD7E2A9FA9D9}.Release|Mixed Platforms.ActiveCfg = Release|Any CPU
		{961A7785-80E0-4AB9-A406-FD7E2A9FA9D9}.Release|Mixed Platforms.Build.0 = Release|Any CPU
		{961A7785-80E0-4AB9-A406-FD7E2A9FA9D9}.Release|x64.ActiveCfg = Release|Any CPU
		{961A7785-80E0-4AB9-A406-FD7E2A9FA9D9}.Release|x86.ActiveCfg = Release|Any CPU
		{961A7785-80E0-4AB9-A406-FD7E2A9FA9D9}.Release|x86.Build.0 = Release|Any CPU
		{961A7785-80E0-4AB9-A406-FD7E2A9FA9D9}.Trial|Any CPU.ActiveCfg = Trial|Any CPU
		{961A7785-80E0-4AB9-A406-FD7E2A9FA9D9}.Trial|Any CPU.Build.0 = Trial|Any CPU
		{961A7785-80E0-4AB9-A406-FD7E2A9FA9D9}.Trial|Mixed Platforms.ActiveCfg = Trial|Any CPU
		{961A7785-80E0-4AB9-A406-FD7E2A9FA9D9}.Trial|Mixed Platforms.Build.0 = Trial|Any CPU
		{961A7785-80E0-4AB9-A406-FD7E2A9FA9D9}.Trial|x64.ActiveCfg = Trial|Any CPU
		{961A7785-80E0-4AB9-A406-FD7E2A9FA9D9}.Trial|x86.ActiveCfg = Trial|Any CPU
		{961A7785-80E0-4AB9-A406-FD7E2A9FA9D9}.Trial|x86.Build.0 = Trial|Any CPU
		{BB8EEB97-6550-4780-97B2-B0F2FCD80970}.Debug|Any CPU.ActiveCfg = Debug|Any CPU
		{BB8EEB97-6550-4780-97B2-B0F2FCD80970}.Debug|Any CPU.Build.0 = Debug|Any CPU
		{BB8EEB97-6550-4780-97B2-B0F2FCD80970}.Debug|Mixed Platforms.ActiveCfg = Debug|Any CPU
		{BB8EEB97-6550-4780-97B2-B0F2FCD80970}.Debug|Mixed Platforms.Build.0 = Debug|Any CPU
		{BB8EEB97-6550-4780-97B2-B0F2FCD80970}.Debug|x64.ActiveCfg = Debug|Any CPU
		{BB8EEB97-6550-4780-97B2-B0F2FCD80970}.Debug|x86.ActiveCfg = Debug|Any CPU
		{BB8EEB97-6550-4780-97B2-B0F2FCD80970}.Debug|x86.Build.0 = Debug|Any CPU
		{BB8EEB97-6550-4780-97B2-B0F2FCD80970}.Release|Any CPU.ActiveCfg = Release|Any CPU
		{BB8EEB97-6550-4780-97B2-B0F2FCD80970}.Release|Any CPU.Build.0 = Release|Any CPU
		{BB8EEB97-6550-4780-97B2-B0F2FCD80970}.Release|Mixed Platforms.ActiveCfg = Release|Any CPU
		{BB8EEB97-6550-4780-97B2-B0F2FCD80970}.Release|Mixed Platforms.Build.0 = Release|Any CPU
		{BB8EEB97-6550-4780-97B2-B0F2FCD80970}.Release|x64.ActiveCfg = Release|Any CPU
		{BB8EEB97-6550-4780-97B2-B0F2FCD80970}.Release|x86.ActiveCfg = Release|Any CPU
		{BB8EEB97-6550-4780-97B2-B0F2FCD80970}.Release|x86.Build.0 = Release|Any CPU
		{BB8EEB97-6550-4780-97B2-B0F2FCD80970}.Trial|Any CPU.ActiveCfg = Trial|Any CPU
		{BB8EEB97-6550-4780-97B2-B0F2FCD80970}.Trial|Any CPU.Build.0 = Trial|Any CPU
		{BB8EEB97-6550-4780-97B2-B0F2FCD80970}.Trial|Mixed Platforms.ActiveCfg = Trial|Any CPU
		{BB8EEB97-6550-4780-97B2-B0F2FCD80970}.Trial|Mixed Platforms.Build.0 = Trial|Any CPU
		{BB8EEB97-6550-4780-97B2-B0F2FCD80970}.Trial|x64.ActiveCfg = Trial|Any CPU
		{BB8EEB97-6550-4780-97B2-B0F2FCD80970}.Trial|x86.ActiveCfg = Trial|Any CPU
		{BB8EEB97-6550-4780-97B2-B0F2FCD80970}.Trial|x86.Build.0 = Trial|Any CPU
		{2AB0FC98-8AD5-4D2A-BF06-0EA4DCF8764D}.Debug|Any CPU.ActiveCfg = Debug|Any CPU
		{2AB0FC98-8AD5-4D2A-BF06-0EA4DCF8764D}.Debug|Any CPU.Build.0 = Debug|Any CPU
		{2AB0FC98-8AD5-4D2A-BF06-0EA4DCF8764D}.Debug|Mixed Platforms.ActiveCfg = Debug|Any CPU
		{2AB0FC98-8AD5-4D2A-BF06-0EA4DCF8764D}.Debug|Mixed Platforms.Build.0 = Debug|Any CPU
		{2AB0FC98-8AD5-4D2A-BF06-0EA4DCF8764D}.Debug|x64.ActiveCfg = Debug|Any CPU
		{2AB0FC98-8AD5-4D2A-BF06-0EA4DCF8764D}.Debug|x86.ActiveCfg = Debug|Any CPU
		{2AB0FC98-8AD5-4D2A-BF06-0EA4DCF8764D}.Debug|x86.Build.0 = Debug|Any CPU
		{2AB0FC98-8AD5-4D2A-BF06-0EA4DCF8764D}.Release|Any CPU.ActiveCfg = Release|Any CPU
		{2AB0FC98-8AD5-4D2A-BF06-0EA4DCF8764D}.Release|Any CPU.Build.0 = Release|Any CPU
		{2AB0FC98-8AD5-4D2A-BF06-0EA4DCF8764D}.Release|Mixed Platforms.ActiveCfg = Release|Any CPU
		{2AB0FC98-8AD5-4D2A-BF06-0EA4DCF8764D}.Release|Mixed Platforms.Build.0 = Release|Any CPU
		{2AB0FC98-8AD5-4D2A-BF06-0EA4DCF8764D}.Release|x64.ActiveCfg = Release|Any CPU
		{2AB0FC98-8AD5-4D2A-BF06-0EA4DCF8764D}.Release|x86.ActiveCfg = Release|Any CPU
		{2AB0FC98-8AD5-4D2A-BF06-0EA4DCF8764D}.Release|x86.Build.0 = Release|Any CPU
		{2AB0FC98-8AD5-4D2A-BF06-0EA4DCF8764D}.Trial|Any CPU.ActiveCfg = Trial|Any CPU
		{2AB0FC98-8AD5-4D2A-BF06-0EA4DCF8764D}.Trial|Any CPU.Build.0 = Trial|Any CPU
		{2AB0FC98-8AD5-4D2A-BF06-0EA4DCF8764D}.Trial|Mixed Platforms.ActiveCfg = Trial|Any CPU
		{2AB0FC98-8AD5-4D2A-BF06-0EA4DCF8764D}.Trial|Mixed Platforms.Build.0 = Trial|Any CPU
		{2AB0FC98-8AD5-4D2A-BF06-0EA4DCF8764D}.Trial|x64.ActiveCfg = Trial|Any CPU
		{2AB0FC98-8AD5-4D2A-BF06-0EA4DCF8764D}.Trial|x86.ActiveCfg = Trial|Any CPU
		{2AB0FC98-8AD5-4D2A-BF06-0EA4DCF8764D}.Trial|x86.Build.0 = Trial|Any CPU
		{CDA9A53D-C190-4460-B5AF-F73132F56BFB}.Debug|Any CPU.ActiveCfg = Debug|Any CPU
		{CDA9A53D-C190-4460-B5AF-F73132F56BFB}.Debug|Any CPU.Build.0 = Debug|Any CPU
		{CDA9A53D-C190-4460-B5AF-F73132F56BFB}.Debug|Mixed Platforms.ActiveCfg = Debug|Any CPU
		{CDA9A53D-C190-4460-B5AF-F73132F56BFB}.Debug|Mixed Platforms.Build.0 = Debug|Any CPU
		{CDA9A53D-C190-4460-B5AF-F73132F56BFB}.Debug|x64.ActiveCfg = Debug|Any CPU
		{CDA9A53D-C190-4460-B5AF-F73132F56BFB}.Debug|x86.ActiveCfg = Debug|Any CPU
		{CDA9A53D-C190-4460-B5AF-F73132F56BFB}.Debug|x86.Build.0 = Debug|Any CPU
		{CDA9A53D-C190-4460-B5AF-F73132F56BFB}.Release|Any CPU.ActiveCfg = Release|Any CPU
		{CDA9A53D-C190-4460-B5AF-F73132F56BFB}.Release|Any CPU.Build.0 = Release|Any CPU
		{CDA9A53D-C190-4460-B5AF-F73132F56BFB}.Release|Mixed Platforms.ActiveCfg = Release|Any CPU
		{CDA9A53D-C190-4460-B5AF-F73132F56BFB}.Release|Mixed Platforms.Build.0 = Release|Any CPU
		{CDA9A53D-C190-4460-B5AF-F73132F56BFB}.Release|x64.ActiveCfg = Release|Any CPU
		{CDA9A53D-C190-4460-B5AF-F73132F56BFB}.Release|x86.ActiveCfg = Release|Any CPU
		{CDA9A53D-C190-4460-B5AF-F73132F56BFB}.Release|x86.Build.0 = Release|Any CPU
		{CDA9A53D-C190-4460-B5AF-F73132F56BFB}.Trial|Any CPU.ActiveCfg = Trial|Any CPU
		{CDA9A53D-C190-4460-B5AF-F73132F56BFB}.Trial|Any CPU.Build.0 = Trial|Any CPU
		{CDA9A53D-C190-4460-B5AF-F73132F56BFB}.Trial|Mixed Platforms.ActiveCfg = Trial|Any CPU
		{CDA9A53D-C190-4460-B5AF-F73132F56BFB}.Trial|Mixed Platforms.Build.0 = Trial|Any CPU
		{CDA9A53D-C190-4460-B5AF-F73132F56BFB}.Trial|x64.ActiveCfg = Trial|Any CPU
		{CDA9A53D-C190-4460-B5AF-F73132F56BFB}.Trial|x86.ActiveCfg = Trial|Any CPU
		{CDA9A53D-C190-4460-B5AF-F73132F56BFB}.Trial|x86.Build.0 = Trial|Any CPU
		{9BFCA7FB-EAFB-4E89-B388-774CEA6CD466}.Debug|Any CPU.ActiveCfg = Debug|Any CPU
		{9BFCA7FB-EAFB-4E89-B388-774CEA6CD466}.Debug|Any CPU.Build.0 = Debug|Any CPU
		{9BFCA7FB-EAFB-4E89-B388-774CEA6CD466}.Debug|Mixed Platforms.ActiveCfg = Debug|Any CPU
		{9BFCA7FB-EAFB-4E89-B388-774CEA6CD466}.Debug|Mixed Platforms.Build.0 = Debug|Any CPU
		{9BFCA7FB-EAFB-4E89-B388-774CEA6CD466}.Debug|x64.ActiveCfg = Debug|Any CPU
		{9BFCA7FB-EAFB-4E89-B388-774CEA6CD466}.Debug|x86.ActiveCfg = Debug|Any CPU
		{9BFCA7FB-EAFB-4E89-B388-774CEA6CD466}.Debug|x86.Build.0 = Debug|Any CPU
		{9BFCA7FB-EAFB-4E89-B388-774CEA6CD466}.Release|Any CPU.ActiveCfg = Release|Any CPU
		{9BFCA7FB-EAFB-4E89-B388-774CEA6CD466}.Release|Any CPU.Build.0 = Release|Any CPU
		{9BFCA7FB-EAFB-4E89-B388-774CEA6CD466}.Release|Mixed Platforms.ActiveCfg = Release|Any CPU
		{9BFCA7FB-EAFB-4E89-B388-774CEA6CD466}.Release|Mixed Platforms.Build.0 = Release|Any CPU
		{9BFCA7FB-EAFB-4E89-B388-774CEA6CD466}.Release|x64.ActiveCfg = Release|Any CPU
		{9BFCA7FB-EAFB-4E89-B388-774CEA6CD466}.Release|x86.ActiveCfg = Release|Any CPU
		{9BFCA7FB-EAFB-4E89-B388-774CEA6CD466}.Release|x86.Build.0 = Release|Any CPU
		{9BFCA7FB-EAFB-4E89-B388-774CEA6CD466}.Trial|Any CPU.ActiveCfg = Trial|Any CPU
		{9BFCA7FB-EAFB-4E89-B388-774CEA6CD466}.Trial|Any CPU.Build.0 = Trial|Any CPU
		{9BFCA7FB-EAFB-4E89-B388-774CEA6CD466}.Trial|Mixed Platforms.ActiveCfg = Trial|Any CPU
		{9BFCA7FB-EAFB-4E89-B388-774CEA6CD466}.Trial|Mixed Platforms.Build.0 = Trial|Any CPU
		{9BFCA7FB-EAFB-4E89-B388-774CEA6CD466}.Trial|x64.ActiveCfg = Trial|Any CPU
		{9BFCA7FB-EAFB-4E89-B388-774CEA6CD466}.Trial|x86.ActiveCfg = Trial|Any CPU
		{9BFCA7FB-EAFB-4E89-B388-774CEA6CD466}.Trial|x86.Build.0 = Trial|Any CPU
		{51E37FA2-4CD1-476D-8B29-BD51C5F02B78}.Debug|Any CPU.ActiveCfg = Debug|x86
		{51E37FA2-4CD1-476D-8B29-BD51C5F02B78}.Debug|Any CPU.Build.0 = Debug|x86
		{51E37FA2-4CD1-476D-8B29-BD51C5F02B78}.Debug|Mixed Platforms.ActiveCfg = Debug|x86
		{51E37FA2-4CD1-476D-8B29-BD51C5F02B78}.Debug|Mixed Platforms.Build.0 = Debug|x86
		{51E37FA2-4CD1-476D-8B29-BD51C5F02B78}.Debug|x64.ActiveCfg = Debug|x86
		{51E37FA2-4CD1-476D-8B29-BD51C5F02B78}.Debug|x86.ActiveCfg = Debug|x86
		{51E37FA2-4CD1-476D-8B29-BD51C5F02B78}.Debug|x86.Build.0 = Debug|x86
		{51E37FA2-4CD1-476D-8B29-BD51C5F02B78}.Release|Any CPU.ActiveCfg = Release|x86
		{51E37FA2-4CD1-476D-8B29-BD51C5F02B78}.Release|Any CPU.Build.0 = Release|x86
		{51E37FA2-4CD1-476D-8B29-BD51C5F02B78}.Release|Mixed Platforms.ActiveCfg = Release|x86
		{51E37FA2-4CD1-476D-8B29-BD51C5F02B78}.Release|Mixed Platforms.Build.0 = Release|x86
		{51E37FA2-4CD1-476D-8B29-BD51C5F02B78}.Release|x64.ActiveCfg = Release|x86
		{51E37FA2-4CD1-476D-8B29-BD51C5F02B78}.Release|x86.ActiveCfg = Release|x86
		{51E37FA2-4CD1-476D-8B29-BD51C5F02B78}.Release|x86.Build.0 = Release|x86
		{51E37FA2-4CD1-476D-8B29-BD51C5F02B78}.Trial|Any CPU.ActiveCfg = Release|x86
		{51E37FA2-4CD1-476D-8B29-BD51C5F02B78}.Trial|Mixed Platforms.ActiveCfg = Release|x86
		{51E37FA2-4CD1-476D-8B29-BD51C5F02B78}.Trial|Mixed Platforms.Build.0 = Release|x86
		{51E37FA2-4CD1-476D-8B29-BD51C5F02B78}.Trial|x64.ActiveCfg = Release|x86
		{51E37FA2-4CD1-476D-8B29-BD51C5F02B78}.Trial|x86.ActiveCfg = Release|x86
		{51E37FA2-4CD1-476D-8B29-BD51C5F02B78}.Trial|x86.Build.0 = Release|x86
		{7AEFB877-A720-4929-880C-1090A71C83EB}.Debug|Any CPU.ActiveCfg = Debug|Any CPU
		{7AEFB877-A720-4929-880C-1090A71C83EB}.Debug|Any CPU.Build.0 = Debug|Any CPU
		{7AEFB877-A720-4929-880C-1090A71C83EB}.Debug|Mixed Platforms.ActiveCfg = Debug|Any CPU
		{7AEFB877-A720-4929-880C-1090A71C83EB}.Debug|Mixed Platforms.Build.0 = Debug|Any CPU
		{7AEFB877-A720-4929-880C-1090A71C83EB}.Debug|x64.ActiveCfg = Debug|Any CPU
		{7AEFB877-A720-4929-880C-1090A71C83EB}.Debug|x86.ActiveCfg = Debug|Any CPU
		{7AEFB877-A720-4929-880C-1090A71C83EB}.Debug|x86.Build.0 = Debug|Any CPU
		{7AEFB877-A720-4929-880C-1090A71C83EB}.Release|Any CPU.ActiveCfg = Release|Any CPU
		{7AEFB877-A720-4929-880C-1090A71C83EB}.Release|Any CPU.Build.0 = Release|Any CPU
		{7AEFB877-A720-4929-880C-1090A71C83EB}.Release|Mixed Platforms.ActiveCfg = Release|Any CPU
		{7AEFB877-A720-4929-880C-1090A71C83EB}.Release|Mixed Platforms.Build.0 = Release|Any CPU
		{7AEFB877-A720-4929-880C-1090A71C83EB}.Release|x64.ActiveCfg = Release|Any CPU
		{7AEFB877-A720-4929-880C-1090A71C83EB}.Release|x86.ActiveCfg = Release|Any CPU
		{7AEFB877-A720-4929-880C-1090A71C83EB}.Release|x86.Build.0 = Release|Any CPU
		{7AEFB877-A720-4929-880C-1090A71C83EB}.Trial|Any CPU.ActiveCfg = Trial|Any CPU
		{7AEFB877-A720-4929-880C-1090A71C83EB}.Trial|Any CPU.Build.0 = Trial|Any CPU
		{7AEFB877-A720-4929-880C-1090A71C83EB}.Trial|Mixed Platforms.ActiveCfg = Trial|Any CPU
		{7AEFB877-A720-4929-880C-1090A71C83EB}.Trial|Mixed Platforms.Build.0 = Trial|Any CPU
		{7AEFB877-A720-4929-880C-1090A71C83EB}.Trial|x64.ActiveCfg = Trial|Any CPU
		{7AEFB877-A720-4929-880C-1090A71C83EB}.Trial|x86.ActiveCfg = Trial|Any CPU
		{7AEFB877-A720-4929-880C-1090A71C83EB}.Trial|x86.Build.0 = Trial|Any CPU
		{0E6BE1A7-C754-4E33-A8AC-75A8549FC68B}.Debug|Any CPU.ActiveCfg = Debug|Any CPU
		{0E6BE1A7-C754-4E33-A8AC-75A8549FC68B}.Debug|Any CPU.Build.0 = Debug|Any CPU
		{0E6BE1A7-C754-4E33-A8AC-75A8549FC68B}.Debug|Mixed Platforms.ActiveCfg = Debug|Any CPU
		{0E6BE1A7-C754-4E33-A8AC-75A8549FC68B}.Debug|Mixed Platforms.Build.0 = Debug|Any CPU
		{0E6BE1A7-C754-4E33-A8AC-75A8549FC68B}.Debug|x64.ActiveCfg = Debug|Any CPU
		{0E6BE1A7-C754-4E33-A8AC-75A8549FC68B}.Debug|x86.ActiveCfg = Debug|Any CPU
		{0E6BE1A7-C754-4E33-A8AC-75A8549FC68B}.Debug|x86.Build.0 = Debug|Any CPU
		{0E6BE1A7-C754-4E33-A8AC-75A8549FC68B}.Release|Any CPU.ActiveCfg = Release|Any CPU
		{0E6BE1A7-C754-4E33-A8AC-75A8549FC68B}.Release|Any CPU.Build.0 = Release|Any CPU
		{0E6BE1A7-C754-4E33-A8AC-75A8549FC68B}.Release|Mixed Platforms.ActiveCfg = Release|Any CPU
		{0E6BE1A7-C754-4E33-A8AC-75A8549FC68B}.Release|Mixed Platforms.Build.0 = Release|Any CPU
		{0E6BE1A7-C754-4E33-A8AC-75A8549FC68B}.Release|x64.ActiveCfg = Release|Any CPU
		{0E6BE1A7-C754-4E33-A8AC-75A8549FC68B}.Release|x86.ActiveCfg = Release|Any CPU
		{0E6BE1A7-C754-4E33-A8AC-75A8549FC68B}.Release|x86.Build.0 = Release|Any CPU
		{0E6BE1A7-C754-4E33-A8AC-75A8549FC68B}.Trial|Any CPU.ActiveCfg = Trial|Any CPU
		{0E6BE1A7-C754-4E33-A8AC-75A8549FC68B}.Trial|Any CPU.Build.0 = Trial|Any CPU
		{0E6BE1A7-C754-4E33-A8AC-75A8549FC68B}.Trial|Mixed Platforms.ActiveCfg = Trial|Any CPU
		{0E6BE1A7-C754-4E33-A8AC-75A8549FC68B}.Trial|Mixed Platforms.Build.0 = Trial|Any CPU
		{0E6BE1A7-C754-4E33-A8AC-75A8549FC68B}.Trial|x64.ActiveCfg = Trial|Any CPU
		{0E6BE1A7-C754-4E33-A8AC-75A8549FC68B}.Trial|x86.ActiveCfg = Trial|Any CPU
		{0E6BE1A7-C754-4E33-A8AC-75A8549FC68B}.Trial|x86.Build.0 = Trial|Any CPU
		{167B88AF-E3EE-4005-A266-F4D712B3BC62}.Debug|Any CPU.ActiveCfg = Debug|Any CPU
		{167B88AF-E3EE-4005-A266-F4D712B3BC62}.Debug|Any CPU.Build.0 = Debug|Any CPU
		{167B88AF-E3EE-4005-A266-F4D712B3BC62}.Debug|Mixed Platforms.ActiveCfg = Debug|Any CPU
		{167B88AF-E3EE-4005-A266-F4D712B3BC62}.Debug|Mixed Platforms.Build.0 = Debug|Any CPU
		{167B88AF-E3EE-4005-A266-F4D712B3BC62}.Debug|x64.ActiveCfg = Debug|Any CPU
		{167B88AF-E3EE-4005-A266-F4D712B3BC62}.Debug|x86.ActiveCfg = Debug|Any CPU
		{167B88AF-E3EE-4005-A266-F4D712B3BC62}.Debug|x86.Build.0 = Debug|Any CPU
		{167B88AF-E3EE-4005-A266-F4D712B3BC62}.Release|Any CPU.ActiveCfg = Release|Any CPU
		{167B88AF-E3EE-4005-A266-F4D712B3BC62}.Release|Any CPU.Build.0 = Release|Any CPU
		{167B88AF-E3EE-4005-A266-F4D712B3BC62}.Release|Mixed Platforms.ActiveCfg = Release|Any CPU
		{167B88AF-E3EE-4005-A266-F4D712B3BC62}.Release|Mixed Platforms.Build.0 = Release|Any CPU
		{167B88AF-E3EE-4005-A266-F4D712B3BC62}.Release|x64.ActiveCfg = Release|Any CPU
		{167B88AF-E3EE-4005-A266-F4D712B3BC62}.Release|x86.ActiveCfg = Release|Any CPU
		{167B88AF-E3EE-4005-A266-F4D712B3BC62}.Release|x86.Build.0 = Release|Any CPU
		{167B88AF-E3EE-4005-A266-F4D712B3BC62}.Trial|Any CPU.ActiveCfg = Trial|Any CPU
		{167B88AF-E3EE-4005-A266-F4D712B3BC62}.Trial|Any CPU.Build.0 = Trial|Any CPU
		{167B88AF-E3EE-4005-A266-F4D712B3BC62}.Trial|Mixed Platforms.ActiveCfg = Trial|Any CPU
		{167B88AF-E3EE-4005-A266-F4D712B3BC62}.Trial|Mixed Platforms.Build.0 = Trial|Any CPU
		{167B88AF-E3EE-4005-A266-F4D712B3BC62}.Trial|x64.ActiveCfg = Trial|Any CPU
		{167B88AF-E3EE-4005-A266-F4D712B3BC62}.Trial|x86.ActiveCfg = Trial|Any CPU
		{167B88AF-E3EE-4005-A266-F4D712B3BC62}.Trial|x86.Build.0 = Trial|Any CPU
		{25D6354D-840A-471F-A78E-4515A28A82B1}.Debug|Any CPU.ActiveCfg = Debug|x86
		{25D6354D-840A-471F-A78E-4515A28A82B1}.Debug|Any CPU.Build.0 = Debug|x86
		{25D6354D-840A-471F-A78E-4515A28A82B1}.Debug|Mixed Platforms.ActiveCfg = Debug|x86
		{25D6354D-840A-471F-A78E-4515A28A82B1}.Debug|Mixed Platforms.Build.0 = Debug|x86
		{25D6354D-840A-471F-A78E-4515A28A82B1}.Debug|x64.ActiveCfg = Debug|x86
		{25D6354D-840A-471F-A78E-4515A28A82B1}.Debug|x86.ActiveCfg = Debug|x86
		{25D6354D-840A-471F-A78E-4515A28A82B1}.Debug|x86.Build.0 = Debug|x86
		{25D6354D-840A-471F-A78E-4515A28A82B1}.Release|Any CPU.ActiveCfg = Release|x86
		{25D6354D-840A-471F-A78E-4515A28A82B1}.Release|Any CPU.Build.0 = Release|x86
		{25D6354D-840A-471F-A78E-4515A28A82B1}.Release|Mixed Platforms.ActiveCfg = Release|x86
		{25D6354D-840A-471F-A78E-4515A28A82B1}.Release|Mixed Platforms.Build.0 = Release|x86
		{25D6354D-840A-471F-A78E-4515A28A82B1}.Release|x64.ActiveCfg = Release|x86
		{25D6354D-840A-471F-A78E-4515A28A82B1}.Release|x86.ActiveCfg = Debug|x86
		{25D6354D-840A-471F-A78E-4515A28A82B1}.Release|x86.Build.0 = Debug|x86
		{25D6354D-840A-471F-A78E-4515A28A82B1}.Trial|Any CPU.ActiveCfg = Release|x86
		{25D6354D-840A-471F-A78E-4515A28A82B1}.Trial|Mixed Platforms.ActiveCfg = Release|x86
		{25D6354D-840A-471F-A78E-4515A28A82B1}.Trial|Mixed Platforms.Build.0 = Release|x86
		{25D6354D-840A-471F-A78E-4515A28A82B1}.Trial|x64.ActiveCfg = Release|x86
		{25D6354D-840A-471F-A78E-4515A28A82B1}.Trial|x86.ActiveCfg = Release|x86
		{25D6354D-840A-471F-A78E-4515A28A82B1}.Trial|x86.Build.0 = Release|x86
		{6598A7CD-8F27-4D3F-A675-5AE63113A7C3}.Debug|Any CPU.ActiveCfg = Debug|Any CPU
		{6598A7CD-8F27-4D3F-A675-5AE63113A7C3}.Debug|Any CPU.Build.0 = Debug|Any CPU
		{6598A7CD-8F27-4D3F-A675-5AE63113A7C3}.Debug|Mixed Platforms.ActiveCfg = Debug|Any CPU
		{6598A7CD-8F27-4D3F-A675-5AE63113A7C3}.Debug|Mixed Platforms.Build.0 = Debug|Any CPU
		{6598A7CD-8F27-4D3F-A675-5AE63113A7C3}.Debug|x64.ActiveCfg = Debug|x64
		{6598A7CD-8F27-4D3F-A675-5AE63113A7C3}.Debug|x64.Build.0 = Debug|x64
		{6598A7CD-8F27-4D3F-A675-5AE63113A7C3}.Debug|x86.ActiveCfg = Debug|x86
		{6598A7CD-8F27-4D3F-A675-5AE63113A7C3}.Debug|x86.Build.0 = Debug|x86
		{6598A7CD-8F27-4D3F-A675-5AE63113A7C3}.Release|Any CPU.ActiveCfg = Release|Any CPU
		{6598A7CD-8F27-4D3F-A675-5AE63113A7C3}.Release|Any CPU.Build.0 = Release|Any CPU
		{6598A7CD-8F27-4D3F-A675-5AE63113A7C3}.Release|Mixed Platforms.ActiveCfg = Release|Any CPU
		{6598A7CD-8F27-4D3F-A675-5AE63113A7C3}.Release|Mixed Platforms.Build.0 = Release|Any CPU
		{6598A7CD-8F27-4D3F-A675-5AE63113A7C3}.Release|x64.ActiveCfg = Release|x64
		{6598A7CD-8F27-4D3F-A675-5AE63113A7C3}.Release|x64.Build.0 = Release|x64
		{6598A7CD-8F27-4D3F-A675-5AE63113A7C3}.Release|x86.ActiveCfg = Release|x86
		{6598A7CD-8F27-4D3F-A675-5AE63113A7C3}.Release|x86.Build.0 = Release|x86
		{6598A7CD-8F27-4D3F-A675-5AE63113A7C3}.Trial|Any CPU.ActiveCfg = Release|Any CPU
		{6598A7CD-8F27-4D3F-A675-5AE63113A7C3}.Trial|Any CPU.Build.0 = Release|Any CPU
		{6598A7CD-8F27-4D3F-A675-5AE63113A7C3}.Trial|Mixed Platforms.ActiveCfg = Release|Any CPU
		{6598A7CD-8F27-4D3F-A675-5AE63113A7C3}.Trial|Mixed Platforms.Build.0 = Release|Any CPU
		{6598A7CD-8F27-4D3F-A675-5AE63113A7C3}.Trial|x64.ActiveCfg = Release|x64
		{6598A7CD-8F27-4D3F-A675-5AE63113A7C3}.Trial|x64.Build.0 = Release|x64
		{6598A7CD-8F27-4D3F-A675-5AE63113A7C3}.Trial|x86.ActiveCfg = Release|x64
		{8E863AFE-B4CF-46AA-8382-0C3547C0EDE9}.Debug|Any CPU.ActiveCfg = Debug|Any CPU
		{8E863AFE-B4CF-46AA-8382-0C3547C0EDE9}.Debug|Any CPU.Build.0 = Debug|Any CPU
		{8E863AFE-B4CF-46AA-8382-0C3547C0EDE9}.Debug|Mixed Platforms.ActiveCfg = Debug|Any CPU
		{8E863AFE-B4CF-46AA-8382-0C3547C0EDE9}.Debug|Mixed Platforms.Build.0 = Debug|Any CPU
		{8E863AFE-B4CF-46AA-8382-0C3547C0EDE9}.Debug|x64.ActiveCfg = Debug|Any CPU
		{8E863AFE-B4CF-46AA-8382-0C3547C0EDE9}.Debug|x86.ActiveCfg = Debug|Any CPU
		{8E863AFE-B4CF-46AA-8382-0C3547C0EDE9}.Release|Any CPU.ActiveCfg = Release|Any CPU
		{8E863AFE-B4CF-46AA-8382-0C3547C0EDE9}.Release|Any CPU.Build.0 = Release|Any CPU
		{8E863AFE-B4CF-46AA-8382-0C3547C0EDE9}.Release|Mixed Platforms.ActiveCfg = Release|Any CPU
		{8E863AFE-B4CF-46AA-8382-0C3547C0EDE9}.Release|Mixed Platforms.Build.0 = Release|Any CPU
		{8E863AFE-B4CF-46AA-8382-0C3547C0EDE9}.Release|x64.ActiveCfg = Release|Any CPU
		{8E863AFE-B4CF-46AA-8382-0C3547C0EDE9}.Release|x86.ActiveCfg = Release|Any CPU
		{8E863AFE-B4CF-46AA-8382-0C3547C0EDE9}.Trial|Any CPU.ActiveCfg = Trial|Any CPU
		{8E863AFE-B4CF-46AA-8382-0C3547C0EDE9}.Trial|Any CPU.Build.0 = Trial|Any CPU
		{8E863AFE-B4CF-46AA-8382-0C3547C0EDE9}.Trial|Mixed Platforms.ActiveCfg = Trial|Any CPU
		{8E863AFE-B4CF-46AA-8382-0C3547C0EDE9}.Trial|Mixed Platforms.Build.0 = Trial|Any CPU
		{8E863AFE-B4CF-46AA-8382-0C3547C0EDE9}.Trial|x64.ActiveCfg = Release|Any CPU
		{8E863AFE-B4CF-46AA-8382-0C3547C0EDE9}.Trial|x86.ActiveCfg = Release|Any CPU
		{DB6A1DE3-FAEB-451B-8EDB-D557B149BC8A}.Debug|Any CPU.ActiveCfg = Debug|Any CPU
		{DB6A1DE3-FAEB-451B-8EDB-D557B149BC8A}.Debug|Any CPU.Build.0 = Debug|Any CPU
		{DB6A1DE3-FAEB-451B-8EDB-D557B149BC8A}.Debug|Mixed Platforms.ActiveCfg = Debug|Any CPU
		{DB6A1DE3-FAEB-451B-8EDB-D557B149BC8A}.Debug|Mixed Platforms.Build.0 = Debug|Any CPU
		{DB6A1DE3-FAEB-451B-8EDB-D557B149BC8A}.Debug|x64.ActiveCfg = Debug|Any CPU
		{DB6A1DE3-FAEB-451B-8EDB-D557B149BC8A}.Debug|x86.ActiveCfg = Debug|Any CPU
		{DB6A1DE3-FAEB-451B-8EDB-D557B149BC8A}.Release|Any CPU.ActiveCfg = Release|Any CPU
		{DB6A1DE3-FAEB-451B-8EDB-D557B149BC8A}.Release|Any CPU.Build.0 = Release|Any CPU
		{DB6A1DE3-FAEB-451B-8EDB-D557B149BC8A}.Release|Mixed Platforms.ActiveCfg = Release|Any CPU
		{DB6A1DE3-FAEB-451B-8EDB-D557B149BC8A}.Release|Mixed Platforms.Build.0 = Release|Any CPU
		{DB6A1DE3-FAEB-451B-8EDB-D557B149BC8A}.Release|x64.ActiveCfg = Release|Any CPU
		{DB6A1DE3-FAEB-451B-8EDB-D557B149BC8A}.Release|x86.ActiveCfg = Release|Any CPU
		{DB6A1DE3-FAEB-451B-8EDB-D557B149BC8A}.Trial|Any CPU.ActiveCfg = Release|Any CPU
		{DB6A1DE3-FAEB-451B-8EDB-D557B149BC8A}.Trial|Any CPU.Build.0 = Release|Any CPU
		{DB6A1DE3-FAEB-451B-8EDB-D557B149BC8A}.Trial|Mixed Platforms.ActiveCfg = Release|Any CPU
		{DB6A1DE3-FAEB-451B-8EDB-D557B149BC8A}.Trial|Mixed Platforms.Build.0 = Release|Any CPU
		{DB6A1DE3-FAEB-451B-8EDB-D557B149BC8A}.Trial|x64.ActiveCfg = Release|Any CPU
		{DB6A1DE3-FAEB-451B-8EDB-D557B149BC8A}.Trial|x86.ActiveCfg = Release|Any CPU
		{10E04BAD-889B-4C01-BA0B-FAC7EF63B859}.Debug|Any CPU.ActiveCfg = Debug|Any CPU
		{10E04BAD-889B-4C01-BA0B-FAC7EF63B859}.Debug|Any CPU.Build.0 = Debug|Any CPU
		{10E04BAD-889B-4C01-BA0B-FAC7EF63B859}.Debug|Mixed Platforms.ActiveCfg = Debug|Any CPU
		{10E04BAD-889B-4C01-BA0B-FAC7EF63B859}.Debug|Mixed Platforms.Build.0 = Debug|Any CPU
		{10E04BAD-889B-4C01-BA0B-FAC7EF63B859}.Debug|x64.ActiveCfg = Debug|Any CPU
		{10E04BAD-889B-4C01-BA0B-FAC7EF63B859}.Debug|x86.ActiveCfg = Debug|Any CPU
		{10E04BAD-889B-4C01-BA0B-FAC7EF63B859}.Release|Any CPU.ActiveCfg = Release|Any CPU
		{10E04BAD-889B-4C01-BA0B-FAC7EF63B859}.Release|Any CPU.Build.0 = Release|Any CPU
		{10E04BAD-889B-4C01-BA0B-FAC7EF63B859}.Release|Mixed Platforms.ActiveCfg = Release|Any CPU
		{10E04BAD-889B-4C01-BA0B-FAC7EF63B859}.Release|Mixed Platforms.Build.0 = Release|Any CPU
		{10E04BAD-889B-4C01-BA0B-FAC7EF63B859}.Release|x64.ActiveCfg = Release|Any CPU
		{10E04BAD-889B-4C01-BA0B-FAC7EF63B859}.Release|x86.ActiveCfg = Release|Any CPU
		{10E04BAD-889B-4C01-BA0B-FAC7EF63B859}.Trial|Any CPU.ActiveCfg = Release|Any CPU
		{10E04BAD-889B-4C01-BA0B-FAC7EF63B859}.Trial|Any CPU.Build.0 = Release|Any CPU
		{10E04BAD-889B-4C01-BA0B-FAC7EF63B859}.Trial|Mixed Platforms.ActiveCfg = Release|Any CPU
		{10E04BAD-889B-4C01-BA0B-FAC7EF63B859}.Trial|Mixed Platforms.Build.0 = Release|Any CPU
		{10E04BAD-889B-4C01-BA0B-FAC7EF63B859}.Trial|x64.ActiveCfg = Release|Any CPU
		{10E04BAD-889B-4C01-BA0B-FAC7EF63B859}.Trial|x86.ActiveCfg = Release|Any CPU
		{4A55B40D-1E0D-4D1F-8D96-25F624847E53}.Debug|Any CPU.ActiveCfg = Debug|Any CPU
		{4A55B40D-1E0D-4D1F-8D96-25F624847E53}.Debug|Any CPU.Build.0 = Debug|Any CPU
		{4A55B40D-1E0D-4D1F-8D96-25F624847E53}.Debug|Mixed Platforms.ActiveCfg = Debug|Any CPU
		{4A55B40D-1E0D-4D1F-8D96-25F624847E53}.Debug|Mixed Platforms.Build.0 = Debug|Any CPU
		{4A55B40D-1E0D-4D1F-8D96-25F624847E53}.Debug|x64.ActiveCfg = Debug|Any CPU
		{4A55B40D-1E0D-4D1F-8D96-25F624847E53}.Debug|x86.ActiveCfg = Debug|Any CPU
		{4A55B40D-1E0D-4D1F-8D96-25F624847E53}.Release|Any CPU.ActiveCfg = Release|Any CPU
		{4A55B40D-1E0D-4D1F-8D96-25F624847E53}.Release|Any CPU.Build.0 = Release|Any CPU
		{4A55B40D-1E0D-4D1F-8D96-25F624847E53}.Release|Mixed Platforms.ActiveCfg = Release|Any CPU
		{4A55B40D-1E0D-4D1F-8D96-25F624847E53}.Release|Mixed Platforms.Build.0 = Release|Any CPU
		{4A55B40D-1E0D-4D1F-8D96-25F624847E53}.Release|x64.ActiveCfg = Release|Any CPU
		{4A55B40D-1E0D-4D1F-8D96-25F624847E53}.Release|x86.ActiveCfg = Release|Any CPU
		{4A55B40D-1E0D-4D1F-8D96-25F624847E53}.Trial|Any CPU.ActiveCfg = Trial|Any CPU
		{4A55B40D-1E0D-4D1F-8D96-25F624847E53}.Trial|Any CPU.Build.0 = Trial|Any CPU
		{4A55B40D-1E0D-4D1F-8D96-25F624847E53}.Trial|Mixed Platforms.ActiveCfg = Trial|Any CPU
		{4A55B40D-1E0D-4D1F-8D96-25F624847E53}.Trial|Mixed Platforms.Build.0 = Trial|Any CPU
		{4A55B40D-1E0D-4D1F-8D96-25F624847E53}.Trial|x64.ActiveCfg = Release|Any CPU
		{4A55B40D-1E0D-4D1F-8D96-25F624847E53}.Trial|x86.ActiveCfg = Release|Any CPU
		{BC40DDCE-96BB-41AF-9D3C-6CF4861E3408}.Debug|Any CPU.ActiveCfg = Debug|Any CPU
		{BC40DDCE-96BB-41AF-9D3C-6CF4861E3408}.Debug|Any CPU.Build.0 = Debug|Any CPU
		{BC40DDCE-96BB-41AF-9D3C-6CF4861E3408}.Debug|Mixed Platforms.ActiveCfg = Debug|Any CPU
		{BC40DDCE-96BB-41AF-9D3C-6CF4861E3408}.Debug|Mixed Platforms.Build.0 = Debug|Any CPU
		{BC40DDCE-96BB-41AF-9D3C-6CF4861E3408}.Debug|x64.ActiveCfg = Debug|Any CPU
		{BC40DDCE-96BB-41AF-9D3C-6CF4861E3408}.Debug|x86.ActiveCfg = Debug|Any CPU
		{BC40DDCE-96BB-41AF-9D3C-6CF4861E3408}.Release|Any CPU.ActiveCfg = Release|Any CPU
		{BC40DDCE-96BB-41AF-9D3C-6CF4861E3408}.Release|Any CPU.Build.0 = Release|Any CPU
		{BC40DDCE-96BB-41AF-9D3C-6CF4861E3408}.Release|Mixed Platforms.ActiveCfg = Release|Any CPU
		{BC40DDCE-96BB-41AF-9D3C-6CF4861E3408}.Release|Mixed Platforms.Build.0 = Release|Any CPU
		{BC40DDCE-96BB-41AF-9D3C-6CF4861E3408}.Release|x64.ActiveCfg = Release|Any CPU
		{BC40DDCE-96BB-41AF-9D3C-6CF4861E3408}.Release|x86.ActiveCfg = Release|Any CPU
		{BC40DDCE-96BB-41AF-9D3C-6CF4861E3408}.Trial|Any CPU.ActiveCfg = Trial|Any CPU
		{BC40DDCE-96BB-41AF-9D3C-6CF4861E3408}.Trial|Any CPU.Build.0 = Trial|Any CPU
		{BC40DDCE-96BB-41AF-9D3C-6CF4861E3408}.Trial|Mixed Platforms.ActiveCfg = Trial|Any CPU
		{BC40DDCE-96BB-41AF-9D3C-6CF4861E3408}.Trial|Mixed Platforms.Build.0 = Trial|Any CPU
		{BC40DDCE-96BB-41AF-9D3C-6CF4861E3408}.Trial|x64.ActiveCfg = Trial|Any CPU
		{BC40DDCE-96BB-41AF-9D3C-6CF4861E3408}.Trial|x86.ActiveCfg = Trial|Any CPU
		{C8D43F4E-103E-4CD7-B0D9-E97D9F708003}.Debug|Any CPU.ActiveCfg = Debug|Any CPU
		{C8D43F4E-103E-4CD7-B0D9-E97D9F708003}.Debug|Any CPU.Build.0 = Debug|Any CPU
		{C8D43F4E-103E-4CD7-B0D9-E97D9F708003}.Debug|Mixed Platforms.ActiveCfg = Debug|Any CPU
		{C8D43F4E-103E-4CD7-B0D9-E97D9F708003}.Debug|Mixed Platforms.Build.0 = Debug|Any CPU
		{C8D43F4E-103E-4CD7-B0D9-E97D9F708003}.Debug|x64.ActiveCfg = Debug|Any CPU
		{C8D43F4E-103E-4CD7-B0D9-E97D9F708003}.Debug|x86.ActiveCfg = Debug|Any CPU
		{C8D43F4E-103E-4CD7-B0D9-E97D9F708003}.Release|Any CPU.ActiveCfg = Release|Any CPU
		{C8D43F4E-103E-4CD7-B0D9-E97D9F708003}.Release|Any CPU.Build.0 = Release|Any CPU
		{C8D43F4E-103E-4CD7-B0D9-E97D9F708003}.Release|Mixed Platforms.ActiveCfg = Release|Any CPU
		{C8D43F4E-103E-4CD7-B0D9-E97D9F708003}.Release|Mixed Platforms.Build.0 = Release|Any CPU
		{C8D43F4E-103E-4CD7-B0D9-E97D9F708003}.Release|x64.ActiveCfg = Release|Any CPU
		{C8D43F4E-103E-4CD7-B0D9-E97D9F708003}.Release|x86.ActiveCfg = Release|Any CPU
		{C8D43F4E-103E-4CD7-B0D9-E97D9F708003}.Trial|Any CPU.ActiveCfg = Trial|Any CPU
		{C8D43F4E-103E-4CD7-B0D9-E97D9F708003}.Trial|Any CPU.Build.0 = Trial|Any CPU
		{C8D43F4E-103E-4CD7-B0D9-E97D9F708003}.Trial|Mixed Platforms.ActiveCfg = Trial|Any CPU
		{C8D43F4E-103E-4CD7-B0D9-E97D9F708003}.Trial|Mixed Platforms.Build.0 = Trial|Any CPU
		{C8D43F4E-103E-4CD7-B0D9-E97D9F708003}.Trial|x64.ActiveCfg = Trial|Any CPU
		{C8D43F4E-103E-4CD7-B0D9-E97D9F708003}.Trial|x86.ActiveCfg = Trial|Any CPU
		{054D5D5D-1041-4F03-B5E4-BFF0441586FA}.Debug|Any CPU.ActiveCfg = Debug|Any CPU
		{054D5D5D-1041-4F03-B5E4-BFF0441586FA}.Debug|Any CPU.Build.0 = Debug|Any CPU
		{054D5D5D-1041-4F03-B5E4-BFF0441586FA}.Debug|Mixed Platforms.ActiveCfg = Debug|Any CPU
		{054D5D5D-1041-4F03-B5E4-BFF0441586FA}.Debug|Mixed Platforms.Build.0 = Debug|Any CPU
		{054D5D5D-1041-4F03-B5E4-BFF0441586FA}.Debug|x64.ActiveCfg = Debug|Any CPU
		{054D5D5D-1041-4F03-B5E4-BFF0441586FA}.Debug|x86.ActiveCfg = Debug|Any CPU
		{054D5D5D-1041-4F03-B5E4-BFF0441586FA}.Release|Any CPU.ActiveCfg = Release|Any CPU
		{054D5D5D-1041-4F03-B5E4-BFF0441586FA}.Release|Any CPU.Build.0 = Release|Any CPU
		{054D5D5D-1041-4F03-B5E4-BFF0441586FA}.Release|Mixed Platforms.ActiveCfg = Release|Any CPU
		{054D5D5D-1041-4F03-B5E4-BFF0441586FA}.Release|Mixed Platforms.Build.0 = Release|Any CPU
		{054D5D5D-1041-4F03-B5E4-BFF0441586FA}.Release|x64.ActiveCfg = Release|Any CPU
		{054D5D5D-1041-4F03-B5E4-BFF0441586FA}.Release|x86.ActiveCfg = Release|Any CPU
		{054D5D5D-1041-4F03-B5E4-BFF0441586FA}.Trial|Any CPU.ActiveCfg = Release|Any CPU
		{054D5D5D-1041-4F03-B5E4-BFF0441586FA}.Trial|Any CPU.Build.0 = Release|Any CPU
		{054D5D5D-1041-4F03-B5E4-BFF0441586FA}.Trial|Mixed Platforms.ActiveCfg = Release|Any CPU
		{054D5D5D-1041-4F03-B5E4-BFF0441586FA}.Trial|Mixed Platforms.Build.0 = Release|Any CPU
		{054D5D5D-1041-4F03-B5E4-BFF0441586FA}.Trial|x64.ActiveCfg = Release|Any CPU
		{054D5D5D-1041-4F03-B5E4-BFF0441586FA}.Trial|x86.ActiveCfg = Release|Any CPU
		{6FDAE8BF-8629-47A8-86F6-67774B78C3FA}.Debug|Any CPU.ActiveCfg = Debug|Any CPU
		{6FDAE8BF-8629-47A8-86F6-67774B78C3FA}.Debug|Any CPU.Build.0 = Debug|Any CPU
		{6FDAE8BF-8629-47A8-86F6-67774B78C3FA}.Debug|Mixed Platforms.ActiveCfg = Debug|Any CPU
		{6FDAE8BF-8629-47A8-86F6-67774B78C3FA}.Debug|Mixed Platforms.Build.0 = Debug|Any CPU
		{6FDAE8BF-8629-47A8-86F6-67774B78C3FA}.Debug|x64.ActiveCfg = Debug|Any CPU
		{6FDAE8BF-8629-47A8-86F6-67774B78C3FA}.Debug|x86.ActiveCfg = Debug|Any CPU
		{6FDAE8BF-8629-47A8-86F6-67774B78C3FA}.Release|Any CPU.ActiveCfg = Release|Any CPU
		{6FDAE8BF-8629-47A8-86F6-67774B78C3FA}.Release|Any CPU.Build.0 = Release|Any CPU
		{6FDAE8BF-8629-47A8-86F6-67774B78C3FA}.Release|Mixed Platforms.ActiveCfg = Release|Any CPU
		{6FDAE8BF-8629-47A8-86F6-67774B78C3FA}.Release|Mixed Platforms.Build.0 = Release|Any CPU
		{6FDAE8BF-8629-47A8-86F6-67774B78C3FA}.Release|x64.ActiveCfg = Release|Any CPU
		{6FDAE8BF-8629-47A8-86F6-67774B78C3FA}.Release|x86.ActiveCfg = Release|Any CPU
		{6FDAE8BF-8629-47A8-86F6-67774B78C3FA}.Trial|Any CPU.ActiveCfg = Trial|Any CPU
		{6FDAE8BF-8629-47A8-86F6-67774B78C3FA}.Trial|Any CPU.Build.0 = Trial|Any CPU
		{6FDAE8BF-8629-47A8-86F6-67774B78C3FA}.Trial|Mixed Platforms.ActiveCfg = Trial|Any CPU
		{6FDAE8BF-8629-47A8-86F6-67774B78C3FA}.Trial|Mixed Platforms.Build.0 = Trial|Any CPU
		{6FDAE8BF-8629-47A8-86F6-67774B78C3FA}.Trial|x64.ActiveCfg = Trial|Any CPU
		{6FDAE8BF-8629-47A8-86F6-67774B78C3FA}.Trial|x86.ActiveCfg = Trial|Any CPU
		{144686D8-7820-4BEE-9325-60C4E998C2B0}.Debug|Any CPU.ActiveCfg = Debug|Any CPU
		{144686D8-7820-4BEE-9325-60C4E998C2B0}.Debug|Any CPU.Build.0 = Debug|Any CPU
		{144686D8-7820-4BEE-9325-60C4E998C2B0}.Debug|Mixed Platforms.ActiveCfg = Debug|Any CPU
		{144686D8-7820-4BEE-9325-60C4E998C2B0}.Debug|Mixed Platforms.Build.0 = Debug|Any CPU
		{144686D8-7820-4BEE-9325-60C4E998C2B0}.Debug|x64.ActiveCfg = Debug|Any CPU
		{144686D8-7820-4BEE-9325-60C4E998C2B0}.Debug|x86.ActiveCfg = Debug|Any CPU
		{144686D8-7820-4BEE-9325-60C4E998C2B0}.Release|Any CPU.ActiveCfg = Release|Any CPU
		{144686D8-7820-4BEE-9325-60C4E998C2B0}.Release|Any CPU.Build.0 = Release|Any CPU
		{144686D8-7820-4BEE-9325-60C4E998C2B0}.Release|Mixed Platforms.ActiveCfg = Release|Any CPU
		{144686D8-7820-4BEE-9325-60C4E998C2B0}.Release|Mixed Platforms.Build.0 = Release|Any CPU
		{144686D8-7820-4BEE-9325-60C4E998C2B0}.Release|x64.ActiveCfg = Release|Any CPU
		{144686D8-7820-4BEE-9325-60C4E998C2B0}.Release|x86.ActiveCfg = Release|Any CPU
		{144686D8-7820-4BEE-9325-60C4E998C2B0}.Trial|Any CPU.ActiveCfg = Release|Any CPU
		{144686D8-7820-4BEE-9325-60C4E998C2B0}.Trial|Any CPU.Build.0 = Release|Any CPU
		{144686D8-7820-4BEE-9325-60C4E998C2B0}.Trial|Mixed Platforms.ActiveCfg = Release|Any CPU
		{144686D8-7820-4BEE-9325-60C4E998C2B0}.Trial|Mixed Platforms.Build.0 = Release|Any CPU
		{144686D8-7820-4BEE-9325-60C4E998C2B0}.Trial|x64.ActiveCfg = Release|Any CPU
		{144686D8-7820-4BEE-9325-60C4E998C2B0}.Trial|x86.ActiveCfg = Release|Any CPU
		{E7637D84-D86B-4D37-9835-8DF374539693}.Debug|Any CPU.ActiveCfg = Debug|Any CPU
		{E7637D84-D86B-4D37-9835-8DF374539693}.Debug|Any CPU.Build.0 = Debug|Any CPU
		{E7637D84-D86B-4D37-9835-8DF374539693}.Debug|Mixed Platforms.ActiveCfg = Debug|Any CPU
		{E7637D84-D86B-4D37-9835-8DF374539693}.Debug|Mixed Platforms.Build.0 = Debug|Any CPU
		{E7637D84-D86B-4D37-9835-8DF374539693}.Debug|x64.ActiveCfg = Debug|Any CPU
		{E7637D84-D86B-4D37-9835-8DF374539693}.Debug|x86.ActiveCfg = Debug|Any CPU
		{E7637D84-D86B-4D37-9835-8DF374539693}.Release|Any CPU.ActiveCfg = Release|Any CPU
		{E7637D84-D86B-4D37-9835-8DF374539693}.Release|Any CPU.Build.0 = Release|Any CPU
		{E7637D84-D86B-4D37-9835-8DF374539693}.Release|Mixed Platforms.ActiveCfg = Release|Any CPU
		{E7637D84-D86B-4D37-9835-8DF374539693}.Release|Mixed Platforms.Build.0 = Release|Any CPU
		{E7637D84-D86B-4D37-9835-8DF374539693}.Release|x64.ActiveCfg = Release|Any CPU
		{E7637D84-D86B-4D37-9835-8DF374539693}.Release|x86.ActiveCfg = Release|Any CPU
		{E7637D84-D86B-4D37-9835-8DF374539693}.Trial|Any CPU.ActiveCfg = Release|Any CPU
		{E7637D84-D86B-4D37-9835-8DF374539693}.Trial|Any CPU.Build.0 = Release|Any CPU
		{E7637D84-D86B-4D37-9835-8DF374539693}.Trial|Mixed Platforms.ActiveCfg = Trial|Any CPU
		{E7637D84-D86B-4D37-9835-8DF374539693}.Trial|Mixed Platforms.Build.0 = Trial|Any CPU
		{E7637D84-D86B-4D37-9835-8DF374539693}.Trial|x64.ActiveCfg = Release|Any CPU
		{E7637D84-D86B-4D37-9835-8DF374539693}.Trial|x86.ActiveCfg = Release|Any CPU
		{41E1FB1A-826B-4C35-9034-8C44D2402941}.Debug|Any CPU.ActiveCfg = Debug|Any CPU
		{41E1FB1A-826B-4C35-9034-8C44D2402941}.Debug|Any CPU.Build.0 = Debug|Any CPU
		{41E1FB1A-826B-4C35-9034-8C44D2402941}.Debug|Mixed Platforms.ActiveCfg = Debug|Any CPU
		{41E1FB1A-826B-4C35-9034-8C44D2402941}.Debug|Mixed Platforms.Build.0 = Debug|Any CPU
		{41E1FB1A-826B-4C35-9034-8C44D2402941}.Debug|x64.ActiveCfg = Debug|Any CPU
		{41E1FB1A-826B-4C35-9034-8C44D2402941}.Debug|x86.ActiveCfg = Debug|Any CPU
		{41E1FB1A-826B-4C35-9034-8C44D2402941}.Release|Any CPU.ActiveCfg = Release|Any CPU
		{41E1FB1A-826B-4C35-9034-8C44D2402941}.Release|Any CPU.Build.0 = Release|Any CPU
		{41E1FB1A-826B-4C35-9034-8C44D2402941}.Release|Mixed Platforms.ActiveCfg = Release|Any CPU
		{41E1FB1A-826B-4C35-9034-8C44D2402941}.Release|Mixed Platforms.Build.0 = Release|Any CPU
		{41E1FB1A-826B-4C35-9034-8C44D2402941}.Release|x64.ActiveCfg = Release|Any CPU
		{41E1FB1A-826B-4C35-9034-8C44D2402941}.Release|x86.ActiveCfg = Release|Any CPU
		{41E1FB1A-826B-4C35-9034-8C44D2402941}.Trial|Any CPU.ActiveCfg = Release|Any CPU
		{41E1FB1A-826B-4C35-9034-8C44D2402941}.Trial|Any CPU.Build.0 = Release|Any CPU
		{41E1FB1A-826B-4C35-9034-8C44D2402941}.Trial|Mixed Platforms.ActiveCfg = Trial|Any CPU
		{41E1FB1A-826B-4C35-9034-8C44D2402941}.Trial|Mixed Platforms.Build.0 = Trial|Any CPU
		{41E1FB1A-826B-4C35-9034-8C44D2402941}.Trial|x64.ActiveCfg = Release|Any CPU
		{41E1FB1A-826B-4C35-9034-8C44D2402941}.Trial|x86.ActiveCfg = Release|Any CPU
		{3A7C958A-626D-43EA-BDAD-42943E192AF8}.Debug|Any CPU.ActiveCfg = Debug|Any CPU
		{3A7C958A-626D-43EA-BDAD-42943E192AF8}.Debug|Any CPU.Build.0 = Debug|Any CPU
		{3A7C958A-626D-43EA-BDAD-42943E192AF8}.Debug|Mixed Platforms.ActiveCfg = Debug|Any CPU
		{3A7C958A-626D-43EA-BDAD-42943E192AF8}.Debug|Mixed Platforms.Build.0 = Debug|Any CPU
		{3A7C958A-626D-43EA-BDAD-42943E192AF8}.Debug|x64.ActiveCfg = Debug|Any CPU
		{3A7C958A-626D-43EA-BDAD-42943E192AF8}.Debug|x86.ActiveCfg = Debug|Any CPU
		{3A7C958A-626D-43EA-BDAD-42943E192AF8}.Release|Any CPU.ActiveCfg = Release|Any CPU
		{3A7C958A-626D-43EA-BDAD-42943E192AF8}.Release|Any CPU.Build.0 = Release|Any CPU
		{3A7C958A-626D-43EA-BDAD-42943E192AF8}.Release|Mixed Platforms.ActiveCfg = Release|Any CPU
		{3A7C958A-626D-43EA-BDAD-42943E192AF8}.Release|Mixed Platforms.Build.0 = Release|Any CPU
		{3A7C958A-626D-43EA-BDAD-42943E192AF8}.Release|x64.ActiveCfg = Release|Any CPU
		{3A7C958A-626D-43EA-BDAD-42943E192AF8}.Release|x86.ActiveCfg = Release|Any CPU
		{3A7C958A-626D-43EA-BDAD-42943E192AF8}.Trial|Any CPU.ActiveCfg = Trial|Any CPU
		{3A7C958A-626D-43EA-BDAD-42943E192AF8}.Trial|Any CPU.Build.0 = Trial|Any CPU
		{3A7C958A-626D-43EA-BDAD-42943E192AF8}.Trial|Mixed Platforms.ActiveCfg = Trial|Any CPU
		{3A7C958A-626D-43EA-BDAD-42943E192AF8}.Trial|Mixed Platforms.Build.0 = Trial|Any CPU
		{3A7C958A-626D-43EA-BDAD-42943E192AF8}.Trial|x64.ActiveCfg = Trial|Any CPU
		{3A7C958A-626D-43EA-BDAD-42943E192AF8}.Trial|x86.ActiveCfg = Trial|Any CPU
		{AC318404-15F2-4187-A7B1-AFE4E2798DE6}.Debug|Any CPU.ActiveCfg = Debug|Any CPU
		{AC318404-15F2-4187-A7B1-AFE4E2798DE6}.Debug|Any CPU.Build.0 = Debug|Any CPU
		{AC318404-15F2-4187-A7B1-AFE4E2798DE6}.Debug|Mixed Platforms.ActiveCfg = Debug|Any CPU
		{AC318404-15F2-4187-A7B1-AFE4E2798DE6}.Debug|Mixed Platforms.Build.0 = Debug|Any CPU
		{AC318404-15F2-4187-A7B1-AFE4E2798DE6}.Debug|x64.ActiveCfg = Debug|Any CPU
		{AC318404-15F2-4187-A7B1-AFE4E2798DE6}.Debug|x86.ActiveCfg = Debug|Any CPU
		{AC318404-15F2-4187-A7B1-AFE4E2798DE6}.Release|Any CPU.ActiveCfg = Release|Any CPU
		{AC318404-15F2-4187-A7B1-AFE4E2798DE6}.Release|Any CPU.Build.0 = Release|Any CPU
		{AC318404-15F2-4187-A7B1-AFE4E2798DE6}.Release|Mixed Platforms.ActiveCfg = Release|Any CPU
		{AC318404-15F2-4187-A7B1-AFE4E2798DE6}.Release|Mixed Platforms.Build.0 = Release|Any CPU
		{AC318404-15F2-4187-A7B1-AFE4E2798DE6}.Release|x64.ActiveCfg = Release|Any CPU
		{AC318404-15F2-4187-A7B1-AFE4E2798DE6}.Release|x86.ActiveCfg = Release|Any CPU
		{AC318404-15F2-4187-A7B1-AFE4E2798DE6}.Trial|Any CPU.ActiveCfg = Trial|Any CPU
		{AC318404-15F2-4187-A7B1-AFE4E2798DE6}.Trial|Any CPU.Build.0 = Trial|Any CPU
		{AC318404-15F2-4187-A7B1-AFE4E2798DE6}.Trial|Mixed Platforms.ActiveCfg = Trial|Any CPU
		{AC318404-15F2-4187-A7B1-AFE4E2798DE6}.Trial|Mixed Platforms.Build.0 = Trial|Any CPU
		{AC318404-15F2-4187-A7B1-AFE4E2798DE6}.Trial|x64.ActiveCfg = Trial|Any CPU
		{AC318404-15F2-4187-A7B1-AFE4E2798DE6}.Trial|x86.ActiveCfg = Trial|Any CPU
		{2F34E4D1-68AF-4F51-B6B8-A806D47B3D35}.Debug|Any CPU.ActiveCfg = Debug|Any CPU
		{2F34E4D1-68AF-4F51-B6B8-A806D47B3D35}.Debug|Any CPU.Build.0 = Debug|Any CPU
		{2F34E4D1-68AF-4F51-B6B8-A806D47B3D35}.Debug|Mixed Platforms.ActiveCfg = Debug|Any CPU
		{2F34E4D1-68AF-4F51-B6B8-A806D47B3D35}.Debug|Mixed Platforms.Build.0 = Debug|Any CPU
		{2F34E4D1-68AF-4F51-B6B8-A806D47B3D35}.Debug|x64.ActiveCfg = Debug|Any CPU
		{2F34E4D1-68AF-4F51-B6B8-A806D47B3D35}.Debug|x86.ActiveCfg = Debug|Any CPU
		{2F34E4D1-68AF-4F51-B6B8-A806D47B3D35}.Release|Any CPU.ActiveCfg = Release|Any CPU
		{2F34E4D1-68AF-4F51-B6B8-A806D47B3D35}.Release|Any CPU.Build.0 = Release|Any CPU
		{2F34E4D1-68AF-4F51-B6B8-A806D47B3D35}.Release|Mixed Platforms.ActiveCfg = Release|Any CPU
		{2F34E4D1-68AF-4F51-B6B8-A806D47B3D35}.Release|Mixed Platforms.Build.0 = Release|Any CPU
		{2F34E4D1-68AF-4F51-B6B8-A806D47B3D35}.Release|x64.ActiveCfg = Release|Any CPU
		{2F34E4D1-68AF-4F51-B6B8-A806D47B3D35}.Release|x86.ActiveCfg = Release|Any CPU
		{2F34E4D1-68AF-4F51-B6B8-A806D47B3D35}.Trial|Any CPU.ActiveCfg = Trial|Any CPU
		{2F34E4D1-68AF-4F51-B6B8-A806D47B3D35}.Trial|Any CPU.Build.0 = Trial|Any CPU
		{2F34E4D1-68AF-4F51-B6B8-A806D47B3D35}.Trial|Mixed Platforms.ActiveCfg = Trial|Any CPU
		{2F34E4D1-68AF-4F51-B6B8-A806D47B3D35}.Trial|Mixed Platforms.Build.0 = Trial|Any CPU
		{2F34E4D1-68AF-4F51-B6B8-A806D47B3D35}.Trial|x64.ActiveCfg = Trial|Any CPU
		{2F34E4D1-68AF-4F51-B6B8-A806D47B3D35}.Trial|x86.ActiveCfg = Trial|Any CPU
		{DF78DF74-D71E-470D-8BE2-D827498E8AF8}.Debug|Any CPU.ActiveCfg = Debug|Any CPU
		{DF78DF74-D71E-470D-8BE2-D827498E8AF8}.Debug|Any CPU.Build.0 = Debug|Any CPU
		{DF78DF74-D71E-470D-8BE2-D827498E8AF8}.Debug|Mixed Platforms.ActiveCfg = Debug|Any CPU
		{DF78DF74-D71E-470D-8BE2-D827498E8AF8}.Debug|Mixed Platforms.Build.0 = Debug|Any CPU
		{DF78DF74-D71E-470D-8BE2-D827498E8AF8}.Debug|x64.ActiveCfg = Debug|Any CPU
		{DF78DF74-D71E-470D-8BE2-D827498E8AF8}.Debug|x86.ActiveCfg = Debug|Any CPU
		{DF78DF74-D71E-470D-8BE2-D827498E8AF8}.Release|Any CPU.ActiveCfg = Release|Any CPU
		{DF78DF74-D71E-470D-8BE2-D827498E8AF8}.Release|Any CPU.Build.0 = Release|Any CPU
		{DF78DF74-D71E-470D-8BE2-D827498E8AF8}.Release|Mixed Platforms.ActiveCfg = Release|Any CPU
		{DF78DF74-D71E-470D-8BE2-D827498E8AF8}.Release|Mixed Platforms.Build.0 = Release|Any CPU
		{DF78DF74-D71E-470D-8BE2-D827498E8AF8}.Release|x64.ActiveCfg = Release|Any CPU
		{DF78DF74-D71E-470D-8BE2-D827498E8AF8}.Release|x86.ActiveCfg = Release|Any CPU
		{DF78DF74-D71E-470D-8BE2-D827498E8AF8}.Trial|Any CPU.ActiveCfg = Release|Any CPU
		{DF78DF74-D71E-470D-8BE2-D827498E8AF8}.Trial|Any CPU.Build.0 = Release|Any CPU
		{DF78DF74-D71E-470D-8BE2-D827498E8AF8}.Trial|Mixed Platforms.ActiveCfg = Trial|Any CPU
		{DF78DF74-D71E-470D-8BE2-D827498E8AF8}.Trial|Mixed Platforms.Build.0 = Trial|Any CPU
		{DF78DF74-D71E-470D-8BE2-D827498E8AF8}.Trial|x64.ActiveCfg = Release|Any CPU
		{DF78DF74-D71E-470D-8BE2-D827498E8AF8}.Trial|x86.ActiveCfg = Release|Any CPU
		{92F607A3-2F04-4536-8346-B6FEF8B774FF}.Debug|Any CPU.ActiveCfg = Debug|Any CPU
		{92F607A3-2F04-4536-8346-B6FEF8B774FF}.Debug|Any CPU.Build.0 = Debug|Any CPU
		{92F607A3-2F04-4536-8346-B6FEF8B774FF}.Debug|Mixed Platforms.ActiveCfg = Debug|Any CPU
		{92F607A3-2F04-4536-8346-B6FEF8B774FF}.Debug|Mixed Platforms.Build.0 = Debug|Any CPU
		{92F607A3-2F04-4536-8346-B6FEF8B774FF}.Debug|x64.ActiveCfg = Debug|Any CPU
		{92F607A3-2F04-4536-8346-B6FEF8B774FF}.Debug|x86.ActiveCfg = Debug|Any CPU
		{92F607A3-2F04-4536-8346-B6FEF8B774FF}.Release|Any CPU.ActiveCfg = Release|Any CPU
		{92F607A3-2F04-4536-8346-B6FEF8B774FF}.Release|Any CPU.Build.0 = Release|Any CPU
		{92F607A3-2F04-4536-8346-B6FEF8B774FF}.Release|Mixed Platforms.ActiveCfg = Release|Any CPU
		{92F607A3-2F04-4536-8346-B6FEF8B774FF}.Release|Mixed Platforms.Build.0 = Release|Any CPU
		{92F607A3-2F04-4536-8346-B6FEF8B774FF}.Release|x64.ActiveCfg = Release|Any CPU
		{92F607A3-2F04-4536-8346-B6FEF8B774FF}.Release|x86.ActiveCfg = Release|Any CPU
		{92F607A3-2F04-4536-8346-B6FEF8B774FF}.Trial|Any CPU.ActiveCfg = Release|Any CPU
		{92F607A3-2F04-4536-8346-B6FEF8B774FF}.Trial|Any CPU.Build.0 = Release|Any CPU
		{92F607A3-2F04-4536-8346-B6FEF8B774FF}.Trial|Mixed Platforms.ActiveCfg = Release|Any CPU
		{92F607A3-2F04-4536-8346-B6FEF8B774FF}.Trial|Mixed Platforms.Build.0 = Release|Any CPU
		{92F607A3-2F04-4536-8346-B6FEF8B774FF}.Trial|x64.ActiveCfg = Release|Any CPU
		{92F607A3-2F04-4536-8346-B6FEF8B774FF}.Trial|x86.ActiveCfg = Release|Any CPU
		{7C8A13F7-5C00-4074-B16E-45D0E231B70D}.Debug|Any CPU.ActiveCfg = Debug|Any CPU
		{7C8A13F7-5C00-4074-B16E-45D0E231B70D}.Debug|Any CPU.Build.0 = Debug|Any CPU
		{7C8A13F7-5C00-4074-B16E-45D0E231B70D}.Debug|Mixed Platforms.ActiveCfg = Debug|Any CPU
		{7C8A13F7-5C00-4074-B16E-45D0E231B70D}.Debug|Mixed Platforms.Build.0 = Debug|Any CPU
		{7C8A13F7-5C00-4074-B16E-45D0E231B70D}.Debug|x64.ActiveCfg = Debug|Any CPU
		{7C8A13F7-5C00-4074-B16E-45D0E231B70D}.Debug|x86.ActiveCfg = Debug|Any CPU
		{7C8A13F7-5C00-4074-B16E-45D0E231B70D}.Release|Any CPU.ActiveCfg = Release|Any CPU
		{7C8A13F7-5C00-4074-B16E-45D0E231B70D}.Release|Any CPU.Build.0 = Release|Any CPU
		{7C8A13F7-5C00-4074-B16E-45D0E231B70D}.Release|Mixed Platforms.ActiveCfg = Release|Any CPU
		{7C8A13F7-5C00-4074-B16E-45D0E231B70D}.Release|Mixed Platforms.Build.0 = Release|Any CPU
		{7C8A13F7-5C00-4074-B16E-45D0E231B70D}.Release|x64.ActiveCfg = Release|Any CPU
		{7C8A13F7-5C00-4074-B16E-45D0E231B70D}.Release|x86.ActiveCfg = Release|Any CPU
		{7C8A13F7-5C00-4074-B16E-45D0E231B70D}.Trial|Any CPU.ActiveCfg = Release|Any CPU
		{7C8A13F7-5C00-4074-B16E-45D0E231B70D}.Trial|Any CPU.Build.0 = Release|Any CPU
		{7C8A13F7-5C00-4074-B16E-45D0E231B70D}.Trial|Mixed Platforms.ActiveCfg = Release|Any CPU
		{7C8A13F7-5C00-4074-B16E-45D0E231B70D}.Trial|Mixed Platforms.Build.0 = Release|Any CPU
		{7C8A13F7-5C00-4074-B16E-45D0E231B70D}.Trial|x64.ActiveCfg = Release|Any CPU
		{7C8A13F7-5C00-4074-B16E-45D0E231B70D}.Trial|x86.ActiveCfg = Release|Any CPU
		{80BB303C-8F55-410C-BA91-342ECC435101}.Debug|Any CPU.ActiveCfg = Debug|Any CPU
		{80BB303C-8F55-410C-BA91-342ECC435101}.Debug|Any CPU.Build.0 = Debug|Any CPU
		{80BB303C-8F55-410C-BA91-342ECC435101}.Debug|Mixed Platforms.ActiveCfg = Debug|Any CPU
		{80BB303C-8F55-410C-BA91-342ECC435101}.Debug|Mixed Platforms.Build.0 = Debug|Any CPU
		{80BB303C-8F55-410C-BA91-342ECC435101}.Debug|x64.ActiveCfg = Debug|Any CPU
		{80BB303C-8F55-410C-BA91-342ECC435101}.Debug|x86.ActiveCfg = Debug|Any CPU
		{80BB303C-8F55-410C-BA91-342ECC435101}.Release|Any CPU.ActiveCfg = Release|Any CPU
		{80BB303C-8F55-410C-BA91-342ECC435101}.Release|Any CPU.Build.0 = Release|Any CPU
		{80BB303C-8F55-410C-BA91-342ECC435101}.Release|Mixed Platforms.ActiveCfg = Release|Any CPU
		{80BB303C-8F55-410C-BA91-342ECC435101}.Release|Mixed Platforms.Build.0 = Release|Any CPU
		{80BB303C-8F55-410C-BA91-342ECC435101}.Release|x64.ActiveCfg = Release|Any CPU
		{80BB303C-8F55-410C-BA91-342ECC435101}.Release|x86.ActiveCfg = Release|Any CPU
		{80BB303C-8F55-410C-BA91-342ECC435101}.Trial|Any CPU.ActiveCfg = Release|Any CPU
		{80BB303C-8F55-410C-BA91-342ECC435101}.Trial|Any CPU.Build.0 = Release|Any CPU
		{80BB303C-8F55-410C-BA91-342ECC435101}.Trial|Mixed Platforms.ActiveCfg = Release|Any CPU
		{80BB303C-8F55-410C-BA91-342ECC435101}.Trial|Mixed Platforms.Build.0 = Release|Any CPU
		{80BB303C-8F55-410C-BA91-342ECC435101}.Trial|x64.ActiveCfg = Release|Any CPU
		{80BB303C-8F55-410C-BA91-342ECC435101}.Trial|x86.ActiveCfg = Release|Any CPU
	EndGlobalSection
	GlobalSection(SolutionProperties) = preSolution
		HideSolutionNode = FALSE
	EndGlobalSection
EndGlobal
