
Microsoft Visual Studio Solution File, Format Version 11.00
# Visual Studio 2010
Project("{FAE04EC0-301F-11D3-BF4B-00C04F79EFBC}") = "ImageResizer", "ImageResizer.csproj", "{FA5EF673-A6A4-498D-AA24-C025CC5267AF}"
EndProject
Project("{FAE04EC0-301F-11D3-BF4B-00C04F79EFBC}") = "ImageResizer.Plugins.AnimatedGifs", "..\Plugins\AnimatedGifs\ImageResizer.Plugins.AnimatedGifs.csproj", "{D97EA32A-0845-4E00-9C4D-68C5B93A1869}"
EndProject
Project("{FAE04EC0-301F-11D3-BF4B-00C04F79EFBC}") = "ImageResizer.Plugins.DiskCache", "..\Plugins\DiskCache\ImageResizer.Plugins.DiskCache.csproj", "{C3B00CD1-39EE-4BA8-BDC0-02E346F20694}"
EndProject
Project("{FAE04EC0-301F-11D3-BF4B-00C04F79EFBC}") = "ImageResizer.Plugins.PsdReader", "..\Plugins\PsdReader\ImageResizer.Plugins.PsdReader.csproj", "{BCF28DA2-AF29-4C09-B37D-059F40FC9B95}"
EndProject
Project("{FAE04EC0-301F-11D3-BF4B-00C04F79EFBC}") = "PsdFile", "..\Plugins\PsdLibs\PsdPlugin\PsdFile\PsdFile.csproj", "{DB6A1DE3-FAEB-451B-8EDB-D557B149BC8A}"
EndProject
Project("{FAE04EC0-301F-11D3-BF4B-00C04F79EFBC}") = "ImageResizer.Plugins.Watermark", "..\Plugins\Watermark\ImageResizer.Plugins.Watermark.csproj", "{2B21B3E4-559C-45CB-A25C-09DF02AB63BC}"
EndProject
Project("{FAE04EC0-301F-11D3-BF4B-00C04F79EFBC}") = "ImageResizer.Plugins.SimpleFilters", "..\Plugins\SimpleFilters\ImageResizer.Plugins.SimpleFilters.csproj", "{2A7D72F6-6DCB-4260-A921-6C7A6FC77812}"
EndProject
Project("{FAE04EC0-301F-11D3-BF4B-00C04F79EFBC}") = "ImageResizer.Plugins.AdvancedFilters", "..\Plugins\AdvancedFilters\ImageResizer.Plugins.AdvancedFilters.csproj", "{961A7785-80E0-4AB9-A406-FD7E2A9FA9D9}"
EndProject
Project("{FAE04EC0-301F-11D3-BF4B-00C04F79EFBC}") = "ImageResizer.Plugins.Controls", "..\Plugins\Controls\ImageResizer.Plugins.Controls.csproj", "{3A0477AB-0EC1-4D4F-BFD9-7F81157E1073}"
EndProject
Project("{FAE04EC0-301F-11D3-BF4B-00C04F79EFBC}") = "ImageResizer.Plugins.PrettyGifs", "..\Plugins\PrettyGifs\ImageResizer.Plugins.PrettyGifs.csproj", "{BB8EEB97-6550-4780-97B2-B0F2FCD80970}"
EndProject
Project("{FAE04EC0-301F-11D3-BF4B-00C04F79EFBC}") = "ImageResizer.Plugins.DiskCache.Tests", "..\Tests\ImageResizer.Plugins.DiskCache.Tests\ImageResizer.Plugins.DiskCache.Tests.csproj", "{B4C23DCB-4247-4647-A01C-AD829EC31DFA}"
EndProject
Project("{FAE04EC0-301F-11D3-BF4B-00C04F79EFBC}") = "LitS3", "..\Plugins\Libs\LitS3-1.0.1\LitS3\LitS3.csproj", "{C564E026-D515-4E8B-ADED-36087E89443E}"
EndProject
Project("{FAE04EC0-301F-11D3-BF4B-00C04F79EFBC}") = "ImageResizer.Plugins.Basic.Caption", "..\Plugins\Caption\ImageResizer.Plugins.Basic.Caption.csproj", "{DCFE9D91-E008-4DB0-9A53-3146B0551FC7}"
EndProject
Project("{FAE04EC0-301F-11D3-BF4B-00C04F79EFBC}") = "ImageResizer.Plugins.RequestLimiting", "..\Plugins\RequestLimiting\ImageResizer.Plugins.RequestLimiting.csproj", "{6FDAE8BF-8629-47A8-86F6-67774B78C3FA}"
EndProject
Project("{FAE04EC0-301F-11D3-BF4B-00C04F79EFBC}") = "ImageResizer.Plugins.S3Reader", "..\Plugins\S3Reader\ImageResizer.Plugins.S3Reader.csproj", "{A3B6F984-D500-40F1-B836-C02B46FCF14D}"
EndProject
Project("{FAE04EC0-301F-11D3-BF4B-00C04F79EFBC}") = "ImageResizer.Core.Tests", "..\Tests\Core.Tests\ImageResizer.Core.Tests.csproj", "{1FE6E440-F9CB-412A-9D1D-E78850D0F0AC}"
EndProject
Project("{FAE04EC0-301F-11D3-BF4B-00C04F79EFBC}") = "LibCassini35", "..\Tests\LibCassini35\LibCassini35.csproj", "{0D9F0FEA-45F7-4CE4-9868-6FB9BBE3DD4C}"
EndProject
Project("{FAE04EC0-301F-11D3-BF4B-00C04F79EFBC}") = "ImageResizer.Plugins.SqlReader", "..\Plugins\SqlReader\ImageResizer.Plugins.SqlReader.csproj", "{2AB0FC98-8AD5-4D2A-BF06-0EA4DCF8764D}"
EndProject
Project("{FAE04EC0-301F-11D3-BF4B-00C04F79EFBC}") = "ComplexWebApplication", "..\Samples\ComplexWebApplication\ComplexWebApplication.csproj", "{685863E0-64B5-4814-8974-249FADCE875F}"
EndProject
Project("{FAE04EC0-301F-11D3-BF4B-00C04F79EFBC}") = "ImageResizer.Plugins.BatchZipper", "..\Plugins\BatchZipper\ImageResizer.Plugins.BatchZipper.csproj", "{CDA9A53D-C190-4460-B5AF-F73132F56BFB}"
EndProject
Project("{FAE04EC0-301F-11D3-BF4B-00C04F79EFBC}") = "ImageResizer.Plugins.CloudFront", "..\Plugins\CloudFront\ImageResizer.Plugins.CloudFront.csproj", "{9BFCA7FB-EAFB-4E89-B388-774CEA6CD466}"
EndProject
Project("{FAE04EC0-301F-11D3-BF4B-00C04F79EFBC}") = "ImageResizerGUI", "..\Samples\ImageResizerGUI\ImageResizerGUI.csproj", "{B8DB1D33-6CCD-4A5B-8E3B-4B3BD50702DC}"
EndProject
Project("{FAE04EC0-301F-11D3-BF4B-00C04F79EFBC}") = "ImageResizer.Plugins.Watermark.Tests", "..\Tests\ImageResizer.Plugins.Watermark.Tests\ImageResizer.Plugins.Watermark.Tests.csproj", "{FF50BBCF-C8EB-4B41-BA5D-5DBD53A026B1}"
EndProject
Project("{FAE04EC0-301F-11D3-BF4B-00C04F79EFBC}") = "ConsoleApplication", "..\Samples\ConsoleApplication\ConsoleApplication.csproj", "{51E37FA2-4CD1-476D-8B29-BD51C5F02B78}"
EndProject
Project("{FAE04EC0-301F-11D3-BF4B-00C04F79EFBC}") = "ImageResizer.Plugins.DiskCache.WebTest", "..\Tests\DiskCacheWebTest\ImageResizer.Plugins.DiskCache.WebTest.csproj", "{109162D7-72F7-4C7D-BD71-EEAB424CC522}"
EndProject
Project("{FAE04EC0-301F-11D3-BF4B-00C04F79EFBC}") = "JCropExample", "..\Samples\JCropExample\JCropExample.csproj", "{718E5759-A926-4F3B-A9B9-3AAA9FC5E9B4}"
EndProject
Project("{FAE04EC0-301F-11D3-BF4B-00C04F79EFBC}") = "SqlReaderSample", "..\Samples\SqlReaderSample\SqlReaderSample.csproj", "{1CED61F7-E4DA-4D45-A937-5F268C60697A}"
EndProject
Project("{FAE04EC0-301F-11D3-BF4B-00C04F79EFBC}") = "ImageResizer.Plugins.FriendlyUrls", "..\Plugins\FriendlyUrls\ImageResizer.Plugins.FriendlyUrls.csproj", "{A931C3D7-FFCE-4BCF-933A-51A717904894}"
EndProject
Project("{FAE04EC0-301F-11D3-BF4B-00C04F79EFBC}") = "ImageResizer.Plugins.RemoteReader", "..\Plugins\RemoteReader\ImageResizer.Plugins.RemoteReader.csproj", "{0E6BE1A7-C754-4E33-A8AC-75A8549FC68B}"
EndProject
Project("{FAE04EC0-301F-11D3-BF4B-00C04F79EFBC}") = "ImageResizer.Plugins.SeamCarving", "..\Plugins\SeamCarving\ImageResizer.Plugins.SeamCarving.csproj", "{7AEFB877-A720-4929-880C-1090A71C83EB}"
EndProject
Project("{00000000-0000-0000-0000-000000000000}") = "ImageResizer.HttpTests", "..\Tests\ImageResizer.HttpTests\ImageResizer.HttpTests.csproj", "{6F830EA6-ACA6-456C-AA68-6D9ACCCC6647}"
EndProject
Global
	GlobalSection(SolutionConfigurationPlatforms) = preSolution
		Debug|Any CPU = Debug|Any CPU
		Debug|Mixed Platforms = Debug|Mixed Platforms
		Debug|x86 = Debug|x86
		Release|Any CPU = Release|Any CPU
		Release|Mixed Platforms = Release|Mixed Platforms
		Release|x86 = Release|x86
		Trial|Any CPU = Trial|Any CPU
		Trial|Mixed Platforms = Trial|Mixed Platforms
		Trial|x86 = Trial|x86
	EndGlobalSection
	GlobalSection(ProjectConfigurationPlatforms) = postSolution
		{FA5EF673-A6A4-498D-AA24-C025CC5267AF}.Debug|Any CPU.ActiveCfg = Debug|Any CPU
		{FA5EF673-A6A4-498D-AA24-C025CC5267AF}.Debug|Any CPU.Build.0 = Debug|Any CPU
		{FA5EF673-A6A4-498D-AA24-C025CC5267AF}.Debug|Mixed Platforms.ActiveCfg = Debug|Any CPU
		{FA5EF673-A6A4-498D-AA24-C025CC5267AF}.Debug|Mixed Platforms.Build.0 = Debug|Any CPU
		{FA5EF673-A6A4-498D-AA24-C025CC5267AF}.Debug|x86.ActiveCfg = Debug|Any CPU
		{FA5EF673-A6A4-498D-AA24-C025CC5267AF}.Debug|x86.Build.0 = Debug|Any CPU
		{FA5EF673-A6A4-498D-AA24-C025CC5267AF}.Release|Any CPU.ActiveCfg = Release|Any CPU
		{FA5EF673-A6A4-498D-AA24-C025CC5267AF}.Release|Any CPU.Build.0 = Release|Any CPU
		{FA5EF673-A6A4-498D-AA24-C025CC5267AF}.Release|Mixed Platforms.ActiveCfg = Release|Any CPU
		{FA5EF673-A6A4-498D-AA24-C025CC5267AF}.Release|Mixed Platforms.Build.0 = Release|Any CPU
		{FA5EF673-A6A4-498D-AA24-C025CC5267AF}.Release|x86.ActiveCfg = Release|Any CPU
		{FA5EF673-A6A4-498D-AA24-C025CC5267AF}.Release|x86.Build.0 = Release|Any CPU
		{FA5EF673-A6A4-498D-AA24-C025CC5267AF}.Trial|Any CPU.ActiveCfg = Release|Any CPU
		{FA5EF673-A6A4-498D-AA24-C025CC5267AF}.Trial|Any CPU.Build.0 = Release|Any CPU
		{FA5EF673-A6A4-498D-AA24-C025CC5267AF}.Trial|Mixed Platforms.ActiveCfg = Release|Any CPU
		{FA5EF673-A6A4-498D-AA24-C025CC5267AF}.Trial|Mixed Platforms.Build.0 = Release|Any CPU
		{FA5EF673-A6A4-498D-AA24-C025CC5267AF}.Trial|x86.ActiveCfg = Release|Any CPU
		{FA5EF673-A6A4-498D-AA24-C025CC5267AF}.Trial|x86.Build.0 = Release|Any CPU
		{D97EA32A-0845-4E00-9C4D-68C5B93A1869}.Debug|Any CPU.ActiveCfg = Debug|Any CPU
		{D97EA32A-0845-4E00-9C4D-68C5B93A1869}.Debug|Any CPU.Build.0 = Debug|Any CPU
		{D97EA32A-0845-4E00-9C4D-68C5B93A1869}.Debug|Mixed Platforms.ActiveCfg = Debug|Any CPU
		{D97EA32A-0845-4E00-9C4D-68C5B93A1869}.Debug|Mixed Platforms.Build.0 = Debug|Any CPU
		{D97EA32A-0845-4E00-9C4D-68C5B93A1869}.Debug|x86.ActiveCfg = Debug|Any CPU
		{D97EA32A-0845-4E00-9C4D-68C5B93A1869}.Debug|x86.Build.0 = Debug|Any CPU
		{D97EA32A-0845-4E00-9C4D-68C5B93A1869}.Release|Any CPU.ActiveCfg = Release|Any CPU
		{D97EA32A-0845-4E00-9C4D-68C5B93A1869}.Release|Any CPU.Build.0 = Release|Any CPU
		{D97EA32A-0845-4E00-9C4D-68C5B93A1869}.Release|Mixed Platforms.ActiveCfg = Release|Any CPU
		{D97EA32A-0845-4E00-9C4D-68C5B93A1869}.Release|Mixed Platforms.Build.0 = Release|Any CPU
		{D97EA32A-0845-4E00-9C4D-68C5B93A1869}.Release|x86.ActiveCfg = Release|Any CPU
		{D97EA32A-0845-4E00-9C4D-68C5B93A1869}.Release|x86.Build.0 = Release|Any CPU
		{D97EA32A-0845-4E00-9C4D-68C5B93A1869}.Trial|Any CPU.ActiveCfg = Trial|Any CPU
		{D97EA32A-0845-4E00-9C4D-68C5B93A1869}.Trial|Any CPU.Build.0 = Trial|Any CPU
		{D97EA32A-0845-4E00-9C4D-68C5B93A1869}.Trial|Mixed Platforms.ActiveCfg = Trial|Any CPU
		{D97EA32A-0845-4E00-9C4D-68C5B93A1869}.Trial|Mixed Platforms.Build.0 = Trial|Any CPU
		{D97EA32A-0845-4E00-9C4D-68C5B93A1869}.Trial|x86.ActiveCfg = Trial|Any CPU
		{D97EA32A-0845-4E00-9C4D-68C5B93A1869}.Trial|x86.Build.0 = Trial|Any CPU
		{C3B00CD1-39EE-4BA8-BDC0-02E346F20694}.Debug|Any CPU.ActiveCfg = Debug|Any CPU
		{C3B00CD1-39EE-4BA8-BDC0-02E346F20694}.Debug|Any CPU.Build.0 = Debug|Any CPU
		{C3B00CD1-39EE-4BA8-BDC0-02E346F20694}.Debug|Mixed Platforms.ActiveCfg = Debug|Any CPU
		{C3B00CD1-39EE-4BA8-BDC0-02E346F20694}.Debug|Mixed Platforms.Build.0 = Debug|Any CPU
		{C3B00CD1-39EE-4BA8-BDC0-02E346F20694}.Debug|x86.ActiveCfg = Debug|Any CPU
		{C3B00CD1-39EE-4BA8-BDC0-02E346F20694}.Debug|x86.Build.0 = Debug|Any CPU
		{C3B00CD1-39EE-4BA8-BDC0-02E346F20694}.Release|Any CPU.ActiveCfg = Release|Any CPU
		{C3B00CD1-39EE-4BA8-BDC0-02E346F20694}.Release|Any CPU.Build.0 = Release|Any CPU
		{C3B00CD1-39EE-4BA8-BDC0-02E346F20694}.Release|Mixed Platforms.ActiveCfg = Release|Any CPU
		{C3B00CD1-39EE-4BA8-BDC0-02E346F20694}.Release|Mixed Platforms.Build.0 = Release|Any CPU
		{C3B00CD1-39EE-4BA8-BDC0-02E346F20694}.Release|x86.ActiveCfg = Release|Any CPU
		{C3B00CD1-39EE-4BA8-BDC0-02E346F20694}.Release|x86.Build.0 = Release|Any CPU
		{C3B00CD1-39EE-4BA8-BDC0-02E346F20694}.Trial|Any CPU.ActiveCfg = Trial|Any CPU
		{C3B00CD1-39EE-4BA8-BDC0-02E346F20694}.Trial|Any CPU.Build.0 = Trial|Any CPU
		{C3B00CD1-39EE-4BA8-BDC0-02E346F20694}.Trial|Mixed Platforms.ActiveCfg = Trial|Any CPU
		{C3B00CD1-39EE-4BA8-BDC0-02E346F20694}.Trial|Mixed Platforms.Build.0 = Trial|Any CPU
		{C3B00CD1-39EE-4BA8-BDC0-02E346F20694}.Trial|x86.ActiveCfg = Trial|Any CPU
		{C3B00CD1-39EE-4BA8-BDC0-02E346F20694}.Trial|x86.Build.0 = Trial|Any CPU
		{BCF28DA2-AF29-4C09-B37D-059F40FC9B95}.Debug|Any CPU.ActiveCfg = Debug|Any CPU
		{BCF28DA2-AF29-4C09-B37D-059F40FC9B95}.Debug|Any CPU.Build.0 = Debug|Any CPU
		{BCF28DA2-AF29-4C09-B37D-059F40FC9B95}.Debug|Mixed Platforms.ActiveCfg = Debug|Any CPU
		{BCF28DA2-AF29-4C09-B37D-059F40FC9B95}.Debug|Mixed Platforms.Build.0 = Debug|Any CPU
		{BCF28DA2-AF29-4C09-B37D-059F40FC9B95}.Debug|x86.ActiveCfg = Debug|Any CPU
		{BCF28DA2-AF29-4C09-B37D-059F40FC9B95}.Debug|x86.Build.0 = Debug|Any CPU
		{BCF28DA2-AF29-4C09-B37D-059F40FC9B95}.Release|Any CPU.ActiveCfg = Release|Any CPU
		{BCF28DA2-AF29-4C09-B37D-059F40FC9B95}.Release|Any CPU.Build.0 = Release|Any CPU
		{BCF28DA2-AF29-4C09-B37D-059F40FC9B95}.Release|Mixed Platforms.ActiveCfg = Release|Any CPU
		{BCF28DA2-AF29-4C09-B37D-059F40FC9B95}.Release|Mixed Platforms.Build.0 = Release|Any CPU
		{BCF28DA2-AF29-4C09-B37D-059F40FC9B95}.Release|x86.ActiveCfg = Release|Any CPU
		{BCF28DA2-AF29-4C09-B37D-059F40FC9B95}.Release|x86.Build.0 = Release|Any CPU
		{BCF28DA2-AF29-4C09-B37D-059F40FC9B95}.Trial|Any CPU.ActiveCfg = Trial|Any CPU
		{BCF28DA2-AF29-4C09-B37D-059F40FC9B95}.Trial|Any CPU.Build.0 = Trial|Any CPU
		{BCF28DA2-AF29-4C09-B37D-059F40FC9B95}.Trial|Mixed Platforms.ActiveCfg = Trial|Any CPU
		{BCF28DA2-AF29-4C09-B37D-059F40FC9B95}.Trial|Mixed Platforms.Build.0 = Trial|Any CPU
		{BCF28DA2-AF29-4C09-B37D-059F40FC9B95}.Trial|x86.ActiveCfg = Trial|Any CPU
		{BCF28DA2-AF29-4C09-B37D-059F40FC9B95}.Trial|x86.Build.0 = Trial|Any CPU
		{DB6A1DE3-FAEB-451B-8EDB-D557B149BC8A}.Debug|Any CPU.ActiveCfg = Debug|Any CPU
		{DB6A1DE3-FAEB-451B-8EDB-D557B149BC8A}.Debug|Any CPU.Build.0 = Debug|Any CPU
		{DB6A1DE3-FAEB-451B-8EDB-D557B149BC8A}.Debug|Mixed Platforms.ActiveCfg = Debug|Any CPU
		{DB6A1DE3-FAEB-451B-8EDB-D557B149BC8A}.Debug|Mixed Platforms.Build.0 = Debug|Any CPU
		{DB6A1DE3-FAEB-451B-8EDB-D557B149BC8A}.Debug|x86.ActiveCfg = Debug|Any CPU
		{DB6A1DE3-FAEB-451B-8EDB-D557B149BC8A}.Debug|x86.Build.0 = Debug|Any CPU
		{DB6A1DE3-FAEB-451B-8EDB-D557B149BC8A}.Release|Any CPU.ActiveCfg = Release|Any CPU
		{DB6A1DE3-FAEB-451B-8EDB-D557B149BC8A}.Release|Any CPU.Build.0 = Release|Any CPU
		{DB6A1DE3-FAEB-451B-8EDB-D557B149BC8A}.Release|Mixed Platforms.ActiveCfg = Release|Any CPU
		{DB6A1DE3-FAEB-451B-8EDB-D557B149BC8A}.Release|Mixed Platforms.Build.0 = Release|Any CPU
		{DB6A1DE3-FAEB-451B-8EDB-D557B149BC8A}.Release|x86.ActiveCfg = Release|Any CPU
		{DB6A1DE3-FAEB-451B-8EDB-D557B149BC8A}.Release|x86.Build.0 = Release|Any CPU
		{DB6A1DE3-FAEB-451B-8EDB-D557B149BC8A}.Trial|Any CPU.ActiveCfg = Release|Any CPU
		{DB6A1DE3-FAEB-451B-8EDB-D557B149BC8A}.Trial|Any CPU.Build.0 = Release|Any CPU
		{DB6A1DE3-FAEB-451B-8EDB-D557B149BC8A}.Trial|Mixed Platforms.ActiveCfg = Release|Any CPU
		{DB6A1DE3-FAEB-451B-8EDB-D557B149BC8A}.Trial|Mixed Platforms.Build.0 = Release|Any CPU
		{DB6A1DE3-FAEB-451B-8EDB-D557B149BC8A}.Trial|x86.ActiveCfg = Release|Any CPU
		{DB6A1DE3-FAEB-451B-8EDB-D557B149BC8A}.Trial|x86.Build.0 = Release|Any CPU
		{2B21B3E4-559C-45CB-A25C-09DF02AB63BC}.Debug|Any CPU.ActiveCfg = Debug|Any CPU
		{2B21B3E4-559C-45CB-A25C-09DF02AB63BC}.Debug|Any CPU.Build.0 = Debug|Any CPU
		{2B21B3E4-559C-45CB-A25C-09DF02AB63BC}.Debug|Mixed Platforms.ActiveCfg = Debug|Any CPU
		{2B21B3E4-559C-45CB-A25C-09DF02AB63BC}.Debug|Mixed Platforms.Build.0 = Debug|Any CPU
		{2B21B3E4-559C-45CB-A25C-09DF02AB63BC}.Debug|x86.ActiveCfg = Debug|Any CPU
		{2B21B3E4-559C-45CB-A25C-09DF02AB63BC}.Debug|x86.Build.0 = Debug|Any CPU
		{2B21B3E4-559C-45CB-A25C-09DF02AB63BC}.Release|Any CPU.ActiveCfg = Release|Any CPU
		{2B21B3E4-559C-45CB-A25C-09DF02AB63BC}.Release|Any CPU.Build.0 = Release|Any CPU
		{2B21B3E4-559C-45CB-A25C-09DF02AB63BC}.Release|Mixed Platforms.ActiveCfg = Release|Any CPU
		{2B21B3E4-559C-45CB-A25C-09DF02AB63BC}.Release|Mixed Platforms.Build.0 = Release|Any CPU
		{2B21B3E4-559C-45CB-A25C-09DF02AB63BC}.Release|x86.ActiveCfg = Release|Any CPU
		{2B21B3E4-559C-45CB-A25C-09DF02AB63BC}.Release|x86.Build.0 = Release|Any CPU
		{2B21B3E4-559C-45CB-A25C-09DF02AB63BC}.Trial|Any CPU.ActiveCfg = Trial|Any CPU
		{2B21B3E4-559C-45CB-A25C-09DF02AB63BC}.Trial|Any CPU.Build.0 = Trial|Any CPU
		{2B21B3E4-559C-45CB-A25C-09DF02AB63BC}.Trial|Mixed Platforms.ActiveCfg = Trial|Any CPU
		{2B21B3E4-559C-45CB-A25C-09DF02AB63BC}.Trial|Mixed Platforms.Build.0 = Trial|Any CPU
		{2B21B3E4-559C-45CB-A25C-09DF02AB63BC}.Trial|x86.ActiveCfg = Trial|Any CPU
		{2B21B3E4-559C-45CB-A25C-09DF02AB63BC}.Trial|x86.Build.0 = Trial|Any CPU
		{2A7D72F6-6DCB-4260-A921-6C7A6FC77812}.Debug|Any CPU.ActiveCfg = Debug|Any CPU
		{2A7D72F6-6DCB-4260-A921-6C7A6FC77812}.Debug|Any CPU.Build.0 = Debug|Any CPU
		{2A7D72F6-6DCB-4260-A921-6C7A6FC77812}.Debug|Mixed Platforms.ActiveCfg = Debug|Any CPU
		{2A7D72F6-6DCB-4260-A921-6C7A6FC77812}.Debug|Mixed Platforms.Build.0 = Debug|Any CPU
		{2A7D72F6-6DCB-4260-A921-6C7A6FC77812}.Debug|x86.ActiveCfg = Debug|Any CPU
		{2A7D72F6-6DCB-4260-A921-6C7A6FC77812}.Debug|x86.Build.0 = Debug|Any CPU
		{2A7D72F6-6DCB-4260-A921-6C7A6FC77812}.Release|Any CPU.ActiveCfg = Release|Any CPU
		{2A7D72F6-6DCB-4260-A921-6C7A6FC77812}.Release|Any CPU.Build.0 = Release|Any CPU
		{2A7D72F6-6DCB-4260-A921-6C7A6FC77812}.Release|Mixed Platforms.ActiveCfg = Release|Any CPU
		{2A7D72F6-6DCB-4260-A921-6C7A6FC77812}.Release|Mixed Platforms.Build.0 = Release|Any CPU
		{2A7D72F6-6DCB-4260-A921-6C7A6FC77812}.Release|x86.ActiveCfg = Release|Any CPU
		{2A7D72F6-6DCB-4260-A921-6C7A6FC77812}.Release|x86.Build.0 = Release|Any CPU
		{2A7D72F6-6DCB-4260-A921-6C7A6FC77812}.Trial|Any CPU.ActiveCfg = Trial|Any CPU
		{2A7D72F6-6DCB-4260-A921-6C7A6FC77812}.Trial|Any CPU.Build.0 = Trial|Any CPU
		{2A7D72F6-6DCB-4260-A921-6C7A6FC77812}.Trial|Mixed Platforms.ActiveCfg = Trial|Any CPU
		{2A7D72F6-6DCB-4260-A921-6C7A6FC77812}.Trial|Mixed Platforms.Build.0 = Trial|Any CPU
		{2A7D72F6-6DCB-4260-A921-6C7A6FC77812}.Trial|x86.ActiveCfg = Trial|Any CPU
		{2A7D72F6-6DCB-4260-A921-6C7A6FC77812}.Trial|x86.Build.0 = Trial|Any CPU
		{961A7785-80E0-4AB9-A406-FD7E2A9FA9D9}.Debug|Any CPU.ActiveCfg = Debug|Any CPU
		{961A7785-80E0-4AB9-A406-FD7E2A9FA9D9}.Debug|Any CPU.Build.0 = Debug|Any CPU
		{961A7785-80E0-4AB9-A406-FD7E2A9FA9D9}.Debug|Mixed Platforms.ActiveCfg = Debug|Any CPU
		{961A7785-80E0-4AB9-A406-FD7E2A9FA9D9}.Debug|Mixed Platforms.Build.0 = Debug|Any CPU
		{961A7785-80E0-4AB9-A406-FD7E2A9FA9D9}.Debug|x86.ActiveCfg = Debug|Any CPU
		{961A7785-80E0-4AB9-A406-FD7E2A9FA9D9}.Debug|x86.Build.0 = Debug|Any CPU
		{961A7785-80E0-4AB9-A406-FD7E2A9FA9D9}.Release|Any CPU.ActiveCfg = Release|Any CPU
		{961A7785-80E0-4AB9-A406-FD7E2A9FA9D9}.Release|Any CPU.Build.0 = Release|Any CPU
		{961A7785-80E0-4AB9-A406-FD7E2A9FA9D9}.Release|Mixed Platforms.ActiveCfg = Release|Any CPU
		{961A7785-80E0-4AB9-A406-FD7E2A9FA9D9}.Release|Mixed Platforms.Build.0 = Release|Any CPU
		{961A7785-80E0-4AB9-A406-FD7E2A9FA9D9}.Release|x86.ActiveCfg = Release|Any CPU
		{961A7785-80E0-4AB9-A406-FD7E2A9FA9D9}.Release|x86.Build.0 = Release|Any CPU
		{961A7785-80E0-4AB9-A406-FD7E2A9FA9D9}.Trial|Any CPU.ActiveCfg = Trial|Any CPU
		{961A7785-80E0-4AB9-A406-FD7E2A9FA9D9}.Trial|Any CPU.Build.0 = Trial|Any CPU
		{961A7785-80E0-4AB9-A406-FD7E2A9FA9D9}.Trial|Mixed Platforms.ActiveCfg = Trial|Any CPU
		{961A7785-80E0-4AB9-A406-FD7E2A9FA9D9}.Trial|Mixed Platforms.Build.0 = Trial|Any CPU
		{961A7785-80E0-4AB9-A406-FD7E2A9FA9D9}.Trial|x86.ActiveCfg = Trial|Any CPU
		{961A7785-80E0-4AB9-A406-FD7E2A9FA9D9}.Trial|x86.Build.0 = Trial|Any CPU
		{3A0477AB-0EC1-4D4F-BFD9-7F81157E1073}.Debug|Any CPU.ActiveCfg = Debug|Any CPU
		{3A0477AB-0EC1-4D4F-BFD9-7F81157E1073}.Debug|Any CPU.Build.0 = Debug|Any CPU
		{3A0477AB-0EC1-4D4F-BFD9-7F81157E1073}.Debug|Mixed Platforms.ActiveCfg = Debug|Any CPU
		{3A0477AB-0EC1-4D4F-BFD9-7F81157E1073}.Debug|Mixed Platforms.Build.0 = Debug|Any CPU
		{3A0477AB-0EC1-4D4F-BFD9-7F81157E1073}.Debug|x86.ActiveCfg = Debug|Any CPU
		{3A0477AB-0EC1-4D4F-BFD9-7F81157E1073}.Debug|x86.Build.0 = Debug|Any CPU
		{3A0477AB-0EC1-4D4F-BFD9-7F81157E1073}.Release|Any CPU.ActiveCfg = Release|Any CPU
		{3A0477AB-0EC1-4D4F-BFD9-7F81157E1073}.Release|Any CPU.Build.0 = Release|Any CPU
		{3A0477AB-0EC1-4D4F-BFD9-7F81157E1073}.Release|Mixed Platforms.ActiveCfg = Release|Any CPU
		{3A0477AB-0EC1-4D4F-BFD9-7F81157E1073}.Release|Mixed Platforms.Build.0 = Release|Any CPU
		{3A0477AB-0EC1-4D4F-BFD9-7F81157E1073}.Release|x86.ActiveCfg = Release|Any CPU
		{3A0477AB-0EC1-4D4F-BFD9-7F81157E1073}.Release|x86.Build.0 = Release|Any CPU
		{3A0477AB-0EC1-4D4F-BFD9-7F81157E1073}.Trial|Any CPU.ActiveCfg = Release|Any CPU
		{3A0477AB-0EC1-4D4F-BFD9-7F81157E1073}.Trial|Any CPU.Build.0 = Release|Any CPU
		{3A0477AB-0EC1-4D4F-BFD9-7F81157E1073}.Trial|Mixed Platforms.ActiveCfg = Release|Any CPU
		{3A0477AB-0EC1-4D4F-BFD9-7F81157E1073}.Trial|Mixed Platforms.Build.0 = Release|Any CPU
		{3A0477AB-0EC1-4D4F-BFD9-7F81157E1073}.Trial|x86.ActiveCfg = Release|Any CPU
		{3A0477AB-0EC1-4D4F-BFD9-7F81157E1073}.Trial|x86.Build.0 = Release|Any CPU
		{BB8EEB97-6550-4780-97B2-B0F2FCD80970}.Debug|Any CPU.ActiveCfg = Debug|Any CPU
		{BB8EEB97-6550-4780-97B2-B0F2FCD80970}.Debug|Any CPU.Build.0 = Debug|Any CPU
		{BB8EEB97-6550-4780-97B2-B0F2FCD80970}.Debug|Mixed Platforms.ActiveCfg = Debug|Any CPU
		{BB8EEB97-6550-4780-97B2-B0F2FCD80970}.Debug|Mixed Platforms.Build.0 = Debug|Any CPU
		{BB8EEB97-6550-4780-97B2-B0F2FCD80970}.Debug|x86.ActiveCfg = Debug|Any CPU
		{BB8EEB97-6550-4780-97B2-B0F2FCD80970}.Debug|x86.Build.0 = Debug|Any CPU
		{BB8EEB97-6550-4780-97B2-B0F2FCD80970}.Release|Any CPU.ActiveCfg = Release|Any CPU
		{BB8EEB97-6550-4780-97B2-B0F2FCD80970}.Release|Any CPU.Build.0 = Release|Any CPU
		{BB8EEB97-6550-4780-97B2-B0F2FCD80970}.Release|Mixed Platforms.ActiveCfg = Release|Any CPU
		{BB8EEB97-6550-4780-97B2-B0F2FCD80970}.Release|Mixed Platforms.Build.0 = Release|Any CPU
		{BB8EEB97-6550-4780-97B2-B0F2FCD80970}.Release|x86.ActiveCfg = Release|Any CPU
		{BB8EEB97-6550-4780-97B2-B0F2FCD80970}.Release|x86.Build.0 = Release|Any CPU
		{BB8EEB97-6550-4780-97B2-B0F2FCD80970}.Trial|Any CPU.ActiveCfg = Trial|Any CPU
		{BB8EEB97-6550-4780-97B2-B0F2FCD80970}.Trial|Any CPU.Build.0 = Trial|Any CPU
		{BB8EEB97-6550-4780-97B2-B0F2FCD80970}.Trial|Mixed Platforms.ActiveCfg = Trial|Any CPU
		{BB8EEB97-6550-4780-97B2-B0F2FCD80970}.Trial|Mixed Platforms.Build.0 = Trial|Any CPU
		{BB8EEB97-6550-4780-97B2-B0F2FCD80970}.Trial|x86.ActiveCfg = Trial|Any CPU
		{BB8EEB97-6550-4780-97B2-B0F2FCD80970}.Trial|x86.Build.0 = Trial|Any CPU
		{B4C23DCB-4247-4647-A01C-AD829EC31DFA}.Debug|Any CPU.ActiveCfg = Debug|Any CPU
		{B4C23DCB-4247-4647-A01C-AD829EC31DFA}.Debug|Any CPU.Build.0 = Debug|Any CPU
		{B4C23DCB-4247-4647-A01C-AD829EC31DFA}.Debug|Mixed Platforms.ActiveCfg = Debug|Any CPU
		{B4C23DCB-4247-4647-A01C-AD829EC31DFA}.Debug|Mixed Platforms.Build.0 = Debug|Any CPU
		{B4C23DCB-4247-4647-A01C-AD829EC31DFA}.Debug|x86.ActiveCfg = Debug|Any CPU
		{B4C23DCB-4247-4647-A01C-AD829EC31DFA}.Debug|x86.Build.0 = Debug|Any CPU
		{B4C23DCB-4247-4647-A01C-AD829EC31DFA}.Release|Any CPU.ActiveCfg = Release|Any CPU
		{B4C23DCB-4247-4647-A01C-AD829EC31DFA}.Release|Any CPU.Build.0 = Release|Any CPU
		{B4C23DCB-4247-4647-A01C-AD829EC31DFA}.Release|Mixed Platforms.ActiveCfg = Release|Any CPU
		{B4C23DCB-4247-4647-A01C-AD829EC31DFA}.Release|Mixed Platforms.Build.0 = Release|Any CPU
		{B4C23DCB-4247-4647-A01C-AD829EC31DFA}.Release|x86.ActiveCfg = Release|Any CPU
		{B4C23DCB-4247-4647-A01C-AD829EC31DFA}.Release|x86.Build.0 = Release|Any CPU
		{B4C23DCB-4247-4647-A01C-AD829EC31DFA}.Trial|Any CPU.ActiveCfg = Release|Any CPU
		{B4C23DCB-4247-4647-A01C-AD829EC31DFA}.Trial|Any CPU.Build.0 = Release|Any CPU
		{B4C23DCB-4247-4647-A01C-AD829EC31DFA}.Trial|Mixed Platforms.ActiveCfg = Release|Any CPU
		{B4C23DCB-4247-4647-A01C-AD829EC31DFA}.Trial|Mixed Platforms.Build.0 = Release|Any CPU
		{B4C23DCB-4247-4647-A01C-AD829EC31DFA}.Trial|x86.ActiveCfg = Release|Any CPU
		{B4C23DCB-4247-4647-A01C-AD829EC31DFA}.Trial|x86.Build.0 = Release|Any CPU
		{C564E026-D515-4E8B-ADED-36087E89443E}.Debug|Any CPU.ActiveCfg = Debug|Any CPU
		{C564E026-D515-4E8B-ADED-36087E89443E}.Debug|Any CPU.Build.0 = Debug|Any CPU
		{C564E026-D515-4E8B-ADED-36087E89443E}.Debug|Mixed Platforms.ActiveCfg = Debug|Any CPU
		{C564E026-D515-4E8B-ADED-36087E89443E}.Debug|Mixed Platforms.Build.0 = Debug|Any CPU
		{C564E026-D515-4E8B-ADED-36087E89443E}.Debug|x86.ActiveCfg = Debug|Any CPU
		{C564E026-D515-4E8B-ADED-36087E89443E}.Debug|x86.Build.0 = Debug|Any CPU
		{C564E026-D515-4E8B-ADED-36087E89443E}.Release|Any CPU.ActiveCfg = Release|Any CPU
		{C564E026-D515-4E8B-ADED-36087E89443E}.Release|Any CPU.Build.0 = Release|Any CPU
		{C564E026-D515-4E8B-ADED-36087E89443E}.Release|Mixed Platforms.ActiveCfg = Release|Any CPU
		{C564E026-D515-4E8B-ADED-36087E89443E}.Release|Mixed Platforms.Build.0 = Release|Any CPU
		{C564E026-D515-4E8B-ADED-36087E89443E}.Release|x86.ActiveCfg = Release|Any CPU
		{C564E026-D515-4E8B-ADED-36087E89443E}.Release|x86.Build.0 = Release|Any CPU
		{C564E026-D515-4E8B-ADED-36087E89443E}.Trial|Any CPU.ActiveCfg = Release|Any CPU
		{C564E026-D515-4E8B-ADED-36087E89443E}.Trial|Any CPU.Build.0 = Release|Any CPU
		{C564E026-D515-4E8B-ADED-36087E89443E}.Trial|Mixed Platforms.ActiveCfg = Release|Any CPU
		{C564E026-D515-4E8B-ADED-36087E89443E}.Trial|Mixed Platforms.Build.0 = Release|Any CPU
		{C564E026-D515-4E8B-ADED-36087E89443E}.Trial|x86.ActiveCfg = Release|Any CPU
		{C564E026-D515-4E8B-ADED-36087E89443E}.Trial|x86.Build.0 = Release|Any CPU
		{DCFE9D91-E008-4DB0-9A53-3146B0551FC7}.Debug|Any CPU.ActiveCfg = Debug|Any CPU
		{DCFE9D91-E008-4DB0-9A53-3146B0551FC7}.Debug|Any CPU.Build.0 = Debug|Any CPU
		{DCFE9D91-E008-4DB0-9A53-3146B0551FC7}.Debug|Mixed Platforms.ActiveCfg = Debug|Any CPU
		{DCFE9D91-E008-4DB0-9A53-3146B0551FC7}.Debug|Mixed Platforms.Build.0 = Debug|Any CPU
		{DCFE9D91-E008-4DB0-9A53-3146B0551FC7}.Debug|x86.ActiveCfg = Debug|Any CPU
		{DCFE9D91-E008-4DB0-9A53-3146B0551FC7}.Debug|x86.Build.0 = Debug|Any CPU
		{DCFE9D91-E008-4DB0-9A53-3146B0551FC7}.Release|Any CPU.ActiveCfg = Release|Any CPU
		{DCFE9D91-E008-4DB0-9A53-3146B0551FC7}.Release|Any CPU.Build.0 = Release|Any CPU
		{DCFE9D91-E008-4DB0-9A53-3146B0551FC7}.Release|Mixed Platforms.ActiveCfg = Release|Any CPU
		{DCFE9D91-E008-4DB0-9A53-3146B0551FC7}.Release|Mixed Platforms.Build.0 = Release|Any CPU
		{DCFE9D91-E008-4DB0-9A53-3146B0551FC7}.Release|x86.ActiveCfg = Release|Any CPU
		{DCFE9D91-E008-4DB0-9A53-3146B0551FC7}.Release|x86.Build.0 = Release|Any CPU
		{DCFE9D91-E008-4DB0-9A53-3146B0551FC7}.Trial|Any CPU.ActiveCfg = Release|Any CPU
		{DCFE9D91-E008-4DB0-9A53-3146B0551FC7}.Trial|Any CPU.Build.0 = Release|Any CPU
		{DCFE9D91-E008-4DB0-9A53-3146B0551FC7}.Trial|Mixed Platforms.ActiveCfg = Release|Any CPU
		{DCFE9D91-E008-4DB0-9A53-3146B0551FC7}.Trial|Mixed Platforms.Build.0 = Release|Any CPU
		{DCFE9D91-E008-4DB0-9A53-3146B0551FC7}.Trial|x86.ActiveCfg = Release|Any CPU
		{DCFE9D91-E008-4DB0-9A53-3146B0551FC7}.Trial|x86.Build.0 = Release|Any CPU
		{6FDAE8BF-8629-47A8-86F6-67774B78C3FA}.Debug|Any CPU.ActiveCfg = Debug|Any CPU
		{6FDAE8BF-8629-47A8-86F6-67774B78C3FA}.Debug|Any CPU.Build.0 = Debug|Any CPU
		{6FDAE8BF-8629-47A8-86F6-67774B78C3FA}.Debug|Mixed Platforms.ActiveCfg = Debug|Any CPU
		{6FDAE8BF-8629-47A8-86F6-67774B78C3FA}.Debug|Mixed Platforms.Build.0 = Debug|Any CPU
		{6FDAE8BF-8629-47A8-86F6-67774B78C3FA}.Debug|x86.ActiveCfg = Debug|Any CPU
		{6FDAE8BF-8629-47A8-86F6-67774B78C3FA}.Debug|x86.Build.0 = Debug|Any CPU
		{6FDAE8BF-8629-47A8-86F6-67774B78C3FA}.Release|Any CPU.ActiveCfg = Release|Any CPU
		{6FDAE8BF-8629-47A8-86F6-67774B78C3FA}.Release|Any CPU.Build.0 = Release|Any CPU
		{6FDAE8BF-8629-47A8-86F6-67774B78C3FA}.Release|Mixed Platforms.ActiveCfg = Release|Any CPU
		{6FDAE8BF-8629-47A8-86F6-67774B78C3FA}.Release|Mixed Platforms.Build.0 = Release|Any CPU
		{6FDAE8BF-8629-47A8-86F6-67774B78C3FA}.Release|x86.ActiveCfg = Release|Any CPU
		{6FDAE8BF-8629-47A8-86F6-67774B78C3FA}.Release|x86.Build.0 = Release|Any CPU
		{6FDAE8BF-8629-47A8-86F6-67774B78C3FA}.Trial|Any CPU.ActiveCfg = Trial|Any CPU
		{6FDAE8BF-8629-47A8-86F6-67774B78C3FA}.Trial|Any CPU.Build.0 = Trial|Any CPU
		{6FDAE8BF-8629-47A8-86F6-67774B78C3FA}.Trial|Mixed Platforms.ActiveCfg = Trial|Any CPU
		{6FDAE8BF-8629-47A8-86F6-67774B78C3FA}.Trial|Mixed Platforms.Build.0 = Trial|Any CPU
		{6FDAE8BF-8629-47A8-86F6-67774B78C3FA}.Trial|x86.ActiveCfg = Trial|Any CPU
		{6FDAE8BF-8629-47A8-86F6-67774B78C3FA}.Trial|x86.Build.0 = Trial|Any CPU
		{A3B6F984-D500-40F1-B836-C02B46FCF14D}.Debug|Any CPU.ActiveCfg = Debug|Any CPU
		{A3B6F984-D500-40F1-B836-C02B46FCF14D}.Debug|Any CPU.Build.0 = Debug|Any CPU
		{A3B6F984-D500-40F1-B836-C02B46FCF14D}.Debug|Mixed Platforms.ActiveCfg = Debug|Any CPU
		{A3B6F984-D500-40F1-B836-C02B46FCF14D}.Debug|Mixed Platforms.Build.0 = Debug|Any CPU
		{A3B6F984-D500-40F1-B836-C02B46FCF14D}.Debug|x86.ActiveCfg = Debug|Any CPU
		{A3B6F984-D500-40F1-B836-C02B46FCF14D}.Debug|x86.Build.0 = Debug|Any CPU
		{A3B6F984-D500-40F1-B836-C02B46FCF14D}.Release|Any CPU.ActiveCfg = Release|Any CPU
		{A3B6F984-D500-40F1-B836-C02B46FCF14D}.Release|Any CPU.Build.0 = Release|Any CPU
		{A3B6F984-D500-40F1-B836-C02B46FCF14D}.Release|Mixed Platforms.ActiveCfg = Release|Any CPU
		{A3B6F984-D500-40F1-B836-C02B46FCF14D}.Release|Mixed Platforms.Build.0 = Release|Any CPU
		{A3B6F984-D500-40F1-B836-C02B46FCF14D}.Release|x86.ActiveCfg = Release|Any CPU
		{A3B6F984-D500-40F1-B836-C02B46FCF14D}.Release|x86.Build.0 = Release|Any CPU
		{A3B6F984-D500-40F1-B836-C02B46FCF14D}.Trial|Any CPU.ActiveCfg = Trial|Any CPU
		{A3B6F984-D500-40F1-B836-C02B46FCF14D}.Trial|Any CPU.Build.0 = Trial|Any CPU
		{A3B6F984-D500-40F1-B836-C02B46FCF14D}.Trial|Mixed Platforms.ActiveCfg = Trial|Any CPU
		{A3B6F984-D500-40F1-B836-C02B46FCF14D}.Trial|Mixed Platforms.Build.0 = Trial|Any CPU
		{A3B6F984-D500-40F1-B836-C02B46FCF14D}.Trial|x86.ActiveCfg = Trial|Any CPU
		{A3B6F984-D500-40F1-B836-C02B46FCF14D}.Trial|x86.Build.0 = Trial|Any CPU
		{1FE6E440-F9CB-412A-9D1D-E78850D0F0AC}.Debug|Any CPU.ActiveCfg = Debug|Any CPU
		{1FE6E440-F9CB-412A-9D1D-E78850D0F0AC}.Debug|Any CPU.Build.0 = Debug|Any CPU
		{1FE6E440-F9CB-412A-9D1D-E78850D0F0AC}.Debug|Mixed Platforms.ActiveCfg = Debug|Any CPU
		{1FE6E440-F9CB-412A-9D1D-E78850D0F0AC}.Debug|Mixed Platforms.Build.0 = Debug|Any CPU
		{1FE6E440-F9CB-412A-9D1D-E78850D0F0AC}.Debug|x86.ActiveCfg = Debug|Any CPU
		{1FE6E440-F9CB-412A-9D1D-E78850D0F0AC}.Debug|x86.Build.0 = Debug|Any CPU
		{1FE6E440-F9CB-412A-9D1D-E78850D0F0AC}.Release|Any CPU.ActiveCfg = Release|Any CPU
		{1FE6E440-F9CB-412A-9D1D-E78850D0F0AC}.Release|Any CPU.Build.0 = Release|Any CPU
		{1FE6E440-F9CB-412A-9D1D-E78850D0F0AC}.Release|Mixed Platforms.ActiveCfg = Release|Any CPU
		{1FE6E440-F9CB-412A-9D1D-E78850D0F0AC}.Release|Mixed Platforms.Build.0 = Release|Any CPU
		{1FE6E440-F9CB-412A-9D1D-E78850D0F0AC}.Release|x86.ActiveCfg = Release|Any CPU
		{1FE6E440-F9CB-412A-9D1D-E78850D0F0AC}.Release|x86.Build.0 = Release|Any CPU
		{1FE6E440-F9CB-412A-9D1D-E78850D0F0AC}.Trial|Any CPU.ActiveCfg = Release|Any CPU
		{1FE6E440-F9CB-412A-9D1D-E78850D0F0AC}.Trial|Any CPU.Build.0 = Release|Any CPU
		{1FE6E440-F9CB-412A-9D1D-E78850D0F0AC}.Trial|Mixed Platforms.ActiveCfg = Release|Any CPU
		{1FE6E440-F9CB-412A-9D1D-E78850D0F0AC}.Trial|Mixed Platforms.Build.0 = Release|Any CPU
		{1FE6E440-F9CB-412A-9D1D-E78850D0F0AC}.Trial|x86.ActiveCfg = Release|Any CPU
		{1FE6E440-F9CB-412A-9D1D-E78850D0F0AC}.Trial|x86.Build.0 = Release|Any CPU
		{0D9F0FEA-45F7-4CE4-9868-6FB9BBE3DD4C}.Debug|Any CPU.ActiveCfg = Debug|Any CPU
		{0D9F0FEA-45F7-4CE4-9868-6FB9BBE3DD4C}.Debug|Any CPU.Build.0 = Debug|Any CPU
		{0D9F0FEA-45F7-4CE4-9868-6FB9BBE3DD4C}.Debug|Mixed Platforms.ActiveCfg = Debug|Any CPU
		{0D9F0FEA-45F7-4CE4-9868-6FB9BBE3DD4C}.Debug|Mixed Platforms.Build.0 = Debug|Any CPU
		{0D9F0FEA-45F7-4CE4-9868-6FB9BBE3DD4C}.Debug|x86.ActiveCfg = Debug|Any CPU
		{0D9F0FEA-45F7-4CE4-9868-6FB9BBE3DD4C}.Debug|x86.Build.0 = Debug|Any CPU
		{0D9F0FEA-45F7-4CE4-9868-6FB9BBE3DD4C}.Release|Any CPU.ActiveCfg = Release|Any CPU
		{0D9F0FEA-45F7-4CE4-9868-6FB9BBE3DD4C}.Release|Any CPU.Build.0 = Release|Any CPU
		{0D9F0FEA-45F7-4CE4-9868-6FB9BBE3DD4C}.Release|Mixed Platforms.ActiveCfg = Release|Any CPU
		{0D9F0FEA-45F7-4CE4-9868-6FB9BBE3DD4C}.Release|Mixed Platforms.Build.0 = Release|Any CPU
		{0D9F0FEA-45F7-4CE4-9868-6FB9BBE3DD4C}.Release|x86.ActiveCfg = Release|Any CPU
		{0D9F0FEA-45F7-4CE4-9868-6FB9BBE3DD4C}.Release|x86.Build.0 = Release|Any CPU
		{0D9F0FEA-45F7-4CE4-9868-6FB9BBE3DD4C}.Trial|Any CPU.ActiveCfg = Release|Any CPU
		{0D9F0FEA-45F7-4CE4-9868-6FB9BBE3DD4C}.Trial|Any CPU.Build.0 = Release|Any CPU
		{0D9F0FEA-45F7-4CE4-9868-6FB9BBE3DD4C}.Trial|Mixed Platforms.ActiveCfg = Release|Any CPU
		{0D9F0FEA-45F7-4CE4-9868-6FB9BBE3DD4C}.Trial|Mixed Platforms.Build.0 = Release|Any CPU
		{0D9F0FEA-45F7-4CE4-9868-6FB9BBE3DD4C}.Trial|x86.ActiveCfg = Release|Any CPU
		{0D9F0FEA-45F7-4CE4-9868-6FB9BBE3DD4C}.Trial|x86.Build.0 = Release|Any CPU
		{2AB0FC98-8AD5-4D2A-BF06-0EA4DCF8764D}.Debug|Any CPU.ActiveCfg = Debug|Any CPU
		{2AB0FC98-8AD5-4D2A-BF06-0EA4DCF8764D}.Debug|Any CPU.Build.0 = Debug|Any CPU
		{2AB0FC98-8AD5-4D2A-BF06-0EA4DCF8764D}.Debug|Mixed Platforms.ActiveCfg = Debug|Any CPU
		{2AB0FC98-8AD5-4D2A-BF06-0EA4DCF8764D}.Debug|Mixed Platforms.Build.0 = Debug|Any CPU
		{2AB0FC98-8AD5-4D2A-BF06-0EA4DCF8764D}.Debug|x86.ActiveCfg = Debug|Any CPU
		{2AB0FC98-8AD5-4D2A-BF06-0EA4DCF8764D}.Debug|x86.Build.0 = Debug|Any CPU
		{2AB0FC98-8AD5-4D2A-BF06-0EA4DCF8764D}.Release|Any CPU.ActiveCfg = Release|Any CPU
		{2AB0FC98-8AD5-4D2A-BF06-0EA4DCF8764D}.Release|Any CPU.Build.0 = Release|Any CPU
		{2AB0FC98-8AD5-4D2A-BF06-0EA4DCF8764D}.Release|Mixed Platforms.ActiveCfg = Release|Any CPU
		{2AB0FC98-8AD5-4D2A-BF06-0EA4DCF8764D}.Release|Mixed Platforms.Build.0 = Release|Any CPU
		{2AB0FC98-8AD5-4D2A-BF06-0EA4DCF8764D}.Release|x86.ActiveCfg = Release|Any CPU
		{2AB0FC98-8AD5-4D2A-BF06-0EA4DCF8764D}.Release|x86.Build.0 = Release|Any CPU
		{2AB0FC98-8AD5-4D2A-BF06-0EA4DCF8764D}.Trial|Any CPU.ActiveCfg = Trial|Any CPU
		{2AB0FC98-8AD5-4D2A-BF06-0EA4DCF8764D}.Trial|Any CPU.Build.0 = Trial|Any CPU
		{2AB0FC98-8AD5-4D2A-BF06-0EA4DCF8764D}.Trial|Mixed Platforms.ActiveCfg = Trial|Any CPU
		{2AB0FC98-8AD5-4D2A-BF06-0EA4DCF8764D}.Trial|Mixed Platforms.Build.0 = Trial|Any CPU
		{2AB0FC98-8AD5-4D2A-BF06-0EA4DCF8764D}.Trial|x86.ActiveCfg = Release|Any CPU
		{2AB0FC98-8AD5-4D2A-BF06-0EA4DCF8764D}.Trial|x86.Build.0 = Release|Any CPU
		{685863E0-64B5-4814-8974-249FADCE875F}.Debug|Any CPU.ActiveCfg = Debug|Any CPU
		{685863E0-64B5-4814-8974-249FADCE875F}.Debug|Any CPU.Build.0 = Debug|Any CPU
		{685863E0-64B5-4814-8974-249FADCE875F}.Debug|Mixed Platforms.ActiveCfg = Debug|Any CPU
		{685863E0-64B5-4814-8974-249FADCE875F}.Debug|Mixed Platforms.Build.0 = Debug|Any CPU
		{685863E0-64B5-4814-8974-249FADCE875F}.Debug|x86.ActiveCfg = Debug|Any CPU
		{685863E0-64B5-4814-8974-249FADCE875F}.Debug|x86.Build.0 = Debug|Any CPU
		{685863E0-64B5-4814-8974-249FADCE875F}.Release|Any CPU.ActiveCfg = Release|Any CPU
		{685863E0-64B5-4814-8974-249FADCE875F}.Release|Any CPU.Build.0 = Release|Any CPU
		{685863E0-64B5-4814-8974-249FADCE875F}.Release|Mixed Platforms.ActiveCfg = Release|Any CPU
		{685863E0-64B5-4814-8974-249FADCE875F}.Release|Mixed Platforms.Build.0 = Release|Any CPU
		{685863E0-64B5-4814-8974-249FADCE875F}.Release|x86.ActiveCfg = Release|Any CPU
		{685863E0-64B5-4814-8974-249FADCE875F}.Release|x86.Build.0 = Release|Any CPU
		{685863E0-64B5-4814-8974-249FADCE875F}.Trial|Any CPU.ActiveCfg = Release|Any CPU
		{685863E0-64B5-4814-8974-249FADCE875F}.Trial|Any CPU.Build.0 = Release|Any CPU
		{685863E0-64B5-4814-8974-249FADCE875F}.Trial|Mixed Platforms.ActiveCfg = Release|Any CPU
		{685863E0-64B5-4814-8974-249FADCE875F}.Trial|Mixed Platforms.Build.0 = Release|Any CPU
		{685863E0-64B5-4814-8974-249FADCE875F}.Trial|x86.ActiveCfg = Release|Any CPU
		{685863E0-64B5-4814-8974-249FADCE875F}.Trial|x86.Build.0 = Release|Any CPU
		{CDA9A53D-C190-4460-B5AF-F73132F56BFB}.Debug|Any CPU.ActiveCfg = Debug|Any CPU
		{CDA9A53D-C190-4460-B5AF-F73132F56BFB}.Debug|Any CPU.Build.0 = Debug|Any CPU
		{CDA9A53D-C190-4460-B5AF-F73132F56BFB}.Debug|Mixed Platforms.ActiveCfg = Debug|Any CPU
		{CDA9A53D-C190-4460-B5AF-F73132F56BFB}.Debug|Mixed Platforms.Build.0 = Debug|Any CPU
		{CDA9A53D-C190-4460-B5AF-F73132F56BFB}.Debug|x86.ActiveCfg = Debug|Any CPU
		{CDA9A53D-C190-4460-B5AF-F73132F56BFB}.Debug|x86.Build.0 = Debug|Any CPU
		{CDA9A53D-C190-4460-B5AF-F73132F56BFB}.Release|Any CPU.ActiveCfg = Release|Any CPU
		{CDA9A53D-C190-4460-B5AF-F73132F56BFB}.Release|Any CPU.Build.0 = Release|Any CPU
		{CDA9A53D-C190-4460-B5AF-F73132F56BFB}.Release|Mixed Platforms.ActiveCfg = Release|Any CPU
		{CDA9A53D-C190-4460-B5AF-F73132F56BFB}.Release|Mixed Platforms.Build.0 = Release|Any CPU
		{CDA9A53D-C190-4460-B5AF-F73132F56BFB}.Release|x86.ActiveCfg = Release|Any CPU
		{CDA9A53D-C190-4460-B5AF-F73132F56BFB}.Release|x86.Build.0 = Release|Any CPU
		{CDA9A53D-C190-4460-B5AF-F73132F56BFB}.Trial|Any CPU.ActiveCfg = Trial|Any CPU
		{CDA9A53D-C190-4460-B5AF-F73132F56BFB}.Trial|Any CPU.Build.0 = Trial|Any CPU
		{CDA9A53D-C190-4460-B5AF-F73132F56BFB}.Trial|Mixed Platforms.ActiveCfg = Release|Any CPU
		{CDA9A53D-C190-4460-B5AF-F73132F56BFB}.Trial|Mixed Platforms.Build.0 = Release|Any CPU
		{CDA9A53D-C190-4460-B5AF-F73132F56BFB}.Trial|x86.ActiveCfg = Release|Any CPU
		{CDA9A53D-C190-4460-B5AF-F73132F56BFB}.Trial|x86.Build.0 = Release|Any CPU
		{9BFCA7FB-EAFB-4E89-B388-774CEA6CD466}.Debug|Any CPU.ActiveCfg = Debug|Any CPU
		{9BFCA7FB-EAFB-4E89-B388-774CEA6CD466}.Debug|Any CPU.Build.0 = Debug|Any CPU
		{9BFCA7FB-EAFB-4E89-B388-774CEA6CD466}.Debug|Mixed Platforms.ActiveCfg = Debug|Any CPU
		{9BFCA7FB-EAFB-4E89-B388-774CEA6CD466}.Debug|Mixed Platforms.Build.0 = Debug|Any CPU
		{9BFCA7FB-EAFB-4E89-B388-774CEA6CD466}.Debug|x86.ActiveCfg = Debug|Any CPU
		{9BFCA7FB-EAFB-4E89-B388-774CEA6CD466}.Debug|x86.Build.0 = Debug|Any CPU
		{9BFCA7FB-EAFB-4E89-B388-774CEA6CD466}.Release|Any CPU.ActiveCfg = Release|Any CPU
		{9BFCA7FB-EAFB-4E89-B388-774CEA6CD466}.Release|Any CPU.Build.0 = Release|Any CPU
		{9BFCA7FB-EAFB-4E89-B388-774CEA6CD466}.Release|Mixed Platforms.ActiveCfg = Release|Any CPU
		{9BFCA7FB-EAFB-4E89-B388-774CEA6CD466}.Release|Mixed Platforms.Build.0 = Release|Any CPU
		{9BFCA7FB-EAFB-4E89-B388-774CEA6CD466}.Release|x86.ActiveCfg = Release|Any CPU
		{9BFCA7FB-EAFB-4E89-B388-774CEA6CD466}.Release|x86.Build.0 = Release|Any CPU
		{9BFCA7FB-EAFB-4E89-B388-774CEA6CD466}.Trial|Any CPU.ActiveCfg = Trial|Any CPU
		{9BFCA7FB-EAFB-4E89-B388-774CEA6CD466}.Trial|Any CPU.Build.0 = Trial|Any CPU
		{9BFCA7FB-EAFB-4E89-B388-774CEA6CD466}.Trial|Mixed Platforms.ActiveCfg = Release|Any CPU
		{9BFCA7FB-EAFB-4E89-B388-774CEA6CD466}.Trial|Mixed Platforms.Build.0 = Release|Any CPU
		{9BFCA7FB-EAFB-4E89-B388-774CEA6CD466}.Trial|x86.ActiveCfg = Release|Any CPU
		{9BFCA7FB-EAFB-4E89-B388-774CEA6CD466}.Trial|x86.Build.0 = Release|Any CPU
		{B8DB1D33-6CCD-4A5B-8E3B-4B3BD50702DC}.Debug|Any CPU.ActiveCfg = Debug|x86
		{B8DB1D33-6CCD-4A5B-8E3B-4B3BD50702DC}.Debug|Mixed Platforms.ActiveCfg = Debug|x86
		{B8DB1D33-6CCD-4A5B-8E3B-4B3BD50702DC}.Debug|Mixed Platforms.Build.0 = Debug|x86
		{B8DB1D33-6CCD-4A5B-8E3B-4B3BD50702DC}.Debug|x86.ActiveCfg = Debug|x86
		{B8DB1D33-6CCD-4A5B-8E3B-4B3BD50702DC}.Debug|x86.Build.0 = Debug|x86
		{B8DB1D33-6CCD-4A5B-8E3B-4B3BD50702DC}.Release|Any CPU.ActiveCfg = Release|x86
		{B8DB1D33-6CCD-4A5B-8E3B-4B3BD50702DC}.Release|Mixed Platforms.ActiveCfg = Release|x86
		{B8DB1D33-6CCD-4A5B-8E3B-4B3BD50702DC}.Release|Mixed Platforms.Build.0 = Release|x86
		{B8DB1D33-6CCD-4A5B-8E3B-4B3BD50702DC}.Release|x86.ActiveCfg = Release|x86
		{B8DB1D33-6CCD-4A5B-8E3B-4B3BD50702DC}.Release|x86.Build.0 = Release|x86
		{B8DB1D33-6CCD-4A5B-8E3B-4B3BD50702DC}.Trial|Any CPU.ActiveCfg = Release|x86
		{B8DB1D33-6CCD-4A5B-8E3B-4B3BD50702DC}.Trial|Mixed Platforms.ActiveCfg = Release|x86
		{B8DB1D33-6CCD-4A5B-8E3B-4B3BD50702DC}.Trial|Mixed Platforms.Build.0 = Release|x86
		{B8DB1D33-6CCD-4A5B-8E3B-4B3BD50702DC}.Trial|x86.ActiveCfg = Release|x86
		{B8DB1D33-6CCD-4A5B-8E3B-4B3BD50702DC}.Trial|x86.Build.0 = Release|x86
		{FF50BBCF-C8EB-4B41-BA5D-5DBD53A026B1}.Debug|Any CPU.ActiveCfg = Debug|Any CPU
		{FF50BBCF-C8EB-4B41-BA5D-5DBD53A026B1}.Debug|Any CPU.Build.0 = Debug|Any CPU
		{FF50BBCF-C8EB-4B41-BA5D-5DBD53A026B1}.Debug|Mixed Platforms.ActiveCfg = Debug|Any CPU
		{FF50BBCF-C8EB-4B41-BA5D-5DBD53A026B1}.Debug|Mixed Platforms.Build.0 = Debug|Any CPU
		{FF50BBCF-C8EB-4B41-BA5D-5DBD53A026B1}.Debug|x86.ActiveCfg = Debug|Any CPU
		{FF50BBCF-C8EB-4B41-BA5D-5DBD53A026B1}.Debug|x86.Build.0 = Debug|Any CPU
		{FF50BBCF-C8EB-4B41-BA5D-5DBD53A026B1}.Release|Any CPU.ActiveCfg = Release|Any CPU
		{FF50BBCF-C8EB-4B41-BA5D-5DBD53A026B1}.Release|Any CPU.Build.0 = Release|Any CPU
		{FF50BBCF-C8EB-4B41-BA5D-5DBD53A026B1}.Release|Mixed Platforms.ActiveCfg = Release|Any CPU
		{FF50BBCF-C8EB-4B41-BA5D-5DBD53A026B1}.Release|Mixed Platforms.Build.0 = Release|Any CPU
		{FF50BBCF-C8EB-4B41-BA5D-5DBD53A026B1}.Release|x86.ActiveCfg = Release|Any CPU
		{FF50BBCF-C8EB-4B41-BA5D-5DBD53A026B1}.Release|x86.Build.0 = Release|Any CPU
		{FF50BBCF-C8EB-4B41-BA5D-5DBD53A026B1}.Trial|Any CPU.ActiveCfg = Release|Any CPU
		{FF50BBCF-C8EB-4B41-BA5D-5DBD53A026B1}.Trial|Any CPU.Build.0 = Release|Any CPU
		{FF50BBCF-C8EB-4B41-BA5D-5DBD53A026B1}.Trial|Mixed Platforms.ActiveCfg = Release|Any CPU
		{FF50BBCF-C8EB-4B41-BA5D-5DBD53A026B1}.Trial|Mixed Platforms.Build.0 = Release|Any CPU
		{FF50BBCF-C8EB-4B41-BA5D-5DBD53A026B1}.Trial|x86.ActiveCfg = Release|Any CPU
		{FF50BBCF-C8EB-4B41-BA5D-5DBD53A026B1}.Trial|x86.Build.0 = Release|Any CPU
		{51E37FA2-4CD1-476D-8B29-BD51C5F02B78}.Debug|Any CPU.ActiveCfg = Debug|x86
		{51E37FA2-4CD1-476D-8B29-BD51C5F02B78}.Debug|Mixed Platforms.ActiveCfg = Debug|x86
		{51E37FA2-4CD1-476D-8B29-BD51C5F02B78}.Debug|Mixed Platforms.Build.0 = Debug|x86
		{51E37FA2-4CD1-476D-8B29-BD51C5F02B78}.Debug|x86.ActiveCfg = Debug|x86
		{51E37FA2-4CD1-476D-8B29-BD51C5F02B78}.Debug|x86.Build.0 = Debug|x86
		{51E37FA2-4CD1-476D-8B29-BD51C5F02B78}.Release|Any CPU.ActiveCfg = Release|x86
		{51E37FA2-4CD1-476D-8B29-BD51C5F02B78}.Release|Mixed Platforms.ActiveCfg = Release|x86
		{51E37FA2-4CD1-476D-8B29-BD51C5F02B78}.Release|Mixed Platforms.Build.0 = Release|x86
		{51E37FA2-4CD1-476D-8B29-BD51C5F02B78}.Release|x86.ActiveCfg = Release|x86
		{51E37FA2-4CD1-476D-8B29-BD51C5F02B78}.Release|x86.Build.0 = Release|x86
		{51E37FA2-4CD1-476D-8B29-BD51C5F02B78}.Trial|Any CPU.ActiveCfg = Release|x86
		{51E37FA2-4CD1-476D-8B29-BD51C5F02B78}.Trial|Mixed Platforms.ActiveCfg = Release|x86
		{51E37FA2-4CD1-476D-8B29-BD51C5F02B78}.Trial|Mixed Platforms.Build.0 = Release|x86
		{51E37FA2-4CD1-476D-8B29-BD51C5F02B78}.Trial|x86.ActiveCfg = Release|x86
		{51E37FA2-4CD1-476D-8B29-BD51C5F02B78}.Trial|x86.Build.0 = Release|x86
		{109162D7-72F7-4C7D-BD71-EEAB424CC522}.Debug|Any CPU.ActiveCfg = Debug|Any CPU
		{109162D7-72F7-4C7D-BD71-EEAB424CC522}.Debug|Any CPU.Build.0 = Debug|Any CPU
		{109162D7-72F7-4C7D-BD71-EEAB424CC522}.Debug|Mixed Platforms.ActiveCfg = Debug|Any CPU
		{109162D7-72F7-4C7D-BD71-EEAB424CC522}.Debug|Mixed Platforms.Build.0 = Debug|Any CPU
		{109162D7-72F7-4C7D-BD71-EEAB424CC522}.Debug|x86.ActiveCfg = Debug|Any CPU
		{109162D7-72F7-4C7D-BD71-EEAB424CC522}.Debug|x86.Build.0 = Debug|Any CPU
		{109162D7-72F7-4C7D-BD71-EEAB424CC522}.Release|Any CPU.ActiveCfg = Release|Any CPU
		{109162D7-72F7-4C7D-BD71-EEAB424CC522}.Release|Any CPU.Build.0 = Release|Any CPU
		{109162D7-72F7-4C7D-BD71-EEAB424CC522}.Release|Mixed Platforms.ActiveCfg = Release|Any CPU
		{109162D7-72F7-4C7D-BD71-EEAB424CC522}.Release|Mixed Platforms.Build.0 = Release|Any CPU
		{109162D7-72F7-4C7D-BD71-EEAB424CC522}.Release|x86.ActiveCfg = Release|Any CPU
		{109162D7-72F7-4C7D-BD71-EEAB424CC522}.Release|x86.Build.0 = Release|Any CPU
		{109162D7-72F7-4C7D-BD71-EEAB424CC522}.Trial|Any CPU.ActiveCfg = Release|Any CPU
		{109162D7-72F7-4C7D-BD71-EEAB424CC522}.Trial|Any CPU.Build.0 = Release|Any CPU
		{109162D7-72F7-4C7D-BD71-EEAB424CC522}.Trial|Mixed Platforms.ActiveCfg = Release|Any CPU
		{109162D7-72F7-4C7D-BD71-EEAB424CC522}.Trial|Mixed Platforms.Build.0 = Release|Any CPU
		{109162D7-72F7-4C7D-BD71-EEAB424CC522}.Trial|x86.ActiveCfg = Release|Any CPU
		{718E5759-A926-4F3B-A9B9-3AAA9FC5E9B4}.Debug|Any CPU.ActiveCfg = Debug|Any CPU
		{718E5759-A926-4F3B-A9B9-3AAA9FC5E9B4}.Debug|Any CPU.Build.0 = Debug|Any CPU
		{718E5759-A926-4F3B-A9B9-3AAA9FC5E9B4}.Debug|Mixed Platforms.ActiveCfg = Debug|Any CPU
		{718E5759-A926-4F3B-A9B9-3AAA9FC5E9B4}.Debug|Mixed Platforms.Build.0 = Debug|Any CPU
		{718E5759-A926-4F3B-A9B9-3AAA9FC5E9B4}.Debug|x86.ActiveCfg = Debug|Any CPU
		{718E5759-A926-4F3B-A9B9-3AAA9FC5E9B4}.Debug|x86.Build.0 = Debug|Any CPU
		{718E5759-A926-4F3B-A9B9-3AAA9FC5E9B4}.Release|Any CPU.ActiveCfg = Release|Any CPU
		{718E5759-A926-4F3B-A9B9-3AAA9FC5E9B4}.Release|Any CPU.Build.0 = Release|Any CPU
		{718E5759-A926-4F3B-A9B9-3AAA9FC5E9B4}.Release|Mixed Platforms.ActiveCfg = Release|Any CPU
		{718E5759-A926-4F3B-A9B9-3AAA9FC5E9B4}.Release|Mixed Platforms.Build.0 = Release|Any CPU
		{718E5759-A926-4F3B-A9B9-3AAA9FC5E9B4}.Release|x86.ActiveCfg = Release|Any CPU
		{718E5759-A926-4F3B-A9B9-3AAA9FC5E9B4}.Release|x86.Build.0 = Release|Any CPU
		{718E5759-A926-4F3B-A9B9-3AAA9FC5E9B4}.Trial|Any CPU.ActiveCfg = Release|Any CPU
		{718E5759-A926-4F3B-A9B9-3AAA9FC5E9B4}.Trial|Any CPU.Build.0 = Release|Any CPU
		{718E5759-A926-4F3B-A9B9-3AAA9FC5E9B4}.Trial|Mixed Platforms.ActiveCfg = Release|Any CPU
		{718E5759-A926-4F3B-A9B9-3AAA9FC5E9B4}.Trial|Mixed Platforms.Build.0 = Release|Any CPU
		{718E5759-A926-4F3B-A9B9-3AAA9FC5E9B4}.Trial|x86.ActiveCfg = Release|Any CPU
		{1CED61F7-E4DA-4D45-A937-5F268C60697A}.Debug|Any CPU.ActiveCfg = Debug|Any CPU
		{1CED61F7-E4DA-4D45-A937-5F268C60697A}.Debug|Any CPU.Build.0 = Debug|Any CPU
		{1CED61F7-E4DA-4D45-A937-5F268C60697A}.Debug|Mixed Platforms.ActiveCfg = Debug|Any CPU
		{1CED61F7-E4DA-4D45-A937-5F268C60697A}.Debug|Mixed Platforms.Build.0 = Debug|Any CPU
		{1CED61F7-E4DA-4D45-A937-5F268C60697A}.Debug|x86.ActiveCfg = Debug|Any CPU
		{1CED61F7-E4DA-4D45-A937-5F268C60697A}.Debug|x86.Build.0 = Debug|Any CPU
		{1CED61F7-E4DA-4D45-A937-5F268C60697A}.Release|Any CPU.ActiveCfg = Release|Any CPU
		{1CED61F7-E4DA-4D45-A937-5F268C60697A}.Release|Any CPU.Build.0 = Release|Any CPU
		{1CED61F7-E4DA-4D45-A937-5F268C60697A}.Release|Mixed Platforms.ActiveCfg = Release|Any CPU
		{1CED61F7-E4DA-4D45-A937-5F268C60697A}.Release|Mixed Platforms.Build.0 = Release|Any CPU
		{1CED61F7-E4DA-4D45-A937-5F268C60697A}.Release|x86.ActiveCfg = Release|Any CPU
		{1CED61F7-E4DA-4D45-A937-5F268C60697A}.Release|x86.Build.0 = Release|Any CPU
		{1CED61F7-E4DA-4D45-A937-5F268C60697A}.Trial|Any CPU.ActiveCfg = Release|Any CPU
		{1CED61F7-E4DA-4D45-A937-5F268C60697A}.Trial|Any CPU.Build.0 = Release|Any CPU
		{1CED61F7-E4DA-4D45-A937-5F268C60697A}.Trial|Mixed Platforms.ActiveCfg = Release|Any CPU
		{1CED61F7-E4DA-4D45-A937-5F268C60697A}.Trial|Mixed Platforms.Build.0 = Release|Any CPU
		{1CED61F7-E4DA-4D45-A937-5F268C60697A}.Trial|x86.ActiveCfg = Release|Any CPU
		{A931C3D7-FFCE-4BCF-933A-51A717904894}.Debug|Any CPU.ActiveCfg = Debug|Any CPU
		{A931C3D7-FFCE-4BCF-933A-51A717904894}.Debug|Any CPU.Build.0 = Debug|Any CPU
		{A931C3D7-FFCE-4BCF-933A-51A717904894}.Debug|Mixed Platforms.ActiveCfg = Debug|Any CPU
		{A931C3D7-FFCE-4BCF-933A-51A717904894}.Debug|Mixed Platforms.Build.0 = Debug|Any CPU
		{A931C3D7-FFCE-4BCF-933A-51A717904894}.Debug|x86.ActiveCfg = Debug|Any CPU
		{A931C3D7-FFCE-4BCF-933A-51A717904894}.Release|Any CPU.ActiveCfg = Release|Any CPU
		{A931C3D7-FFCE-4BCF-933A-51A717904894}.Release|Any CPU.Build.0 = Release|Any CPU
		{A931C3D7-FFCE-4BCF-933A-51A717904894}.Release|Mixed Platforms.ActiveCfg = Release|Any CPU
		{A931C3D7-FFCE-4BCF-933A-51A717904894}.Release|Mixed Platforms.Build.0 = Release|Any CPU
		{A931C3D7-FFCE-4BCF-933A-51A717904894}.Release|x86.ActiveCfg = Release|Any CPU
		{A931C3D7-FFCE-4BCF-933A-51A717904894}.Trial|Any CPU.ActiveCfg = Trial|Any CPU
		{A931C3D7-FFCE-4BCF-933A-51A717904894}.Trial|Any CPU.Build.0 = Trial|Any CPU
		{A931C3D7-FFCE-4BCF-933A-51A717904894}.Trial|Mixed Platforms.ActiveCfg = Trial|Any CPU
		{A931C3D7-FFCE-4BCF-933A-51A717904894}.Trial|Mixed Platforms.Build.0 = Trial|Any CPU
		{A931C3D7-FFCE-4BCF-933A-51A717904894}.Trial|x86.ActiveCfg = Trial|Any CPU
		{0E6BE1A7-C754-4E33-A8AC-75A8549FC68B}.Debug|Any CPU.ActiveCfg = Debug|Any CPU
		{0E6BE1A7-C754-4E33-A8AC-75A8549FC68B}.Debug|Any CPU.Build.0 = Debug|Any CPU
		{0E6BE1A7-C754-4E33-A8AC-75A8549FC68B}.Debug|Mixed Platforms.ActiveCfg = Debug|Any CPU
		{0E6BE1A7-C754-4E33-A8AC-75A8549FC68B}.Debug|Mixed Platforms.Build.0 = Debug|Any CPU
		{0E6BE1A7-C754-4E33-A8AC-75A8549FC68B}.Debug|x86.ActiveCfg = Debug|Any CPU
		{0E6BE1A7-C754-4E33-A8AC-75A8549FC68B}.Release|Any CPU.ActiveCfg = Release|Any CPU
		{0E6BE1A7-C754-4E33-A8AC-75A8549FC68B}.Release|Any CPU.Build.0 = Release|Any CPU
		{0E6BE1A7-C754-4E33-A8AC-75A8549FC68B}.Release|Mixed Platforms.ActiveCfg = Release|Any CPU
		{0E6BE1A7-C754-4E33-A8AC-75A8549FC68B}.Release|Mixed Platforms.Build.0 = Release|Any CPU
		{0E6BE1A7-C754-4E33-A8AC-75A8549FC68B}.Release|x86.ActiveCfg = Release|Any CPU
		{0E6BE1A7-C754-4E33-A8AC-75A8549FC68B}.Trial|Any CPU.ActiveCfg = Trial|Any CPU
		{0E6BE1A7-C754-4E33-A8AC-75A8549FC68B}.Trial|Any CPU.Build.0 = Trial|Any CPU
		{0E6BE1A7-C754-4E33-A8AC-75A8549FC68B}.Trial|Mixed Platforms.ActiveCfg = Release|Any CPU
		{0E6BE1A7-C754-4E33-A8AC-75A8549FC68B}.Trial|Mixed Platforms.Build.0 = Release|Any CPU
		{0E6BE1A7-C754-4E33-A8AC-75A8549FC68B}.Trial|x86.ActiveCfg = Release|Any CPU
		{7AEFB877-A720-4929-880C-1090A71C83EB}.Debug|Any CPU.ActiveCfg = Debug|Any CPU
		{7AEFB877-A720-4929-880C-1090A71C83EB}.Debug|Any CPU.Build.0 = Debug|Any CPU
		{7AEFB877-A720-4929-880C-1090A71C83EB}.Debug|Mixed Platforms.ActiveCfg = Debug|Any CPU
		{7AEFB877-A720-4929-880C-1090A71C83EB}.Debug|Mixed Platforms.Build.0 = Debug|Any CPU
		{7AEFB877-A720-4929-880C-1090A71C83EB}.Debug|x86.ActiveCfg = Debug|Any CPU
		{7AEFB877-A720-4929-880C-1090A71C83EB}.Release|Any CPU.ActiveCfg = Release|Any CPU
		{7AEFB877-A720-4929-880C-1090A71C83EB}.Release|Any CPU.Build.0 = Release|Any CPU
		{7AEFB877-A720-4929-880C-1090A71C83EB}.Release|Mixed Platforms.ActiveCfg = Release|Any CPU
		{7AEFB877-A720-4929-880C-1090A71C83EB}.Release|Mixed Platforms.Build.0 = Release|Any CPU
		{7AEFB877-A720-4929-880C-1090A71C83EB}.Release|x86.ActiveCfg = Release|Any CPU
		{7AEFB877-A720-4929-880C-1090A71C83EB}.Trial|Any CPU.ActiveCfg = Trial|Any CPU
		{7AEFB877-A720-4929-880C-1090A71C83EB}.Trial|Any CPU.Build.0 = Trial|Any CPU
		{7AEFB877-A720-4929-880C-1090A71C83EB}.Trial|Mixed Platforms.ActiveCfg = Trial|Any CPU
		{7AEFB877-A720-4929-880C-1090A71C83EB}.Trial|Mixed Platforms.Build.0 = Trial|Any CPU
		{7AEFB877-A720-4929-880C-1090A71C83EB}.Trial|x86.ActiveCfg = Trial|Any CPU
		{6F830EA6-ACA6-456C-AA68-6D9ACCCC6647}.Debug|Any CPU.ActiveCfg = Debug|Any CPU
		{6F830EA6-ACA6-456C-AA68-6D9ACCCC6647}.Debug|Any CPU.Build.0 = Debug|Any CPU
		{6F830EA6-ACA6-456C-AA68-6D9ACCCC6647}.Debug|Mixed Platforms.ActiveCfg = Debug|Any CPU
		{6F830EA6-ACA6-456C-AA68-6D9ACCCC6647}.Debug|Mixed Platforms.Build.0 = Debug|Any CPU
		{6F830EA6-ACA6-456C-AA68-6D9ACCCC6647}.Debug|x86.ActiveCfg = Debug|Any CPU
		{6F830EA6-ACA6-456C-AA68-6D9ACCCC6647}.Release|Any CPU.ActiveCfg = Release|Any CPU
		{6F830EA6-ACA6-456C-AA68-6D9ACCCC6647}.Release|Any CPU.Build.0 = Release|Any CPU
		{6F830EA6-ACA6-456C-AA68-6D9ACCCC6647}.Release|Mixed Platforms.ActiveCfg = Release|Any CPU
		{6F830EA6-ACA6-456C-AA68-6D9ACCCC6647}.Release|Mixed Platforms.Build.0 = Release|Any CPU
		{6F830EA6-ACA6-456C-AA68-6D9ACCCC6647}.Release|x86.ActiveCfg = Release|Any CPU
		{6F830EA6-ACA6-456C-AA68-6D9ACCCC6647}.Trial|Any CPU.ActiveCfg = Release|Any CPU
		{6F830EA6-ACA6-456C-AA68-6D9ACCCC6647}.Trial|Any CPU.Build.0 = Release|Any CPU
		{6F830EA6-ACA6-456C-AA68-6D9ACCCC6647}.Trial|Mixed Platforms.ActiveCfg = Release|Any CPU
		{6F830EA6-ACA6-456C-AA68-6D9ACCCC6647}.Trial|Mixed Platforms.Build.0 = Release|Any CPU
		{6F830EA6-ACA6-456C-AA68-6D9ACCCC6647}.Trial|x86.ActiveCfg = Release|Any CPU
	EndGlobalSection
	GlobalSection(SolutionProperties) = preSolution
		HideSolutionNode = FALSE
	EndGlobalSection
EndGlobal
