
Microsoft Visual Studio Solution File, Format Version 11.00
# Visual Studio 2010
Project("{FAE04EC0-301F-11D3-BF4B-00C04F79EFBC}") = "ImageResizer.Plugins.AzureReader", "ImageResizer.Plugins.AzureReader.csproj", "{33D012BE-1B2A-4BFB-8C11-6B23ACC9AA7D}"
EndProject
Project("{FAE04EC0-301F-11D3-BF4B-00C04F79EFBC}") = "AzureWebImages", "..\AzureWebApp\WebRole1\AzureWebImages.csproj", "{26785F6A-8146-4697-8D94-6F4509512665}"
EndProject
Global
	GlobalSection(SolutionConfigurationPlatforms) = preSolution
		Debug|Any CPU = Debug|Any CPU
		Release|Any CPU = Release|Any CPU
	EndGlobalSection
	GlobalSection(ProjectConfigurationPlatforms) = postSolution
		{33D012BE-1B2A-4BFB-8C11-6B23ACC9AA7D}.Debug|Any CPU.ActiveCfg = Debug|Any CPU
		{33D012BE-1B2A-4BFB-8C11-6B23ACC9AA7D}.Debug|Any CPU.Build.0 = Debug|Any CPU
		{33D012BE-1B2A-4BFB-8C11-6B23ACC9AA7D}.Release|Any CPU.ActiveCfg = Release|Any CPU
		{33D012BE-1B2A-4BFB-8C11-6B23ACC9AA7D}.Release|Any CPU.Build.0 = Release|Any CPU
		{26785F6A-8146-4697-8D94-6F4509512665}.Debug|Any CPU.ActiveCfg = Debug|Any CPU
		{26785F6A-8146-4697-8D94-6F4509512665}.Debug|Any CPU.Build.0 = Debug|Any CPU
		{26785F6A-8146-4697-8D94-6F4509512665}.Release|Any CPU.ActiveCfg = Release|Any CPU
		{26785F6A-8146-4697-8D94-6F4509512665}.Release|Any CPU.Build.0 = Release|Any CPU
	EndGlobalSection
	GlobalSection(SolutionProperties) = preSolution
		HideSolutionNode = FALSE
	EndGlobalSection
EndGlobal
