
Microsoft Visual Studio Solution File, Format Version 12.00
# Visual Studio Version 17
VisualStudioVersion = 17.2.32630.192
MinimumVisualStudioVersion = 10.0.40219.1
Project("{FAE04EC0-301F-11D3-BF4B-00C04F79EFBC}") = "ImageResizer.Plugins.AdvancedFilters", "Plugins\AdvancedFilters\ImageResizer.Plugins.AdvancedFilters.csproj", "{961A7785-80E0-4AB9-A406-FD7E2A9FA9D9}"
EndProject
Project("{FAE04EC0-301F-11D3-BF4B-00C04F79EFBC}") = "ImageResizer.Plugins.AnimatedGifs", "Plugins\AnimatedGifs\ImageResizer.Plugins.AnimatedGifs.csproj", "{D97EA32A-0845-4E00-9C4D-68C5B93A1869}"
EndProject
Project("{FAE04EC0-301F-11D3-BF4B-00C04F79EFBC}") = "ImageResizer.Plugins.Faces", "Plugins\Faces\ImageResizer.Plugins.Faces.csproj", "{144686D8-7820-4BEE-9325-60C4E998C2B0}"
EndProject
Project("{FAE04EC0-301F-11D3-BF4B-00C04F79EFBC}") = "ImageResizer.Plugins.FFmpeg", "Plugins\FFmpeg\ImageResizer.Plugins.FFmpeg.csproj", "{41E1FB1A-826B-4C35-9034-8C44D2402941}"
EndProject
Project("{8BC9CEB8-8B4A-11D0-8D11-00A0C91BC942}") = "ImageResizer.Plugins.FastScaling", "Plugins\FastScaling\ImageResizer.Plugins.FastScaling.vcxproj", "{9B97D952-2969-4F46-9758-9E712CDF3F72}"
EndProject
Project("{FAE04EC0-301F-11D3-BF4B-00C04F79EFBC}") = "ImageResizer.Plugins.FreeImage", "Plugins\FreeImage\ImageResizer.Plugins.FreeImage.csproj", "{8E863AFE-B4CF-46AA-8382-0C3547C0EDE9}"
EndProject
Project("{FAE04EC0-301F-11D3-BF4B-00C04F79EFBC}") = "ImageResizer.Plugins.PrettyGifs", "Plugins\PrettyGifs\ImageResizer.Plugins.PrettyGifs.csproj", "{BB8EEB97-6550-4780-97B2-B0F2FCD80970}"
EndProject
Project("{FAE04EC0-301F-11D3-BF4B-00C04F79EFBC}") = "ImageResizer.Plugins.PsdComposer", "Plugins\PsdComposer\ImageResizer.Plugins.PsdComposer.csproj", "{BC40DDCE-96BB-41AF-9D3C-6CF4861E3408}"
EndProject
Project("{FAE04EC0-301F-11D3-BF4B-00C04F79EFBC}") = "ImageResizer.Plugins.PsdReader", "Plugins\PsdReader\ImageResizer.Plugins.PsdReader.csproj", "{BCF28DA2-AF29-4C09-B37D-059F40FC9B95}"
EndProject
Project("{FAE04EC0-301F-11D3-BF4B-00C04F79EFBC}") = "ImageResizer.Plugins.RedEye", "Plugins\RedEye\ImageResizer.Plugins.RedEye.csproj", "{054D5D5D-1041-4F03-B5E4-BFF0441586FA}"
EndProject
Project("{FAE04EC0-301F-11D3-BF4B-00C04F79EFBC}") = "ImageResizer.Plugins.SeamCarving", "Plugins\SeamCarving\ImageResizer.Plugins.SeamCarving.csproj", "{7AEFB877-A720-4929-880C-1090A71C83EB}"
EndProject
Project("{FAE04EC0-301F-11D3-BF4B-00C04F79EFBC}") = "ImageResizer.Plugins.RemoteReader", "Plugins\RemoteReader\ImageResizer.Plugins.RemoteReader.csproj", "{0E6BE1A7-C754-4E33-A8AC-75A8549FC68B}"
EndProject
Project("{FAE04EC0-301F-11D3-BF4B-00C04F79EFBC}") = "ImageResizer.Plugins.SimpleFilters", "Plugins\SimpleFilters\ImageResizer.Plugins.SimpleFilters.csproj", "{2A7D72F6-6DCB-4260-A921-6C7A6FC77812}"
EndProject
Project("{FAE04EC0-301F-11D3-BF4B-00C04F79EFBC}") = "ImageResizer.Plugins.Watermark", "Plugins\Watermark\ImageResizer.Plugins.Watermark.csproj", "{2B21B3E4-559C-45CB-A25C-09DF02AB63BC}"
EndProject
Project("{FAE04EC0-301F-11D3-BF4B-00C04F79EFBC}") = "ImageResizer.Plugins.WebP", "Plugins\WebP\ImageResizer.Plugins.WebP.csproj", "{E7637D84-D86B-4D37-9835-8DF374539693}"
EndProject
Project("{FAE04EC0-301F-11D3-BF4B-00C04F79EFBC}") = "ImageResizer.Plugins.WhitespaceTrimmer", "Plugins\WhitespaceTrimmer\ImageResizer.Plugins.WhitespaceTrimmer.csproj", "{167B88AF-E3EE-4005-A266-F4D712B3BC62}"
EndProject
Project("{FAE04EC0-301F-11D3-BF4B-00C04F79EFBC}") = "ImageResizer.Plugins.Wic", "Plugins\Wic\ImageResizer.Plugins.Wic.csproj", "{4A55B40D-1E0D-4D1F-8D96-25F624847E53}"
EndProject
Project("{FAE04EC0-301F-11D3-BF4B-00C04F79EFBC}") = "_ImageStudio", "Samples\ImageStudio\_ImageStudio.csproj", "{86D5A690-75DB-4EF9-80C6-9016338674B1}"
EndProject
Project("{FAE04EC0-301F-11D3-BF4B-00C04F79EFBC}") = "PsdComposerSample", "Samples\PsdComposerSample\PsdComposerSample.csproj", "{1A0CBAE4-2AB7-4C3E-A2B9-84B3FDA09EA1}"
EndProject
Project("{FAE04EC0-301F-11D3-BF4B-00C04F79EFBC}") = "SqlReaderSample", "Samples\SqlReaderSample\SqlReaderSample.csproj", "{1CED61F7-E4DA-4D45-A937-5F268C60697A}"
EndProject
Project("{FAE04EC0-301F-11D3-BF4B-00C04F79EFBC}") = "ImageResizer.Plugins.SqlReader", "Plugins\SqlReader\ImageResizer.Plugins.SqlReader.csproj", "{2AB0FC98-8AD5-4D2A-BF06-0EA4DCF8764D}"
EndProject
Project("{FAE04EC0-301F-11D3-BF4B-00C04F79EFBC}") = "CustomOverlaySample", "Samples\CustomOverlaySample\CustomOverlaySample.csproj", "{5B7A3DBE-F994-4CC1-8F3E-D0BF78485FA9}"
EndProject
Project("{FAE04EC0-301F-11D3-BF4B-00C04F79EFBC}") = "ImageResizer.Plugins.CustomOverlay", "Samples\CustomOverlayPlugin\ImageResizer.Plugins.CustomOverlay.csproj", "{589ABEBC-E5EE-47BF-8360-C799F714BA7F}"
EndProject
Project("{FAE04EC0-301F-11D3-BF4B-00C04F79EFBC}") = "ImageResizer.Plugins.CopyMetadata", "Plugins\CopyMetadata\ImageResizer.Plugins.CopyMetadata.csproj", "{2F34E4D1-68AF-4F51-B6B8-A806D47B3D35}"
EndProject
Project("{FAE04EC0-301F-11D3-BF4B-00C04F79EFBC}") = "ImageResizer.Plugins.CloudFront", "Plugins\CloudFront\ImageResizer.Plugins.CloudFront.csproj", "{9BFCA7FB-EAFB-4E89-B388-774CEA6CD466}"
EndProject
Project("{FAE04EC0-301F-11D3-BF4B-00C04F79EFBC}") = "ImageResizer.Plugins.TinyCache", "Plugins\TinyCache\ImageResizer.Plugins.TinyCache.csproj", "{E879E2DD-CDBF-4749-88B7-6D15DE4E7C11}"
EndProject
Project("{FAE04EC0-301F-11D3-BF4B-00C04F79EFBC}") = "ImageResizer.Plugins.TinyCache.Tests", "Tests\ImageResizer.Plugins.TinyCache.Tests\ImageResizer.Plugins.TinyCache.Tests.csproj", "{36FDAE2B-2D37-454C-8381-2D08CAE44083}"
EndProject
Project("{FAE04EC0-301F-11D3-BF4B-00C04F79EFBC}") = "ImageResizer.Plugins.MongoReader", "Plugins\MongoReader\ImageResizer.Plugins.MongoReader.csproj", "{C8D43F4E-103E-4CD7-B0D9-E97D9F708003}"
EndProject
Project("{FAE04EC0-301F-11D3-BF4B-00C04F79EFBC}") = "MongoReaderSample", "Samples\MongoReaderSample\MongoReaderSample.csproj", "{885735E4-5978-4DF8-B27F-5B6B57D6E809}"
EndProject
Project("{FAE04EC0-301F-11D3-BF4B-00C04F79EFBC}") = "ImageResizer.Plugins.PdfiumRenderer", "Contrib\PdfiumRenderer\PdfiumRenderer\ImageResizer.Plugins.PdfiumRenderer.csproj", "{D50A6B07-FE0E-47A8-9F58-2CA4BCBA5F6B}"
EndProject
Project("{FAE04EC0-301F-11D3-BF4B-00C04F79EFBC}") = "ImageResizer.Plugins.PdfiumRenderer.Tests", "Contrib\PdfiumRenderer\PdfiumRenderer.Tests\ImageResizer.Plugins.PdfiumRenderer.Tests.csproj", "{F3CEA39B-4400-40A8-8D4B-06A61A1D420B}"
EndProject
Project("{FAE04EC0-301F-11D3-BF4B-00C04F79EFBC}") = "ImageResizer.Plugins.PdfiumRenderer.Web", "Contrib\PdfiumRenderer\PdfiumRenderer.Web\ImageResizer.Plugins.PdfiumRenderer.Web.csproj", "{28C00F34-D25B-46C4-AB5C-F50197F7115E}"
EndProject
Project("{FAE04EC0-301F-11D3-BF4B-00C04F79EFBC}") = "ImageResizer", "Core\ImageResizer.csproj", "{FA5EF673-A6A4-498D-AA24-C025CC5267AF}"
EndProject
Project("{FAE04EC0-301F-11D3-BF4B-00C04F79EFBC}") = "ImageResizer.Plugins.DiskCache", "Plugins\DiskCache\ImageResizer.Plugins.DiskCache.csproj", "{C3B00CD1-39EE-4BA8-BDC0-02E346F20694}"
EndProject
Project("{FAE04EC0-301F-11D3-BF4B-00C04F79EFBC}") = "ImageResizer.Plugins.LicenseVerifier", "Plugins\LicenseVerifier\ImageResizer.Plugins.LicenseVerifier.csproj", "{8E9FF7E1-D94B-4F94-86DF-71F16C58615F}"
EndProject
Project("{FAE04EC0-301F-11D3-BF4B-00C04F79EFBC}") = "ImageResizer.Plugins.Logging", "Plugins\Logging\ImageResizer.Plugins.Logging.csproj", "{10E04BAD-889B-4C01-BA0B-FAC7EF63B859}"
EndProject
Project("{FAE04EC0-301F-11D3-BF4B-00C04F79EFBC}") = "ImageResizer.Plugins.DiagnosticJson", "Plugins\DiagnosticJson\ImageResizer.Plugins.DiagnosticJson.csproj", "{DF78DF74-D71E-470D-8BE2-D827498E8AF8}"
EndProject
Global
	GlobalSection(SolutionConfigurationPlatforms) = preSolution
		Debug|Any CPU = Debug|Any CPU
		Debug|x64 = Debug|x64
		Debug|x86 = Debug|x86
		Release|Any CPU = Release|Any CPU
		Release|x64 = Release|x64
		Release|x86 = Release|x86
		Trial|Any CPU = Trial|Any CPU
		Trial|x64 = Trial|x64
		Trial|x86 = Trial|x86
	EndGlobalSection
	GlobalSection(ProjectConfigurationPlatforms) = postSolution
		{961A7785-80E0-4AB9-A406-FD7E2A9FA9D9}.Debug|Any CPU.ActiveCfg = Debug|Any CPU
		{961A7785-80E0-4AB9-A406-FD7E2A9FA9D9}.Debug|Any CPU.Build.0 = Debug|Any CPU
		{961A7785-80E0-4AB9-A406-FD7E2A9FA9D9}.Debug|x64.ActiveCfg = Debug|Any CPU
		{961A7785-80E0-4AB9-A406-FD7E2A9FA9D9}.Debug|x64.Build.0 = Debug|Any CPU
		{961A7785-80E0-4AB9-A406-FD7E2A9FA9D9}.Debug|x86.ActiveCfg = Debug|Any CPU
		{961A7785-80E0-4AB9-A406-FD7E2A9FA9D9}.Debug|x86.Build.0 = Debug|Any CPU
		{961A7785-80E0-4AB9-A406-FD7E2A9FA9D9}.Release|Any CPU.ActiveCfg = Release|Any CPU
		{961A7785-80E0-4AB9-A406-FD7E2A9FA9D9}.Release|Any CPU.Build.0 = Release|Any CPU
		{961A7785-80E0-4AB9-A406-FD7E2A9FA9D9}.Release|x64.ActiveCfg = Release|Any CPU
		{961A7785-80E0-4AB9-A406-FD7E2A9FA9D9}.Release|x64.Build.0 = Release|Any CPU
		{961A7785-80E0-4AB9-A406-FD7E2A9FA9D9}.Release|x86.ActiveCfg = Release|Any CPU
		{961A7785-80E0-4AB9-A406-FD7E2A9FA9D9}.Release|x86.Build.0 = Release|Any CPU
		{961A7785-80E0-4AB9-A406-FD7E2A9FA9D9}.Trial|Any CPU.ActiveCfg = Trial|Any CPU
		{961A7785-80E0-4AB9-A406-FD7E2A9FA9D9}.Trial|Any CPU.Build.0 = Trial|Any CPU
		{961A7785-80E0-4AB9-A406-FD7E2A9FA9D9}.Trial|x64.ActiveCfg = Trial|Any CPU
		{961A7785-80E0-4AB9-A406-FD7E2A9FA9D9}.Trial|x64.Build.0 = Trial|Any CPU
		{961A7785-80E0-4AB9-A406-FD7E2A9FA9D9}.Trial|x86.ActiveCfg = Trial|Any CPU
		{961A7785-80E0-4AB9-A406-FD7E2A9FA9D9}.Trial|x86.Build.0 = Trial|Any CPU
		{D97EA32A-0845-4E00-9C4D-68C5B93A1869}.Debug|Any CPU.ActiveCfg = Debug|Any CPU
		{D97EA32A-0845-4E00-9C4D-68C5B93A1869}.Debug|Any CPU.Build.0 = Debug|Any CPU
		{D97EA32A-0845-4E00-9C4D-68C5B93A1869}.Debug|x64.ActiveCfg = Debug|Any CPU
		{D97EA32A-0845-4E00-9C4D-68C5B93A1869}.Debug|x64.Build.0 = Debug|Any CPU
		{D97EA32A-0845-4E00-9C4D-68C5B93A1869}.Debug|x86.ActiveCfg = Debug|Any CPU
		{D97EA32A-0845-4E00-9C4D-68C5B93A1869}.Debug|x86.Build.0 = Debug|Any CPU
		{D97EA32A-0845-4E00-9C4D-68C5B93A1869}.Release|Any CPU.ActiveCfg = Release|Any CPU
		{D97EA32A-0845-4E00-9C4D-68C5B93A1869}.Release|Any CPU.Build.0 = Release|Any CPU
		{D97EA32A-0845-4E00-9C4D-68C5B93A1869}.Release|x64.ActiveCfg = Release|Any CPU
		{D97EA32A-0845-4E00-9C4D-68C5B93A1869}.Release|x64.Build.0 = Release|Any CPU
		{D97EA32A-0845-4E00-9C4D-68C5B93A1869}.Release|x86.ActiveCfg = Release|Any CPU
		{D97EA32A-0845-4E00-9C4D-68C5B93A1869}.Release|x86.Build.0 = Release|Any CPU
		{D97EA32A-0845-4E00-9C4D-68C5B93A1869}.Trial|Any CPU.ActiveCfg = Trial|Any CPU
		{D97EA32A-0845-4E00-9C4D-68C5B93A1869}.Trial|Any CPU.Build.0 = Trial|Any CPU
		{D97EA32A-0845-4E00-9C4D-68C5B93A1869}.Trial|x64.ActiveCfg = Trial|Any CPU
		{D97EA32A-0845-4E00-9C4D-68C5B93A1869}.Trial|x64.Build.0 = Trial|Any CPU
		{D97EA32A-0845-4E00-9C4D-68C5B93A1869}.Trial|x86.ActiveCfg = Trial|Any CPU
		{D97EA32A-0845-4E00-9C4D-68C5B93A1869}.Trial|x86.Build.0 = Trial|Any CPU
		{144686D8-7820-4BEE-9325-60C4E998C2B0}.Debug|Any CPU.ActiveCfg = Debug|Any CPU
		{144686D8-7820-4BEE-9325-60C4E998C2B0}.Debug|Any CPU.Build.0 = Debug|Any CPU
		{144686D8-7820-4BEE-9325-60C4E998C2B0}.Debug|x64.ActiveCfg = Debug|x64
		{144686D8-7820-4BEE-9325-60C4E998C2B0}.Debug|x64.Build.0 = Debug|x64
		{144686D8-7820-4BEE-9325-60C4E998C2B0}.Debug|x86.ActiveCfg = Debug|x86
		{144686D8-7820-4BEE-9325-60C4E998C2B0}.Debug|x86.Build.0 = Debug|x86
		{144686D8-7820-4BEE-9325-60C4E998C2B0}.Release|Any CPU.ActiveCfg = Release|Any CPU
		{144686D8-7820-4BEE-9325-60C4E998C2B0}.Release|Any CPU.Build.0 = Release|Any CPU
		{144686D8-7820-4BEE-9325-60C4E998C2B0}.Release|x64.ActiveCfg = Release|x64
		{144686D8-7820-4BEE-9325-60C4E998C2B0}.Release|x64.Build.0 = Release|x64
		{144686D8-7820-4BEE-9325-60C4E998C2B0}.Release|x86.ActiveCfg = Release|x86
		{144686D8-7820-4BEE-9325-60C4E998C2B0}.Release|x86.Build.0 = Release|x86
		{144686D8-7820-4BEE-9325-60C4E998C2B0}.Trial|Any CPU.ActiveCfg = Trial|Any CPU
		{144686D8-7820-4BEE-9325-60C4E998C2B0}.Trial|Any CPU.Build.0 = Trial|Any CPU
		{144686D8-7820-4BEE-9325-60C4E998C2B0}.Trial|x64.ActiveCfg = Trial|x64
		{144686D8-7820-4BEE-9325-60C4E998C2B0}.Trial|x64.Build.0 = Trial|x64
		{144686D8-7820-4BEE-9325-60C4E998C2B0}.Trial|x86.ActiveCfg = Trial|x86
		{144686D8-7820-4BEE-9325-60C4E998C2B0}.Trial|x86.Build.0 = Trial|x86
		{41E1FB1A-826B-4C35-9034-8C44D2402941}.Debug|Any CPU.ActiveCfg = Debug|Any CPU
		{41E1FB1A-826B-4C35-9034-8C44D2402941}.Debug|Any CPU.Build.0 = Debug|Any CPU
		{41E1FB1A-826B-4C35-9034-8C44D2402941}.Debug|x64.ActiveCfg = Debug|Any CPU
		{41E1FB1A-826B-4C35-9034-8C44D2402941}.Debug|x64.Build.0 = Debug|Any CPU
		{41E1FB1A-826B-4C35-9034-8C44D2402941}.Debug|x86.ActiveCfg = Debug|Any CPU
		{41E1FB1A-826B-4C35-9034-8C44D2402941}.Debug|x86.Build.0 = Debug|Any CPU
		{41E1FB1A-826B-4C35-9034-8C44D2402941}.Release|Any CPU.ActiveCfg = Release|Any CPU
		{41E1FB1A-826B-4C35-9034-8C44D2402941}.Release|Any CPU.Build.0 = Release|Any CPU
		{41E1FB1A-826B-4C35-9034-8C44D2402941}.Release|x64.ActiveCfg = Release|Any CPU
		{41E1FB1A-826B-4C35-9034-8C44D2402941}.Release|x64.Build.0 = Release|Any CPU
		{41E1FB1A-826B-4C35-9034-8C44D2402941}.Release|x86.ActiveCfg = Release|Any CPU
		{41E1FB1A-826B-4C35-9034-8C44D2402941}.Release|x86.Build.0 = Release|Any CPU
		{41E1FB1A-826B-4C35-9034-8C44D2402941}.Trial|Any CPU.ActiveCfg = Trial|Any CPU
		{41E1FB1A-826B-4C35-9034-8C44D2402941}.Trial|Any CPU.Build.0 = Trial|Any CPU
		{41E1FB1A-826B-4C35-9034-8C44D2402941}.Trial|x64.ActiveCfg = Trial|Any CPU
		{41E1FB1A-826B-4C35-9034-8C44D2402941}.Trial|x64.Build.0 = Trial|Any CPU
		{41E1FB1A-826B-4C35-9034-8C44D2402941}.Trial|x86.ActiveCfg = Trial|Any CPU
		{41E1FB1A-826B-4C35-9034-8C44D2402941}.Trial|x86.Build.0 = Trial|Any CPU
		{9B97D952-2969-4F46-9758-9E712CDF3F72}.Debug|Any CPU.ActiveCfg = Debug|x64
		{9B97D952-2969-4F46-9758-9E712CDF3F72}.Debug|Any CPU.Build.0 = Debug|x64
		{9B97D952-2969-4F46-9758-9E712CDF3F72}.Debug|x64.ActiveCfg = Debug|x64
		{9B97D952-2969-4F46-9758-9E712CDF3F72}.Debug|x64.Build.0 = Debug|x64
		{9B97D952-2969-4F46-9758-9E712CDF3F72}.Debug|x86.ActiveCfg = Debug|Win32
		{9B97D952-2969-4F46-9758-9E712CDF3F72}.Debug|x86.Build.0 = Debug|Win32
		{9B97D952-2969-4F46-9758-9E712CDF3F72}.Release|Any CPU.ActiveCfg = Release|x64
		{9B97D952-2969-4F46-9758-9E712CDF3F72}.Release|Any CPU.Build.0 = Release|x64
		{9B97D952-2969-4F46-9758-9E712CDF3F72}.Release|x64.ActiveCfg = Release|x64
		{9B97D952-2969-4F46-9758-9E712CDF3F72}.Release|x64.Build.0 = Release|x64
		{9B97D952-2969-4F46-9758-9E712CDF3F72}.Release|x86.ActiveCfg = Release|Win32
		{9B97D952-2969-4F46-9758-9E712CDF3F72}.Release|x86.Build.0 = Release|Win32
		{9B97D952-2969-4F46-9758-9E712CDF3F72}.Trial|Any CPU.ActiveCfg = Debug|x64
		{9B97D952-2969-4F46-9758-9E712CDF3F72}.Trial|Any CPU.Build.0 = Debug|x64
		{9B97D952-2969-4F46-9758-9E712CDF3F72}.Trial|x64.ActiveCfg = Debug|x64
		{9B97D952-2969-4F46-9758-9E712CDF3F72}.Trial|x64.Build.0 = Debug|x64
		{9B97D952-2969-4F46-9758-9E712CDF3F72}.Trial|x86.ActiveCfg = Debug|Win32
		{9B97D952-2969-4F46-9758-9E712CDF3F72}.Trial|x86.Build.0 = Debug|Win32
		{8E863AFE-B4CF-46AA-8382-0C3547C0EDE9}.Debug|Any CPU.ActiveCfg = Debug|Any CPU
		{8E863AFE-B4CF-46AA-8382-0C3547C0EDE9}.Debug|Any CPU.Build.0 = Debug|Any CPU
		{8E863AFE-B4CF-46AA-8382-0C3547C0EDE9}.Debug|x64.ActiveCfg = Debug|Any CPU
		{8E863AFE-B4CF-46AA-8382-0C3547C0EDE9}.Debug|x64.Build.0 = Debug|Any CPU
		{8E863AFE-B4CF-46AA-8382-0C3547C0EDE9}.Debug|x86.ActiveCfg = Debug|Any CPU
		{8E863AFE-B4CF-46AA-8382-0C3547C0EDE9}.Debug|x86.Build.0 = Debug|Any CPU
		{8E863AFE-B4CF-46AA-8382-0C3547C0EDE9}.Release|Any CPU.ActiveCfg = Release|Any CPU
		{8E863AFE-B4CF-46AA-8382-0C3547C0EDE9}.Release|Any CPU.Build.0 = Release|Any CPU
		{8E863AFE-B4CF-46AA-8382-0C3547C0EDE9}.Release|x64.ActiveCfg = Release|Any CPU
		{8E863AFE-B4CF-46AA-8382-0C3547C0EDE9}.Release|x64.Build.0 = Release|Any CPU
		{8E863AFE-B4CF-46AA-8382-0C3547C0EDE9}.Release|x86.ActiveCfg = Release|Any CPU
		{8E863AFE-B4CF-46AA-8382-0C3547C0EDE9}.Release|x86.Build.0 = Release|Any CPU
		{8E863AFE-B4CF-46AA-8382-0C3547C0EDE9}.Trial|Any CPU.ActiveCfg = Trial|Any CPU
		{8E863AFE-B4CF-46AA-8382-0C3547C0EDE9}.Trial|Any CPU.Build.0 = Trial|Any CPU
		{8E863AFE-B4CF-46AA-8382-0C3547C0EDE9}.Trial|x64.ActiveCfg = Trial|Any CPU
		{8E863AFE-B4CF-46AA-8382-0C3547C0EDE9}.Trial|x64.Build.0 = Trial|Any CPU
		{8E863AFE-B4CF-46AA-8382-0C3547C0EDE9}.Trial|x86.ActiveCfg = Trial|Any CPU
		{8E863AFE-B4CF-46AA-8382-0C3547C0EDE9}.Trial|x86.Build.0 = Trial|Any CPU
		{BB8EEB97-6550-4780-97B2-B0F2FCD80970}.Debug|Any CPU.ActiveCfg = Debug|Any CPU
		{BB8EEB97-6550-4780-97B2-B0F2FCD80970}.Debug|Any CPU.Build.0 = Debug|Any CPU
		{BB8EEB97-6550-4780-97B2-B0F2FCD80970}.Debug|x64.ActiveCfg = Debug|Any CPU
		{BB8EEB97-6550-4780-97B2-B0F2FCD80970}.Debug|x64.Build.0 = Debug|Any CPU
		{BB8EEB97-6550-4780-97B2-B0F2FCD80970}.Debug|x86.ActiveCfg = Debug|Any CPU
		{BB8EEB97-6550-4780-97B2-B0F2FCD80970}.Debug|x86.Build.0 = Debug|Any CPU
		{BB8EEB97-6550-4780-97B2-B0F2FCD80970}.Release|Any CPU.ActiveCfg = Release|Any CPU
		{BB8EEB97-6550-4780-97B2-B0F2FCD80970}.Release|Any CPU.Build.0 = Release|Any CPU
		{BB8EEB97-6550-4780-97B2-B0F2FCD80970}.Release|x64.ActiveCfg = Release|Any CPU
		{BB8EEB97-6550-4780-97B2-B0F2FCD80970}.Release|x64.Build.0 = Release|Any CPU
		{BB8EEB97-6550-4780-97B2-B0F2FCD80970}.Release|x86.ActiveCfg = Release|Any CPU
		{BB8EEB97-6550-4780-97B2-B0F2FCD80970}.Release|x86.Build.0 = Release|Any CPU
		{BB8EEB97-6550-4780-97B2-B0F2FCD80970}.Trial|Any CPU.ActiveCfg = Trial|Any CPU
		{BB8EEB97-6550-4780-97B2-B0F2FCD80970}.Trial|Any CPU.Build.0 = Trial|Any CPU
		{BB8EEB97-6550-4780-97B2-B0F2FCD80970}.Trial|x64.ActiveCfg = Trial|Any CPU
		{BB8EEB97-6550-4780-97B2-B0F2FCD80970}.Trial|x64.Build.0 = Trial|Any CPU
		{BB8EEB97-6550-4780-97B2-B0F2FCD80970}.Trial|x86.ActiveCfg = Trial|Any CPU
		{BB8EEB97-6550-4780-97B2-B0F2FCD80970}.Trial|x86.Build.0 = Trial|Any CPU
		{BC40DDCE-96BB-41AF-9D3C-6CF4861E3408}.Debug|Any CPU.ActiveCfg = Debug|Any CPU
		{BC40DDCE-96BB-41AF-9D3C-6CF4861E3408}.Debug|Any CPU.Build.0 = Debug|Any CPU
		{BC40DDCE-96BB-41AF-9D3C-6CF4861E3408}.Debug|x64.ActiveCfg = Debug|Any CPU
		{BC40DDCE-96BB-41AF-9D3C-6CF4861E3408}.Debug|x64.Build.0 = Debug|Any CPU
		{BC40DDCE-96BB-41AF-9D3C-6CF4861E3408}.Debug|x86.ActiveCfg = Debug|Any CPU
		{BC40DDCE-96BB-41AF-9D3C-6CF4861E3408}.Debug|x86.Build.0 = Debug|Any CPU
		{BC40DDCE-96BB-41AF-9D3C-6CF4861E3408}.Release|Any CPU.ActiveCfg = Release|Any CPU
		{BC40DDCE-96BB-41AF-9D3C-6CF4861E3408}.Release|Any CPU.Build.0 = Release|Any CPU
		{BC40DDCE-96BB-41AF-9D3C-6CF4861E3408}.Release|x64.ActiveCfg = Release|Any CPU
		{BC40DDCE-96BB-41AF-9D3C-6CF4861E3408}.Release|x64.Build.0 = Release|Any CPU
		{BC40DDCE-96BB-41AF-9D3C-6CF4861E3408}.Release|x86.ActiveCfg = Release|Any CPU
		{BC40DDCE-96BB-41AF-9D3C-6CF4861E3408}.Release|x86.Build.0 = Release|Any CPU
		{BC40DDCE-96BB-41AF-9D3C-6CF4861E3408}.Trial|Any CPU.ActiveCfg = Trial|Any CPU
		{BC40DDCE-96BB-41AF-9D3C-6CF4861E3408}.Trial|Any CPU.Build.0 = Trial|Any CPU
		{BC40DDCE-96BB-41AF-9D3C-6CF4861E3408}.Trial|x64.ActiveCfg = Trial|Any CPU
		{BC40DDCE-96BB-41AF-9D3C-6CF4861E3408}.Trial|x64.Build.0 = Trial|Any CPU
		{BC40DDCE-96BB-41AF-9D3C-6CF4861E3408}.Trial|x86.ActiveCfg = Trial|Any CPU
		{BC40DDCE-96BB-41AF-9D3C-6CF4861E3408}.Trial|x86.Build.0 = Trial|Any CPU
		{BCF28DA2-AF29-4C09-B37D-059F40FC9B95}.Debug|Any CPU.ActiveCfg = Debug|Any CPU
		{BCF28DA2-AF29-4C09-B37D-059F40FC9B95}.Debug|Any CPU.Build.0 = Debug|Any CPU
		{BCF28DA2-AF29-4C09-B37D-059F40FC9B95}.Debug|x64.ActiveCfg = Debug|Any CPU
		{BCF28DA2-AF29-4C09-B37D-059F40FC9B95}.Debug|x64.Build.0 = Debug|Any CPU
		{BCF28DA2-AF29-4C09-B37D-059F40FC9B95}.Debug|x86.ActiveCfg = Debug|Any CPU
		{BCF28DA2-AF29-4C09-B37D-059F40FC9B95}.Debug|x86.Build.0 = Debug|Any CPU
		{BCF28DA2-AF29-4C09-B37D-059F40FC9B95}.Release|Any CPU.ActiveCfg = Release|Any CPU
		{BCF28DA2-AF29-4C09-B37D-059F40FC9B95}.Release|Any CPU.Build.0 = Release|Any CPU
		{BCF28DA2-AF29-4C09-B37D-059F40FC9B95}.Release|x64.ActiveCfg = Release|Any CPU
		{BCF28DA2-AF29-4C09-B37D-059F40FC9B95}.Release|x64.Build.0 = Release|Any CPU
		{BCF28DA2-AF29-4C09-B37D-059F40FC9B95}.Release|x86.ActiveCfg = Release|Any CPU
		{BCF28DA2-AF29-4C09-B37D-059F40FC9B95}.Release|x86.Build.0 = Release|Any CPU
		{BCF28DA2-AF29-4C09-B37D-059F40FC9B95}.Trial|Any CPU.ActiveCfg = Trial|Any CPU
		{BCF28DA2-AF29-4C09-B37D-059F40FC9B95}.Trial|Any CPU.Build.0 = Trial|Any CPU
		{BCF28DA2-AF29-4C09-B37D-059F40FC9B95}.Trial|x64.ActiveCfg = Trial|Any CPU
		{BCF28DA2-AF29-4C09-B37D-059F40FC9B95}.Trial|x64.Build.0 = Trial|Any CPU
		{BCF28DA2-AF29-4C09-B37D-059F40FC9B95}.Trial|x86.ActiveCfg = Trial|Any CPU
		{BCF28DA2-AF29-4C09-B37D-059F40FC9B95}.Trial|x86.Build.0 = Trial|Any CPU
		{054D5D5D-1041-4F03-B5E4-BFF0441586FA}.Debug|Any CPU.ActiveCfg = Debug|Any CPU
		{054D5D5D-1041-4F03-B5E4-BFF0441586FA}.Debug|Any CPU.Build.0 = Debug|Any CPU
		{054D5D5D-1041-4F03-B5E4-BFF0441586FA}.Debug|x64.ActiveCfg = Debug|x64
		{054D5D5D-1041-4F03-B5E4-BFF0441586FA}.Debug|x64.Build.0 = Debug|x64
		{054D5D5D-1041-4F03-B5E4-BFF0441586FA}.Debug|x86.ActiveCfg = Debug|x86
		{054D5D5D-1041-4F03-B5E4-BFF0441586FA}.Debug|x86.Build.0 = Debug|x86
		{054D5D5D-1041-4F03-B5E4-BFF0441586FA}.Release|Any CPU.ActiveCfg = Release|Any CPU
		{054D5D5D-1041-4F03-B5E4-BFF0441586FA}.Release|Any CPU.Build.0 = Release|Any CPU
		{054D5D5D-1041-4F03-B5E4-BFF0441586FA}.Release|x64.ActiveCfg = Release|x64
		{054D5D5D-1041-4F03-B5E4-BFF0441586FA}.Release|x64.Build.0 = Release|x64
		{054D5D5D-1041-4F03-B5E4-BFF0441586FA}.Release|x86.ActiveCfg = Release|x86
		{054D5D5D-1041-4F03-B5E4-BFF0441586FA}.Release|x86.Build.0 = Release|x86
		{054D5D5D-1041-4F03-B5E4-BFF0441586FA}.Trial|Any CPU.ActiveCfg = Trial|Any CPU
		{054D5D5D-1041-4F03-B5E4-BFF0441586FA}.Trial|Any CPU.Build.0 = Trial|Any CPU
		{054D5D5D-1041-4F03-B5E4-BFF0441586FA}.Trial|x64.ActiveCfg = Trial|x64
		{054D5D5D-1041-4F03-B5E4-BFF0441586FA}.Trial|x64.Build.0 = Trial|x64
		{054D5D5D-1041-4F03-B5E4-BFF0441586FA}.Trial|x86.ActiveCfg = Trial|x86
		{054D5D5D-1041-4F03-B5E4-BFF0441586FA}.Trial|x86.Build.0 = Trial|x86
		{7AEFB877-A720-4929-880C-1090A71C83EB}.Debug|Any CPU.ActiveCfg = Debug|Any CPU
		{7AEFB877-A720-4929-880C-1090A71C83EB}.Debug|Any CPU.Build.0 = Debug|Any CPU
		{7AEFB877-A720-4929-880C-1090A71C83EB}.Debug|x64.ActiveCfg = Debug|Any CPU
		{7AEFB877-A720-4929-880C-1090A71C83EB}.Debug|x64.Build.0 = Debug|Any CPU
		{7AEFB877-A720-4929-880C-1090A71C83EB}.Debug|x86.ActiveCfg = Debug|Any CPU
		{7AEFB877-A720-4929-880C-1090A71C83EB}.Debug|x86.Build.0 = Debug|Any CPU
		{7AEFB877-A720-4929-880C-1090A71C83EB}.Release|Any CPU.ActiveCfg = Release|Any CPU
		{7AEFB877-A720-4929-880C-1090A71C83EB}.Release|Any CPU.Build.0 = Release|Any CPU
		{7AEFB877-A720-4929-880C-1090A71C83EB}.Release|x64.ActiveCfg = Release|Any CPU
		{7AEFB877-A720-4929-880C-1090A71C83EB}.Release|x64.Build.0 = Release|Any CPU
		{7AEFB877-A720-4929-880C-1090A71C83EB}.Release|x86.ActiveCfg = Release|Any CPU
		{7AEFB877-A720-4929-880C-1090A71C83EB}.Release|x86.Build.0 = Release|Any CPU
		{7AEFB877-A720-4929-880C-1090A71C83EB}.Trial|Any CPU.ActiveCfg = Trial|Any CPU
		{7AEFB877-A720-4929-880C-1090A71C83EB}.Trial|Any CPU.Build.0 = Trial|Any CPU
		{7AEFB877-A720-4929-880C-1090A71C83EB}.Trial|x64.ActiveCfg = Trial|Any CPU
		{7AEFB877-A720-4929-880C-1090A71C83EB}.Trial|x64.Build.0 = Trial|Any CPU
		{7AEFB877-A720-4929-880C-1090A71C83EB}.Trial|x86.ActiveCfg = Trial|Any CPU
		{7AEFB877-A720-4929-880C-1090A71C83EB}.Trial|x86.Build.0 = Trial|Any CPU
		{0E6BE1A7-C754-4E33-A8AC-75A8549FC68B}.Debug|Any CPU.ActiveCfg = Debug|Any CPU
		{0E6BE1A7-C754-4E33-A8AC-75A8549FC68B}.Debug|Any CPU.Build.0 = Debug|Any CPU
		{0E6BE1A7-C754-4E33-A8AC-75A8549FC68B}.Debug|x64.ActiveCfg = Debug|Any CPU
		{0E6BE1A7-C754-4E33-A8AC-75A8549FC68B}.Debug|x64.Build.0 = Debug|Any CPU
		{0E6BE1A7-C754-4E33-A8AC-75A8549FC68B}.Debug|x86.ActiveCfg = Debug|Any CPU
		{0E6BE1A7-C754-4E33-A8AC-75A8549FC68B}.Debug|x86.Build.0 = Debug|Any CPU
		{0E6BE1A7-C754-4E33-A8AC-75A8549FC68B}.Release|Any CPU.ActiveCfg = Release|Any CPU
		{0E6BE1A7-C754-4E33-A8AC-75A8549FC68B}.Release|Any CPU.Build.0 = Release|Any CPU
		{0E6BE1A7-C754-4E33-A8AC-75A8549FC68B}.Release|x64.ActiveCfg = Release|Any CPU
		{0E6BE1A7-C754-4E33-A8AC-75A8549FC68B}.Release|x64.Build.0 = Release|Any CPU
		{0E6BE1A7-C754-4E33-A8AC-75A8549FC68B}.Release|x86.ActiveCfg = Release|Any CPU
		{0E6BE1A7-C754-4E33-A8AC-75A8549FC68B}.Release|x86.Build.0 = Release|Any CPU
		{0E6BE1A7-C754-4E33-A8AC-75A8549FC68B}.Trial|Any CPU.ActiveCfg = Trial|Any CPU
		{0E6BE1A7-C754-4E33-A8AC-75A8549FC68B}.Trial|Any CPU.Build.0 = Trial|Any CPU
		{0E6BE1A7-C754-4E33-A8AC-75A8549FC68B}.Trial|x64.ActiveCfg = Trial|Any CPU
		{0E6BE1A7-C754-4E33-A8AC-75A8549FC68B}.Trial|x64.Build.0 = Trial|Any CPU
		{0E6BE1A7-C754-4E33-A8AC-75A8549FC68B}.Trial|x86.ActiveCfg = Trial|Any CPU
		{0E6BE1A7-C754-4E33-A8AC-75A8549FC68B}.Trial|x86.Build.0 = Trial|Any CPU
		{2A7D72F6-6DCB-4260-A921-6C7A6FC77812}.Debug|Any CPU.ActiveCfg = Debug|Any CPU
		{2A7D72F6-6DCB-4260-A921-6C7A6FC77812}.Debug|Any CPU.Build.0 = Debug|Any CPU
		{2A7D72F6-6DCB-4260-A921-6C7A6FC77812}.Debug|x64.ActiveCfg = Debug|Any CPU
		{2A7D72F6-6DCB-4260-A921-6C7A6FC77812}.Debug|x64.Build.0 = Debug|Any CPU
		{2A7D72F6-6DCB-4260-A921-6C7A6FC77812}.Debug|x86.ActiveCfg = Debug|Any CPU
		{2A7D72F6-6DCB-4260-A921-6C7A6FC77812}.Debug|x86.Build.0 = Debug|Any CPU
		{2A7D72F6-6DCB-4260-A921-6C7A6FC77812}.Release|Any CPU.ActiveCfg = Release|Any CPU
		{2A7D72F6-6DCB-4260-A921-6C7A6FC77812}.Release|Any CPU.Build.0 = Release|Any CPU
		{2A7D72F6-6DCB-4260-A921-6C7A6FC77812}.Release|x64.ActiveCfg = Release|Any CPU
		{2A7D72F6-6DCB-4260-A921-6C7A6FC77812}.Release|x64.Build.0 = Release|Any CPU
		{2A7D72F6-6DCB-4260-A921-6C7A6FC77812}.Release|x86.ActiveCfg = Release|Any CPU
		{2A7D72F6-6DCB-4260-A921-6C7A6FC77812}.Release|x86.Build.0 = Release|Any CPU
		{2A7D72F6-6DCB-4260-A921-6C7A6FC77812}.Trial|Any CPU.ActiveCfg = Trial|Any CPU
		{2A7D72F6-6DCB-4260-A921-6C7A6FC77812}.Trial|Any CPU.Build.0 = Trial|Any CPU
		{2A7D72F6-6DCB-4260-A921-6C7A6FC77812}.Trial|x64.ActiveCfg = Trial|Any CPU
		{2A7D72F6-6DCB-4260-A921-6C7A6FC77812}.Trial|x64.Build.0 = Trial|Any CPU
		{2A7D72F6-6DCB-4260-A921-6C7A6FC77812}.Trial|x86.ActiveCfg = Trial|Any CPU
		{2A7D72F6-6DCB-4260-A921-6C7A6FC77812}.Trial|x86.Build.0 = Trial|Any CPU
		{2B21B3E4-559C-45CB-A25C-09DF02AB63BC}.Debug|Any CPU.ActiveCfg = Debug|Any CPU
		{2B21B3E4-559C-45CB-A25C-09DF02AB63BC}.Debug|Any CPU.Build.0 = Debug|Any CPU
		{2B21B3E4-559C-45CB-A25C-09DF02AB63BC}.Debug|x64.ActiveCfg = Debug|Any CPU
		{2B21B3E4-559C-45CB-A25C-09DF02AB63BC}.Debug|x64.Build.0 = Debug|Any CPU
		{2B21B3E4-559C-45CB-A25C-09DF02AB63BC}.Debug|x86.ActiveCfg = Debug|Any CPU
		{2B21B3E4-559C-45CB-A25C-09DF02AB63BC}.Debug|x86.Build.0 = Debug|Any CPU
		{2B21B3E4-559C-45CB-A25C-09DF02AB63BC}.Release|Any CPU.ActiveCfg = Release|Any CPU
		{2B21B3E4-559C-45CB-A25C-09DF02AB63BC}.Release|Any CPU.Build.0 = Release|Any CPU
		{2B21B3E4-559C-45CB-A25C-09DF02AB63BC}.Release|x64.ActiveCfg = Release|Any CPU
		{2B21B3E4-559C-45CB-A25C-09DF02AB63BC}.Release|x64.Build.0 = Release|Any CPU
		{2B21B3E4-559C-45CB-A25C-09DF02AB63BC}.Release|x86.ActiveCfg = Release|Any CPU
		{2B21B3E4-559C-45CB-A25C-09DF02AB63BC}.Release|x86.Build.0 = Release|Any CPU
		{2B21B3E4-559C-45CB-A25C-09DF02AB63BC}.Trial|Any CPU.ActiveCfg = Trial|Any CPU
		{2B21B3E4-559C-45CB-A25C-09DF02AB63BC}.Trial|Any CPU.Build.0 = Trial|Any CPU
		{2B21B3E4-559C-45CB-A25C-09DF02AB63BC}.Trial|x64.ActiveCfg = Trial|Any CPU
		{2B21B3E4-559C-45CB-A25C-09DF02AB63BC}.Trial|x64.Build.0 = Trial|Any CPU
		{2B21B3E4-559C-45CB-A25C-09DF02AB63BC}.Trial|x86.ActiveCfg = Trial|Any CPU
		{2B21B3E4-559C-45CB-A25C-09DF02AB63BC}.Trial|x86.Build.0 = Trial|Any CPU
		{E7637D84-D86B-4D37-9835-8DF374539693}.Debug|Any CPU.ActiveCfg = Debug|Any CPU
		{E7637D84-D86B-4D37-9835-8DF374539693}.Debug|Any CPU.Build.0 = Debug|Any CPU
		{E7637D84-D86B-4D37-9835-8DF374539693}.Debug|x64.ActiveCfg = Debug|Any CPU
		{E7637D84-D86B-4D37-9835-8DF374539693}.Debug|x64.Build.0 = Debug|Any CPU
		{E7637D84-D86B-4D37-9835-8DF374539693}.Debug|x86.ActiveCfg = Debug|Any CPU
		{E7637D84-D86B-4D37-9835-8DF374539693}.Debug|x86.Build.0 = Debug|Any CPU
		{E7637D84-D86B-4D37-9835-8DF374539693}.Release|Any CPU.ActiveCfg = Release|Any CPU
		{E7637D84-D86B-4D37-9835-8DF374539693}.Release|Any CPU.Build.0 = Release|Any CPU
		{E7637D84-D86B-4D37-9835-8DF374539693}.Release|x64.ActiveCfg = Release|Any CPU
		{E7637D84-D86B-4D37-9835-8DF374539693}.Release|x64.Build.0 = Release|Any CPU
		{E7637D84-D86B-4D37-9835-8DF374539693}.Release|x86.ActiveCfg = Release|Any CPU
		{E7637D84-D86B-4D37-9835-8DF374539693}.Release|x86.Build.0 = Release|Any CPU
		{E7637D84-D86B-4D37-9835-8DF374539693}.Trial|Any CPU.ActiveCfg = Trial|Any CPU
		{E7637D84-D86B-4D37-9835-8DF374539693}.Trial|Any CPU.Build.0 = Trial|Any CPU
		{E7637D84-D86B-4D37-9835-8DF374539693}.Trial|x64.ActiveCfg = Trial|Any CPU
		{E7637D84-D86B-4D37-9835-8DF374539693}.Trial|x64.Build.0 = Trial|Any CPU
		{E7637D84-D86B-4D37-9835-8DF374539693}.Trial|x86.ActiveCfg = Trial|Any CPU
		{E7637D84-D86B-4D37-9835-8DF374539693}.Trial|x86.Build.0 = Trial|Any CPU
		{167B88AF-E3EE-4005-A266-F4D712B3BC62}.Debug|Any CPU.ActiveCfg = Debug|Any CPU
		{167B88AF-E3EE-4005-A266-F4D712B3BC62}.Debug|Any CPU.Build.0 = Debug|Any CPU
		{167B88AF-E3EE-4005-A266-F4D712B3BC62}.Debug|x64.ActiveCfg = Debug|Any CPU
		{167B88AF-E3EE-4005-A266-F4D712B3BC62}.Debug|x64.Build.0 = Debug|Any CPU
		{167B88AF-E3EE-4005-A266-F4D712B3BC62}.Debug|x86.ActiveCfg = Debug|Any CPU
		{167B88AF-E3EE-4005-A266-F4D712B3BC62}.Debug|x86.Build.0 = Debug|Any CPU
		{167B88AF-E3EE-4005-A266-F4D712B3BC62}.Release|Any CPU.ActiveCfg = Release|Any CPU
		{167B88AF-E3EE-4005-A266-F4D712B3BC62}.Release|Any CPU.Build.0 = Release|Any CPU
		{167B88AF-E3EE-4005-A266-F4D712B3BC62}.Release|x64.ActiveCfg = Release|Any CPU
		{167B88AF-E3EE-4005-A266-F4D712B3BC62}.Release|x64.Build.0 = Release|Any CPU
		{167B88AF-E3EE-4005-A266-F4D712B3BC62}.Release|x86.ActiveCfg = Release|Any CPU
		{167B88AF-E3EE-4005-A266-F4D712B3BC62}.Release|x86.Build.0 = Release|Any CPU
		{167B88AF-E3EE-4005-A266-F4D712B3BC62}.Trial|Any CPU.ActiveCfg = Trial|Any CPU
		{167B88AF-E3EE-4005-A266-F4D712B3BC62}.Trial|Any CPU.Build.0 = Trial|Any CPU
		{167B88AF-E3EE-4005-A266-F4D712B3BC62}.Trial|x64.ActiveCfg = Trial|Any CPU
		{167B88AF-E3EE-4005-A266-F4D712B3BC62}.Trial|x64.Build.0 = Trial|Any CPU
		{167B88AF-E3EE-4005-A266-F4D712B3BC62}.Trial|x86.ActiveCfg = Trial|Any CPU
		{167B88AF-E3EE-4005-A266-F4D712B3BC62}.Trial|x86.Build.0 = Trial|Any CPU
		{4A55B40D-1E0D-4D1F-8D96-25F624847E53}.Debug|Any CPU.ActiveCfg = Debug|Any CPU
		{4A55B40D-1E0D-4D1F-8D96-25F624847E53}.Debug|Any CPU.Build.0 = Debug|Any CPU
		{4A55B40D-1E0D-4D1F-8D96-25F624847E53}.Debug|x64.ActiveCfg = Debug|Any CPU
		{4A55B40D-1E0D-4D1F-8D96-25F624847E53}.Debug|x64.Build.0 = Debug|Any CPU
		{4A55B40D-1E0D-4D1F-8D96-25F624847E53}.Debug|x86.ActiveCfg = Debug|Any CPU
		{4A55B40D-1E0D-4D1F-8D96-25F624847E53}.Debug|x86.Build.0 = Debug|Any CPU
		{4A55B40D-1E0D-4D1F-8D96-25F624847E53}.Release|Any CPU.ActiveCfg = Release|Any CPU
		{4A55B40D-1E0D-4D1F-8D96-25F624847E53}.Release|Any CPU.Build.0 = Release|Any CPU
		{4A55B40D-1E0D-4D1F-8D96-25F624847E53}.Release|x64.ActiveCfg = Release|Any CPU
		{4A55B40D-1E0D-4D1F-8D96-25F624847E53}.Release|x64.Build.0 = Release|Any CPU
		{4A55B40D-1E0D-4D1F-8D96-25F624847E53}.Release|x86.ActiveCfg = Release|Any CPU
		{4A55B40D-1E0D-4D1F-8D96-25F624847E53}.Release|x86.Build.0 = Release|Any CPU
		{4A55B40D-1E0D-4D1F-8D96-25F624847E53}.Trial|Any CPU.ActiveCfg = Trial|Any CPU
		{4A55B40D-1E0D-4D1F-8D96-25F624847E53}.Trial|Any CPU.Build.0 = Trial|Any CPU
		{4A55B40D-1E0D-4D1F-8D96-25F624847E53}.Trial|x64.ActiveCfg = Trial|Any CPU
		{4A55B40D-1E0D-4D1F-8D96-25F624847E53}.Trial|x64.Build.0 = Trial|Any CPU
		{4A55B40D-1E0D-4D1F-8D96-25F624847E53}.Trial|x86.ActiveCfg = Trial|Any CPU
		{4A55B40D-1E0D-4D1F-8D96-25F624847E53}.Trial|x86.Build.0 = Trial|Any CPU
		{86D5A690-75DB-4EF9-80C6-9016338674B1}.Debug|Any CPU.ActiveCfg = Debug|Any CPU
		{86D5A690-75DB-4EF9-80C6-9016338674B1}.Debug|Any CPU.Build.0 = Debug|Any CPU
		{86D5A690-75DB-4EF9-80C6-9016338674B1}.Debug|x64.ActiveCfg = Debug|Any CPU
		{86D5A690-75DB-4EF9-80C6-9016338674B1}.Debug|x64.Build.0 = Debug|Any CPU
		{86D5A690-75DB-4EF9-80C6-9016338674B1}.Debug|x86.ActiveCfg = Debug|Any CPU
		{86D5A690-75DB-4EF9-80C6-9016338674B1}.Debug|x86.Build.0 = Debug|Any CPU
		{86D5A690-75DB-4EF9-80C6-9016338674B1}.Release|Any CPU.ActiveCfg = Release|Any CPU
		{86D5A690-75DB-4EF9-80C6-9016338674B1}.Release|Any CPU.Build.0 = Release|Any CPU
		{86D5A690-75DB-4EF9-80C6-9016338674B1}.Release|x64.ActiveCfg = Release|Any CPU
		{86D5A690-75DB-4EF9-80C6-9016338674B1}.Release|x64.Build.0 = Release|Any CPU
		{86D5A690-75DB-4EF9-80C6-9016338674B1}.Release|x86.ActiveCfg = Release|Any CPU
		{86D5A690-75DB-4EF9-80C6-9016338674B1}.Release|x86.Build.0 = Release|Any CPU
		{86D5A690-75DB-4EF9-80C6-9016338674B1}.Trial|Any CPU.ActiveCfg = Debug|Any CPU
		{86D5A690-75DB-4EF9-80C6-9016338674B1}.Trial|Any CPU.Build.0 = Debug|Any CPU
		{86D5A690-75DB-4EF9-80C6-9016338674B1}.Trial|x64.ActiveCfg = Debug|Any CPU
		{86D5A690-75DB-4EF9-80C6-9016338674B1}.Trial|x64.Build.0 = Debug|Any CPU
		{86D5A690-75DB-4EF9-80C6-9016338674B1}.Trial|x86.ActiveCfg = Debug|Any CPU
		{86D5A690-75DB-4EF9-80C6-9016338674B1}.Trial|x86.Build.0 = Debug|Any CPU
		{1A0CBAE4-2AB7-4C3E-A2B9-84B3FDA09EA1}.Debug|Any CPU.ActiveCfg = Debug|Any CPU
		{1A0CBAE4-2AB7-4C3E-A2B9-84B3FDA09EA1}.Debug|Any CPU.Build.0 = Debug|Any CPU
		{1A0CBAE4-2AB7-4C3E-A2B9-84B3FDA09EA1}.Debug|x64.ActiveCfg = Debug|Any CPU
		{1A0CBAE4-2AB7-4C3E-A2B9-84B3FDA09EA1}.Debug|x64.Build.0 = Debug|Any CPU
		{1A0CBAE4-2AB7-4C3E-A2B9-84B3FDA09EA1}.Debug|x86.ActiveCfg = Debug|Any CPU
		{1A0CBAE4-2AB7-4C3E-A2B9-84B3FDA09EA1}.Debug|x86.Build.0 = Debug|Any CPU
		{1A0CBAE4-2AB7-4C3E-A2B9-84B3FDA09EA1}.Release|Any CPU.ActiveCfg = Release|Any CPU
		{1A0CBAE4-2AB7-4C3E-A2B9-84B3FDA09EA1}.Release|Any CPU.Build.0 = Release|Any CPU
		{1A0CBAE4-2AB7-4C3E-A2B9-84B3FDA09EA1}.Release|x64.ActiveCfg = Release|Any CPU
		{1A0CBAE4-2AB7-4C3E-A2B9-84B3FDA09EA1}.Release|x64.Build.0 = Release|Any CPU
		{1A0CBAE4-2AB7-4C3E-A2B9-84B3FDA09EA1}.Release|x86.ActiveCfg = Release|Any CPU
		{1A0CBAE4-2AB7-4C3E-A2B9-84B3FDA09EA1}.Release|x86.Build.0 = Release|Any CPU
		{1A0CBAE4-2AB7-4C3E-A2B9-84B3FDA09EA1}.Trial|Any CPU.ActiveCfg = Debug|Any CPU
		{1A0CBAE4-2AB7-4C3E-A2B9-84B3FDA09EA1}.Trial|Any CPU.Build.0 = Debug|Any CPU
		{1A0CBAE4-2AB7-4C3E-A2B9-84B3FDA09EA1}.Trial|x64.ActiveCfg = Debug|Any CPU
		{1A0CBAE4-2AB7-4C3E-A2B9-84B3FDA09EA1}.Trial|x64.Build.0 = Debug|Any CPU
		{1A0CBAE4-2AB7-4C3E-A2B9-84B3FDA09EA1}.Trial|x86.ActiveCfg = Debug|Any CPU
		{1A0CBAE4-2AB7-4C3E-A2B9-84B3FDA09EA1}.Trial|x86.Build.0 = Debug|Any CPU
		{1CED61F7-E4DA-4D45-A937-5F268C60697A}.Debug|Any CPU.ActiveCfg = Debug|Any CPU
		{1CED61F7-E4DA-4D45-A937-5F268C60697A}.Debug|Any CPU.Build.0 = Debug|Any CPU
		{1CED61F7-E4DA-4D45-A937-5F268C60697A}.Debug|x64.ActiveCfg = Debug|Any CPU
		{1CED61F7-E4DA-4D45-A937-5F268C60697A}.Debug|x64.Build.0 = Debug|Any CPU
		{1CED61F7-E4DA-4D45-A937-5F268C60697A}.Debug|x86.ActiveCfg = Debug|Any CPU
		{1CED61F7-E4DA-4D45-A937-5F268C60697A}.Debug|x86.Build.0 = Debug|Any CPU
		{1CED61F7-E4DA-4D45-A937-5F268C60697A}.Release|Any CPU.ActiveCfg = Release|Any CPU
		{1CED61F7-E4DA-4D45-A937-5F268C60697A}.Release|Any CPU.Build.0 = Release|Any CPU
		{1CED61F7-E4DA-4D45-A937-5F268C60697A}.Release|x64.ActiveCfg = Release|Any CPU
		{1CED61F7-E4DA-4D45-A937-5F268C60697A}.Release|x64.Build.0 = Release|Any CPU
		{1CED61F7-E4DA-4D45-A937-5F268C60697A}.Release|x86.ActiveCfg = Release|Any CPU
		{1CED61F7-E4DA-4D45-A937-5F268C60697A}.Release|x86.Build.0 = Release|Any CPU
		{1CED61F7-E4DA-4D45-A937-5F268C60697A}.Trial|Any CPU.ActiveCfg = Debug|Any CPU
		{1CED61F7-E4DA-4D45-A937-5F268C60697A}.Trial|Any CPU.Build.0 = Debug|Any CPU
		{1CED61F7-E4DA-4D45-A937-5F268C60697A}.Trial|x64.ActiveCfg = Debug|Any CPU
		{1CED61F7-E4DA-4D45-A937-5F268C60697A}.Trial|x64.Build.0 = Debug|Any CPU
		{1CED61F7-E4DA-4D45-A937-5F268C60697A}.Trial|x86.ActiveCfg = Debug|Any CPU
		{1CED61F7-E4DA-4D45-A937-5F268C60697A}.Trial|x86.Build.0 = Debug|Any CPU
		{2AB0FC98-8AD5-4D2A-BF06-0EA4DCF8764D}.Debug|Any CPU.ActiveCfg = Debug|Any CPU
		{2AB0FC98-8AD5-4D2A-BF06-0EA4DCF8764D}.Debug|Any CPU.Build.0 = Debug|Any CPU
		{2AB0FC98-8AD5-4D2A-BF06-0EA4DCF8764D}.Debug|x64.ActiveCfg = Debug|Any CPU
		{2AB0FC98-8AD5-4D2A-BF06-0EA4DCF8764D}.Debug|x64.Build.0 = Debug|Any CPU
		{2AB0FC98-8AD5-4D2A-BF06-0EA4DCF8764D}.Debug|x86.ActiveCfg = Debug|Any CPU
		{2AB0FC98-8AD5-4D2A-BF06-0EA4DCF8764D}.Debug|x86.Build.0 = Debug|Any CPU
		{2AB0FC98-8AD5-4D2A-BF06-0EA4DCF8764D}.Release|Any CPU.ActiveCfg = Release|Any CPU
		{2AB0FC98-8AD5-4D2A-BF06-0EA4DCF8764D}.Release|Any CPU.Build.0 = Release|Any CPU
		{2AB0FC98-8AD5-4D2A-BF06-0EA4DCF8764D}.Release|x64.ActiveCfg = Release|Any CPU
		{2AB0FC98-8AD5-4D2A-BF06-0EA4DCF8764D}.Release|x64.Build.0 = Release|Any CPU
		{2AB0FC98-8AD5-4D2A-BF06-0EA4DCF8764D}.Release|x86.ActiveCfg = Release|Any CPU
		{2AB0FC98-8AD5-4D2A-BF06-0EA4DCF8764D}.Release|x86.Build.0 = Release|Any CPU
		{2AB0FC98-8AD5-4D2A-BF06-0EA4DCF8764D}.Trial|Any CPU.ActiveCfg = Trial|Any CPU
		{2AB0FC98-8AD5-4D2A-BF06-0EA4DCF8764D}.Trial|Any CPU.Build.0 = Trial|Any CPU
		{2AB0FC98-8AD5-4D2A-BF06-0EA4DCF8764D}.Trial|x64.ActiveCfg = Trial|Any CPU
		{2AB0FC98-8AD5-4D2A-BF06-0EA4DCF8764D}.Trial|x64.Build.0 = Trial|Any CPU
		{2AB0FC98-8AD5-4D2A-BF06-0EA4DCF8764D}.Trial|x86.ActiveCfg = Trial|Any CPU
		{2AB0FC98-8AD5-4D2A-BF06-0EA4DCF8764D}.Trial|x86.Build.0 = Trial|Any CPU
		{5B7A3DBE-F994-4CC1-8F3E-D0BF78485FA9}.Debug|Any CPU.ActiveCfg = Debug|Any CPU
		{5B7A3DBE-F994-4CC1-8F3E-D0BF78485FA9}.Debug|Any CPU.Build.0 = Debug|Any CPU
		{5B7A3DBE-F994-4CC1-8F3E-D0BF78485FA9}.Debug|x64.ActiveCfg = Debug|Any CPU
		{5B7A3DBE-F994-4CC1-8F3E-D0BF78485FA9}.Debug|x64.Build.0 = Debug|Any CPU
		{5B7A3DBE-F994-4CC1-8F3E-D0BF78485FA9}.Debug|x86.ActiveCfg = Debug|Any CPU
		{5B7A3DBE-F994-4CC1-8F3E-D0BF78485FA9}.Debug|x86.Build.0 = Debug|Any CPU
		{5B7A3DBE-F994-4CC1-8F3E-D0BF78485FA9}.Release|Any CPU.ActiveCfg = Release|Any CPU
		{5B7A3DBE-F994-4CC1-8F3E-D0BF78485FA9}.Release|Any CPU.Build.0 = Release|Any CPU
		{5B7A3DBE-F994-4CC1-8F3E-D0BF78485FA9}.Release|x64.ActiveCfg = Release|Any CPU
		{5B7A3DBE-F994-4CC1-8F3E-D0BF78485FA9}.Release|x64.Build.0 = Release|Any CPU
		{5B7A3DBE-F994-4CC1-8F3E-D0BF78485FA9}.Release|x86.ActiveCfg = Release|Any CPU
		{5B7A3DBE-F994-4CC1-8F3E-D0BF78485FA9}.Release|x86.Build.0 = Release|Any CPU
		{5B7A3DBE-F994-4CC1-8F3E-D0BF78485FA9}.Trial|Any CPU.ActiveCfg = Debug|Any CPU
		{5B7A3DBE-F994-4CC1-8F3E-D0BF78485FA9}.Trial|Any CPU.Build.0 = Debug|Any CPU
		{5B7A3DBE-F994-4CC1-8F3E-D0BF78485FA9}.Trial|x64.ActiveCfg = Debug|Any CPU
		{5B7A3DBE-F994-4CC1-8F3E-D0BF78485FA9}.Trial|x64.Build.0 = Debug|Any CPU
		{5B7A3DBE-F994-4CC1-8F3E-D0BF78485FA9}.Trial|x86.ActiveCfg = Debug|Any CPU
		{5B7A3DBE-F994-4CC1-8F3E-D0BF78485FA9}.Trial|x86.Build.0 = Debug|Any CPU
		{589ABEBC-E5EE-47BF-8360-C799F714BA7F}.Debug|Any CPU.ActiveCfg = Debug|Any CPU
		{589ABEBC-E5EE-47BF-8360-C799F714BA7F}.Debug|Any CPU.Build.0 = Debug|Any CPU
		{589ABEBC-E5EE-47BF-8360-C799F714BA7F}.Debug|x64.ActiveCfg = Debug|Any CPU
		{589ABEBC-E5EE-47BF-8360-C799F714BA7F}.Debug|x64.Build.0 = Debug|Any CPU
		{589ABEBC-E5EE-47BF-8360-C799F714BA7F}.Debug|x86.ActiveCfg = Debug|Any CPU
		{589ABEBC-E5EE-47BF-8360-C799F714BA7F}.Debug|x86.Build.0 = Debug|Any CPU
		{589ABEBC-E5EE-47BF-8360-C799F714BA7F}.Release|Any CPU.ActiveCfg = Release|Any CPU
		{589ABEBC-E5EE-47BF-8360-C799F714BA7F}.Release|Any CPU.Build.0 = Release|Any CPU
		{589ABEBC-E5EE-47BF-8360-C799F714BA7F}.Release|x64.ActiveCfg = Release|Any CPU
		{589ABEBC-E5EE-47BF-8360-C799F714BA7F}.Release|x64.Build.0 = Release|Any CPU
		{589ABEBC-E5EE-47BF-8360-C799F714BA7F}.Release|x86.ActiveCfg = Release|Any CPU
		{589ABEBC-E5EE-47BF-8360-C799F714BA7F}.Release|x86.Build.0 = Release|Any CPU
		{589ABEBC-E5EE-47BF-8360-C799F714BA7F}.Trial|Any CPU.ActiveCfg = Debug|Any CPU
		{589ABEBC-E5EE-47BF-8360-C799F714BA7F}.Trial|Any CPU.Build.0 = Debug|Any CPU
		{589ABEBC-E5EE-47BF-8360-C799F714BA7F}.Trial|x64.ActiveCfg = Debug|Any CPU
		{589ABEBC-E5EE-47BF-8360-C799F714BA7F}.Trial|x64.Build.0 = Debug|Any CPU
		{589ABEBC-E5EE-47BF-8360-C799F714BA7F}.Trial|x86.ActiveCfg = Debug|Any CPU
		{589ABEBC-E5EE-47BF-8360-C799F714BA7F}.Trial|x86.Build.0 = Debug|Any CPU
		{2F34E4D1-68AF-4F51-B6B8-A806D47B3D35}.Debug|Any CPU.ActiveCfg = Debug|Any CPU
		{2F34E4D1-68AF-4F51-B6B8-A806D47B3D35}.Debug|Any CPU.Build.0 = Debug|Any CPU
		{2F34E4D1-68AF-4F51-B6B8-A806D47B3D35}.Debug|x64.ActiveCfg = Debug|Any CPU
		{2F34E4D1-68AF-4F51-B6B8-A806D47B3D35}.Debug|x64.Build.0 = Debug|Any CPU
		{2F34E4D1-68AF-4F51-B6B8-A806D47B3D35}.Debug|x86.ActiveCfg = Debug|Any CPU
		{2F34E4D1-68AF-4F51-B6B8-A806D47B3D35}.Debug|x86.Build.0 = Debug|Any CPU
		{2F34E4D1-68AF-4F51-B6B8-A806D47B3D35}.Release|Any CPU.ActiveCfg = Release|Any CPU
		{2F34E4D1-68AF-4F51-B6B8-A806D47B3D35}.Release|Any CPU.Build.0 = Release|Any CPU
		{2F34E4D1-68AF-4F51-B6B8-A806D47B3D35}.Release|x64.ActiveCfg = Release|Any CPU
		{2F34E4D1-68AF-4F51-B6B8-A806D47B3D35}.Release|x64.Build.0 = Release|Any CPU
		{2F34E4D1-68AF-4F51-B6B8-A806D47B3D35}.Release|x86.ActiveCfg = Release|Any CPU
		{2F34E4D1-68AF-4F51-B6B8-A806D47B3D35}.Release|x86.Build.0 = Release|Any CPU
		{2F34E4D1-68AF-4F51-B6B8-A806D47B3D35}.Trial|Any CPU.ActiveCfg = Trial|Any CPU
		{2F34E4D1-68AF-4F51-B6B8-A806D47B3D35}.Trial|Any CPU.Build.0 = Trial|Any CPU
		{2F34E4D1-68AF-4F51-B6B8-A806D47B3D35}.Trial|x64.ActiveCfg = Trial|Any CPU
		{2F34E4D1-68AF-4F51-B6B8-A806D47B3D35}.Trial|x64.Build.0 = Trial|Any CPU
		{2F34E4D1-68AF-4F51-B6B8-A806D47B3D35}.Trial|x86.ActiveCfg = Trial|Any CPU
		{2F34E4D1-68AF-4F51-B6B8-A806D47B3D35}.Trial|x86.Build.0 = Trial|Any CPU
		{9BFCA7FB-EAFB-4E89-B388-774CEA6CD466}.Debug|Any CPU.ActiveCfg = Debug|Any CPU
		{9BFCA7FB-EAFB-4E89-B388-774CEA6CD466}.Debug|Any CPU.Build.0 = Debug|Any CPU
		{9BFCA7FB-EAFB-4E89-B388-774CEA6CD466}.Debug|x64.ActiveCfg = Debug|Any CPU
		{9BFCA7FB-EAFB-4E89-B388-774CEA6CD466}.Debug|x64.Build.0 = Debug|Any CPU
		{9BFCA7FB-EAFB-4E89-B388-774CEA6CD466}.Debug|x86.ActiveCfg = Debug|Any CPU
		{9BFCA7FB-EAFB-4E89-B388-774CEA6CD466}.Debug|x86.Build.0 = Debug|Any CPU
		{9BFCA7FB-EAFB-4E89-B388-774CEA6CD466}.Release|Any CPU.ActiveCfg = Release|Any CPU
		{9BFCA7FB-EAFB-4E89-B388-774CEA6CD466}.Release|Any CPU.Build.0 = Release|Any CPU
		{9BFCA7FB-EAFB-4E89-B388-774CEA6CD466}.Release|x64.ActiveCfg = Release|Any CPU
		{9BFCA7FB-EAFB-4E89-B388-774CEA6CD466}.Release|x64.Build.0 = Release|Any CPU
		{9BFCA7FB-EAFB-4E89-B388-774CEA6CD466}.Release|x86.ActiveCfg = Release|Any CPU
		{9BFCA7FB-EAFB-4E89-B388-774CEA6CD466}.Release|x86.Build.0 = Release|Any CPU
		{9BFCA7FB-EAFB-4E89-B388-774CEA6CD466}.Trial|Any CPU.ActiveCfg = Trial|Any CPU
		{9BFCA7FB-EAFB-4E89-B388-774CEA6CD466}.Trial|Any CPU.Build.0 = Trial|Any CPU
		{9BFCA7FB-EAFB-4E89-B388-774CEA6CD466}.Trial|x64.ActiveCfg = Trial|Any CPU
		{9BFCA7FB-EAFB-4E89-B388-774CEA6CD466}.Trial|x64.Build.0 = Trial|Any CPU
		{9BFCA7FB-EAFB-4E89-B388-774CEA6CD466}.Trial|x86.ActiveCfg = Trial|Any CPU
		{9BFCA7FB-EAFB-4E89-B388-774CEA6CD466}.Trial|x86.Build.0 = Trial|Any CPU
		{E879E2DD-CDBF-4749-88B7-6D15DE4E7C11}.Debug|Any CPU.ActiveCfg = Debug|Any CPU
		{E879E2DD-CDBF-4749-88B7-6D15DE4E7C11}.Debug|Any CPU.Build.0 = Debug|Any CPU
		{E879E2DD-CDBF-4749-88B7-6D15DE4E7C11}.Debug|x64.ActiveCfg = Debug|Any CPU
		{E879E2DD-CDBF-4749-88B7-6D15DE4E7C11}.Debug|x64.Build.0 = Debug|Any CPU
		{E879E2DD-CDBF-4749-88B7-6D15DE4E7C11}.Debug|x86.ActiveCfg = Debug|Any CPU
		{E879E2DD-CDBF-4749-88B7-6D15DE4E7C11}.Debug|x86.Build.0 = Debug|Any CPU
		{E879E2DD-CDBF-4749-88B7-6D15DE4E7C11}.Release|Any CPU.ActiveCfg = Release|Any CPU
		{E879E2DD-CDBF-4749-88B7-6D15DE4E7C11}.Release|Any CPU.Build.0 = Release|Any CPU
		{E879E2DD-CDBF-4749-88B7-6D15DE4E7C11}.Release|x64.ActiveCfg = Release|Any CPU
		{E879E2DD-CDBF-4749-88B7-6D15DE4E7C11}.Release|x64.Build.0 = Release|Any CPU
		{E879E2DD-CDBF-4749-88B7-6D15DE4E7C11}.Release|x86.ActiveCfg = Release|Any CPU
		{E879E2DD-CDBF-4749-88B7-6D15DE4E7C11}.Release|x86.Build.0 = Release|Any CPU
		{E879E2DD-CDBF-4749-88B7-6D15DE4E7C11}.Trial|Any CPU.ActiveCfg = Debug|Any CPU
		{E879E2DD-CDBF-4749-88B7-6D15DE4E7C11}.Trial|Any CPU.Build.0 = Debug|Any CPU
		{E879E2DD-CDBF-4749-88B7-6D15DE4E7C11}.Trial|x64.ActiveCfg = Debug|Any CPU
		{E879E2DD-CDBF-4749-88B7-6D15DE4E7C11}.Trial|x64.Build.0 = Debug|Any CPU
		{E879E2DD-CDBF-4749-88B7-6D15DE4E7C11}.Trial|x86.ActiveCfg = Debug|Any CPU
		{E879E2DD-CDBF-4749-88B7-6D15DE4E7C11}.Trial|x86.Build.0 = Debug|Any CPU
		{36FDAE2B-2D37-454C-8381-2D08CAE44083}.Debug|Any CPU.ActiveCfg = Debug|Any CPU
		{36FDAE2B-2D37-454C-8381-2D08CAE44083}.Debug|Any CPU.Build.0 = Debug|Any CPU
		{36FDAE2B-2D37-454C-8381-2D08CAE44083}.Debug|x64.ActiveCfg = Debug|Any CPU
		{36FDAE2B-2D37-454C-8381-2D08CAE44083}.Debug|x64.Build.0 = Debug|Any CPU
		{36FDAE2B-2D37-454C-8381-2D08CAE44083}.Debug|x86.ActiveCfg = Debug|Any CPU
		{36FDAE2B-2D37-454C-8381-2D08CAE44083}.Debug|x86.Build.0 = Debug|Any CPU
		{36FDAE2B-2D37-454C-8381-2D08CAE44083}.Release|Any CPU.ActiveCfg = Release|Any CPU
		{36FDAE2B-2D37-454C-8381-2D08CAE44083}.Release|Any CPU.Build.0 = Release|Any CPU
		{36FDAE2B-2D37-454C-8381-2D08CAE44083}.Release|x64.ActiveCfg = Release|Any CPU
		{36FDAE2B-2D37-454C-8381-2D08CAE44083}.Release|x64.Build.0 = Release|Any CPU
		{36FDAE2B-2D37-454C-8381-2D08CAE44083}.Release|x86.ActiveCfg = Release|Any CPU
		{36FDAE2B-2D37-454C-8381-2D08CAE44083}.Release|x86.Build.0 = Release|Any CPU
		{36FDAE2B-2D37-454C-8381-2D08CAE44083}.Trial|Any CPU.ActiveCfg = Debug|Any CPU
		{36FDAE2B-2D37-454C-8381-2D08CAE44083}.Trial|Any CPU.Build.0 = Debug|Any CPU
		{36FDAE2B-2D37-454C-8381-2D08CAE44083}.Trial|x64.ActiveCfg = Debug|Any CPU
		{36FDAE2B-2D37-454C-8381-2D08CAE44083}.Trial|x64.Build.0 = Debug|Any CPU
		{36FDAE2B-2D37-454C-8381-2D08CAE44083}.Trial|x86.ActiveCfg = Debug|Any CPU
		{36FDAE2B-2D37-454C-8381-2D08CAE44083}.Trial|x86.Build.0 = Debug|Any CPU
		{C8D43F4E-103E-4CD7-B0D9-E97D9F708003}.Debug|Any CPU.ActiveCfg = Debug|Any CPU
		{C8D43F4E-103E-4CD7-B0D9-E97D9F708003}.Debug|Any CPU.Build.0 = Debug|Any CPU
		{C8D43F4E-103E-4CD7-B0D9-E97D9F708003}.Debug|x64.ActiveCfg = Debug|Any CPU
		{C8D43F4E-103E-4CD7-B0D9-E97D9F708003}.Debug|x64.Build.0 = Debug|Any CPU
		{C8D43F4E-103E-4CD7-B0D9-E97D9F708003}.Debug|x86.ActiveCfg = Debug|Any CPU
		{C8D43F4E-103E-4CD7-B0D9-E97D9F708003}.Debug|x86.Build.0 = Debug|Any CPU
		{C8D43F4E-103E-4CD7-B0D9-E97D9F708003}.Release|Any CPU.ActiveCfg = Release|Any CPU
		{C8D43F4E-103E-4CD7-B0D9-E97D9F708003}.Release|Any CPU.Build.0 = Release|Any CPU
		{C8D43F4E-103E-4CD7-B0D9-E97D9F708003}.Release|x64.ActiveCfg = Release|Any CPU
		{C8D43F4E-103E-4CD7-B0D9-E97D9F708003}.Release|x64.Build.0 = Release|Any CPU
		{C8D43F4E-103E-4CD7-B0D9-E97D9F708003}.Release|x86.ActiveCfg = Release|Any CPU
		{C8D43F4E-103E-4CD7-B0D9-E97D9F708003}.Release|x86.Build.0 = Release|Any CPU
		{C8D43F4E-103E-4CD7-B0D9-E97D9F708003}.Trial|Any CPU.ActiveCfg = Trial|Any CPU
		{C8D43F4E-103E-4CD7-B0D9-E97D9F708003}.Trial|Any CPU.Build.0 = Trial|Any CPU
		{C8D43F4E-103E-4CD7-B0D9-E97D9F708003}.Trial|x64.ActiveCfg = Trial|Any CPU
		{C8D43F4E-103E-4CD7-B0D9-E97D9F708003}.Trial|x64.Build.0 = Trial|Any CPU
		{C8D43F4E-103E-4CD7-B0D9-E97D9F708003}.Trial|x86.ActiveCfg = Trial|Any CPU
		{C8D43F4E-103E-4CD7-B0D9-E97D9F708003}.Trial|x86.Build.0 = Trial|Any CPU
		{885735E4-5978-4DF8-B27F-5B6B57D6E809}.Debug|Any CPU.ActiveCfg = Debug|Any CPU
		{885735E4-5978-4DF8-B27F-5B6B57D6E809}.Debug|Any CPU.Build.0 = Debug|Any CPU
		{885735E4-5978-4DF8-B27F-5B6B57D6E809}.Debug|x64.ActiveCfg = Debug|Any CPU
		{885735E4-5978-4DF8-B27F-5B6B57D6E809}.Debug|x64.Build.0 = Debug|Any CPU
		{885735E4-5978-4DF8-B27F-5B6B57D6E809}.Debug|x86.ActiveCfg = Debug|Any CPU
		{885735E4-5978-4DF8-B27F-5B6B57D6E809}.Debug|x86.Build.0 = Debug|Any CPU
		{885735E4-5978-4DF8-B27F-5B6B57D6E809}.Release|Any CPU.ActiveCfg = Release|Any CPU
		{885735E4-5978-4DF8-B27F-5B6B57D6E809}.Release|Any CPU.Build.0 = Release|Any CPU
		{885735E4-5978-4DF8-B27F-5B6B57D6E809}.Release|x64.ActiveCfg = Release|Any CPU
		{885735E4-5978-4DF8-B27F-5B6B57D6E809}.Release|x64.Build.0 = Release|Any CPU
		{885735E4-5978-4DF8-B27F-5B6B57D6E809}.Release|x86.ActiveCfg = Release|Any CPU
		{885735E4-5978-4DF8-B27F-5B6B57D6E809}.Release|x86.Build.0 = Release|Any CPU
		{885735E4-5978-4DF8-B27F-5B6B57D6E809}.Trial|Any CPU.ActiveCfg = Debug|Any CPU
		{885735E4-5978-4DF8-B27F-5B6B57D6E809}.Trial|Any CPU.Build.0 = Debug|Any CPU
		{885735E4-5978-4DF8-B27F-5B6B57D6E809}.Trial|x64.ActiveCfg = Debug|Any CPU
		{885735E4-5978-4DF8-B27F-5B6B57D6E809}.Trial|x64.Build.0 = Debug|Any CPU
		{885735E4-5978-4DF8-B27F-5B6B57D6E809}.Trial|x86.ActiveCfg = Debug|Any CPU
		{885735E4-5978-4DF8-B27F-5B6B57D6E809}.Trial|x86.Build.0 = Debug|Any CPU
		{D50A6B07-FE0E-47A8-9F58-2CA4BCBA5F6B}.Debug|Any CPU.ActiveCfg = Debug|Any CPU
		{D50A6B07-FE0E-47A8-9F58-2CA4BCBA5F6B}.Debug|Any CPU.Build.0 = Debug|Any CPU
		{D50A6B07-FE0E-47A8-9F58-2CA4BCBA5F6B}.Debug|x64.ActiveCfg = Debug|Any CPU
		{D50A6B07-FE0E-47A8-9F58-2CA4BCBA5F6B}.Debug|x64.Build.0 = Debug|Any CPU
		{D50A6B07-FE0E-47A8-9F58-2CA4BCBA5F6B}.Debug|x86.ActiveCfg = Debug|Any CPU
		{D50A6B07-FE0E-47A8-9F58-2CA4BCBA5F6B}.Debug|x86.Build.0 = Debug|Any CPU
		{D50A6B07-FE0E-47A8-9F58-2CA4BCBA5F6B}.Release|Any CPU.ActiveCfg = Release|Any CPU
		{D50A6B07-FE0E-47A8-9F58-2CA4BCBA5F6B}.Release|Any CPU.Build.0 = Release|Any CPU
		{D50A6B07-FE0E-47A8-9F58-2CA4BCBA5F6B}.Release|x64.ActiveCfg = Release|Any CPU
		{D50A6B07-FE0E-47A8-9F58-2CA4BCBA5F6B}.Release|x64.Build.0 = Release|Any CPU
		{D50A6B07-FE0E-47A8-9F58-2CA4BCBA5F6B}.Release|x86.ActiveCfg = Release|Any CPU
		{D50A6B07-FE0E-47A8-9F58-2CA4BCBA5F6B}.Release|x86.Build.0 = Release|Any CPU
		{D50A6B07-FE0E-47A8-9F58-2CA4BCBA5F6B}.Trial|Any CPU.ActiveCfg = Debug|Any CPU
		{D50A6B07-FE0E-47A8-9F58-2CA4BCBA5F6B}.Trial|Any CPU.Build.0 = Debug|Any CPU
		{D50A6B07-FE0E-47A8-9F58-2CA4BCBA5F6B}.Trial|x64.ActiveCfg = Debug|Any CPU
		{D50A6B07-FE0E-47A8-9F58-2CA4BCBA5F6B}.Trial|x64.Build.0 = Debug|Any CPU
		{D50A6B07-FE0E-47A8-9F58-2CA4BCBA5F6B}.Trial|x86.ActiveCfg = Debug|Any CPU
		{D50A6B07-FE0E-47A8-9F58-2CA4BCBA5F6B}.Trial|x86.Build.0 = Debug|Any CPU
		{F3CEA39B-4400-40A8-8D4B-06A61A1D420B}.Debug|Any CPU.ActiveCfg = Debug|Any CPU
		{F3CEA39B-4400-40A8-8D4B-06A61A1D420B}.Debug|Any CPU.Build.0 = Debug|Any CPU
		{F3CEA39B-4400-40A8-8D4B-06A61A1D420B}.Debug|x64.ActiveCfg = Debug|Any CPU
		{F3CEA39B-4400-40A8-8D4B-06A61A1D420B}.Debug|x64.Build.0 = Debug|Any CPU
		{F3CEA39B-4400-40A8-8D4B-06A61A1D420B}.Debug|x86.ActiveCfg = Debug|Any CPU
		{F3CEA39B-4400-40A8-8D4B-06A61A1D420B}.Debug|x86.Build.0 = Debug|Any CPU
		{F3CEA39B-4400-40A8-8D4B-06A61A1D420B}.Release|Any CPU.ActiveCfg = Release|Any CPU
		{F3CEA39B-4400-40A8-8D4B-06A61A1D420B}.Release|Any CPU.Build.0 = Release|Any CPU
		{F3CEA39B-4400-40A8-8D4B-06A61A1D420B}.Release|x64.ActiveCfg = Release|Any CPU
		{F3CEA39B-4400-40A8-8D4B-06A61A1D420B}.Release|x64.Build.0 = Release|Any CPU
		{F3CEA39B-4400-40A8-8D4B-06A61A1D420B}.Release|x86.ActiveCfg = Release|Any CPU
		{F3CEA39B-4400-40A8-8D4B-06A61A1D420B}.Release|x86.Build.0 = Release|Any CPU
		{F3CEA39B-4400-40A8-8D4B-06A61A1D420B}.Trial|Any CPU.ActiveCfg = Debug|Any CPU
		{F3CEA39B-4400-40A8-8D4B-06A61A1D420B}.Trial|Any CPU.Build.0 = Debug|Any CPU
		{F3CEA39B-4400-40A8-8D4B-06A61A1D420B}.Trial|x64.ActiveCfg = Debug|Any CPU
		{F3CEA39B-4400-40A8-8D4B-06A61A1D420B}.Trial|x64.Build.0 = Debug|Any CPU
		{F3CEA39B-4400-40A8-8D4B-06A61A1D420B}.Trial|x86.ActiveCfg = Debug|Any CPU
		{F3CEA39B-4400-40A8-8D4B-06A61A1D420B}.Trial|x86.Build.0 = Debug|Any CPU
		{28C00F34-D25B-46C4-AB5C-F50197F7115E}.Debug|Any CPU.ActiveCfg = Debug|Any CPU
		{28C00F34-D25B-46C4-AB5C-F50197F7115E}.Debug|Any CPU.Build.0 = Debug|Any CPU
		{28C00F34-D25B-46C4-AB5C-F50197F7115E}.Debug|x64.ActiveCfg = Debug|Any CPU
		{28C00F34-D25B-46C4-AB5C-F50197F7115E}.Debug|x64.Build.0 = Debug|Any CPU
		{28C00F34-D25B-46C4-AB5C-F50197F7115E}.Debug|x86.ActiveCfg = Debug|Any CPU
		{28C00F34-D25B-46C4-AB5C-F50197F7115E}.Debug|x86.Build.0 = Debug|Any CPU
		{28C00F34-D25B-46C4-AB5C-F50197F7115E}.Release|Any CPU.ActiveCfg = Release|Any CPU
		{28C00F34-D25B-46C4-AB5C-F50197F7115E}.Release|Any CPU.Build.0 = Release|Any CPU
		{28C00F34-D25B-46C4-AB5C-F50197F7115E}.Release|x64.ActiveCfg = Release|Any CPU
		{28C00F34-D25B-46C4-AB5C-F50197F7115E}.Release|x64.Build.0 = Release|Any CPU
		{28C00F34-D25B-46C4-AB5C-F50197F7115E}.Release|x86.ActiveCfg = Release|Any CPU
		{28C00F34-D25B-46C4-AB5C-F50197F7115E}.Release|x86.Build.0 = Release|Any CPU
		{28C00F34-D25B-46C4-AB5C-F50197F7115E}.Trial|Any CPU.ActiveCfg = Debug|Any CPU
		{28C00F34-D25B-46C4-AB5C-F50197F7115E}.Trial|Any CPU.Build.0 = Debug|Any CPU
		{28C00F34-D25B-46C4-AB5C-F50197F7115E}.Trial|x64.ActiveCfg = Debug|Any CPU
		{28C00F34-D25B-46C4-AB5C-F50197F7115E}.Trial|x64.Build.0 = Debug|Any CPU
		{28C00F34-D25B-46C4-AB5C-F50197F7115E}.Trial|x86.ActiveCfg = Debug|Any CPU
		{28C00F34-D25B-46C4-AB5C-F50197F7115E}.Trial|x86.Build.0 = Debug|Any CPU
		{FA5EF673-A6A4-498D-AA24-C025CC5267AF}.Debug|Any CPU.ActiveCfg = Debug|Any CPU
		{FA5EF673-A6A4-498D-AA24-C025CC5267AF}.Debug|Any CPU.Build.0 = Debug|Any CPU
		{FA5EF673-A6A4-498D-AA24-C025CC5267AF}.Debug|x64.ActiveCfg = Debug|Any CPU
		{FA5EF673-A6A4-498D-AA24-C025CC5267AF}.Debug|x64.Build.0 = Debug|Any CPU
		{FA5EF673-A6A4-498D-AA24-C025CC5267AF}.Debug|x86.ActiveCfg = Debug|Any CPU
		{FA5EF673-A6A4-498D-AA24-C025CC5267AF}.Debug|x86.Build.0 = Debug|Any CPU
		{FA5EF673-A6A4-498D-AA24-C025CC5267AF}.Release|Any CPU.ActiveCfg = Release|Any CPU
		{FA5EF673-A6A4-498D-AA24-C025CC5267AF}.Release|Any CPU.Build.0 = Release|Any CPU
		{FA5EF673-A6A4-498D-AA24-C025CC5267AF}.Release|x64.ActiveCfg = Release|Any CPU
		{FA5EF673-A6A4-498D-AA24-C025CC5267AF}.Release|x64.Build.0 = Release|Any CPU
		{FA5EF673-A6A4-498D-AA24-C025CC5267AF}.Release|x86.ActiveCfg = Release|Any CPU
		{FA5EF673-A6A4-498D-AA24-C025CC5267AF}.Release|x86.Build.0 = Release|Any CPU
		{FA5EF673-A6A4-498D-AA24-C025CC5267AF}.Trial|Any CPU.ActiveCfg = Debug|Any CPU
		{FA5EF673-A6A4-498D-AA24-C025CC5267AF}.Trial|Any CPU.Build.0 = Debug|Any CPU
		{FA5EF673-A6A4-498D-AA24-C025CC5267AF}.Trial|x64.ActiveCfg = Debug|Any CPU
		{FA5EF673-A6A4-498D-AA24-C025CC5267AF}.Trial|x64.Build.0 = Debug|Any CPU
		{FA5EF673-A6A4-498D-AA24-C025CC5267AF}.Trial|x86.ActiveCfg = Debug|Any CPU
		{FA5EF673-A6A4-498D-AA24-C025CC5267AF}.Trial|x86.Build.0 = Debug|Any CPU
		{C3B00CD1-39EE-4BA8-BDC0-02E346F20694}.Debug|Any CPU.ActiveCfg = Debug|Any CPU
		{C3B00CD1-39EE-4BA8-BDC0-02E346F20694}.Debug|Any CPU.Build.0 = Debug|Any CPU
		{C3B00CD1-39EE-4BA8-BDC0-02E346F20694}.Debug|x64.ActiveCfg = Debug|Any CPU
		{C3B00CD1-39EE-4BA8-BDC0-02E346F20694}.Debug|x64.Build.0 = Debug|Any CPU
		{C3B00CD1-39EE-4BA8-BDC0-02E346F20694}.Debug|x86.ActiveCfg = Debug|Any CPU
		{C3B00CD1-39EE-4BA8-BDC0-02E346F20694}.Debug|x86.Build.0 = Debug|Any CPU
		{C3B00CD1-39EE-4BA8-BDC0-02E346F20694}.Release|Any CPU.ActiveCfg = Release|Any CPU
		{C3B00CD1-39EE-4BA8-BDC0-02E346F20694}.Release|Any CPU.Build.0 = Release|Any CPU
		{C3B00CD1-39EE-4BA8-BDC0-02E346F20694}.Release|x64.ActiveCfg = Release|Any CPU
		{C3B00CD1-39EE-4BA8-BDC0-02E346F20694}.Release|x64.Build.0 = Release|Any CPU
		{C3B00CD1-39EE-4BA8-BDC0-02E346F20694}.Release|x86.ActiveCfg = Release|Any CPU
		{C3B00CD1-39EE-4BA8-BDC0-02E346F20694}.Release|x86.Build.0 = Release|Any CPU
		{C3B00CD1-39EE-4BA8-BDC0-02E346F20694}.Trial|Any CPU.ActiveCfg = Trial|Any CPU
		{C3B00CD1-39EE-4BA8-BDC0-02E346F20694}.Trial|Any CPU.Build.0 = Trial|Any CPU
		{C3B00CD1-39EE-4BA8-BDC0-02E346F20694}.Trial|x64.ActiveCfg = Trial|Any CPU
		{C3B00CD1-39EE-4BA8-BDC0-02E346F20694}.Trial|x64.Build.0 = Trial|Any CPU
		{C3B00CD1-39EE-4BA8-BDC0-02E346F20694}.Trial|x86.ActiveCfg = Trial|Any CPU
		{C3B00CD1-39EE-4BA8-BDC0-02E346F20694}.Trial|x86.Build.0 = Trial|Any CPU
		{8E9FF7E1-D94B-4F94-86DF-71F16C58615F}.Debug|Any CPU.ActiveCfg = Debug|Any CPU
		{8E9FF7E1-D94B-4F94-86DF-71F16C58615F}.Debug|Any CPU.Build.0 = Debug|Any CPU
		{8E9FF7E1-D94B-4F94-86DF-71F16C58615F}.Debug|x64.ActiveCfg = Debug|Any CPU
		{8E9FF7E1-D94B-4F94-86DF-71F16C58615F}.Debug|x64.Build.0 = Debug|Any CPU
		{8E9FF7E1-D94B-4F94-86DF-71F16C58615F}.Debug|x86.ActiveCfg = Debug|Any CPU
		{8E9FF7E1-D94B-4F94-86DF-71F16C58615F}.Debug|x86.Build.0 = Debug|Any CPU
		{8E9FF7E1-D94B-4F94-86DF-71F16C58615F}.Release|Any CPU.ActiveCfg = Release|Any CPU
		{8E9FF7E1-D94B-4F94-86DF-71F16C58615F}.Release|Any CPU.Build.0 = Release|Any CPU
		{8E9FF7E1-D94B-4F94-86DF-71F16C58615F}.Release|x64.ActiveCfg = Release|Any CPU
		{8E9FF7E1-D94B-4F94-86DF-71F16C58615F}.Release|x64.Build.0 = Release|Any CPU
		{8E9FF7E1-D94B-4F94-86DF-71F16C58615F}.Release|x86.ActiveCfg = Release|Any CPU
		{8E9FF7E1-D94B-4F94-86DF-71F16C58615F}.Release|x86.Build.0 = Release|Any CPU
		{8E9FF7E1-D94B-4F94-86DF-71F16C58615F}.Trial|Any CPU.ActiveCfg = Debug|Any CPU
		{8E9FF7E1-D94B-4F94-86DF-71F16C58615F}.Trial|Any CPU.Build.0 = Debug|Any CPU
		{8E9FF7E1-D94B-4F94-86DF-71F16C58615F}.Trial|x64.ActiveCfg = Debug|Any CPU
		{8E9FF7E1-D94B-4F94-86DF-71F16C58615F}.Trial|x64.Build.0 = Debug|Any CPU
		{8E9FF7E1-D94B-4F94-86DF-71F16C58615F}.Trial|x86.ActiveCfg = Debug|Any CPU
		{8E9FF7E1-D94B-4F94-86DF-71F16C58615F}.Trial|x86.Build.0 = Debug|Any CPU
		{10E04BAD-889B-4C01-BA0B-FAC7EF63B859}.Debug|Any CPU.ActiveCfg = Debug|Any CPU
		{10E04BAD-889B-4C01-BA0B-FAC7EF63B859}.Debug|Any CPU.Build.0 = Debug|Any CPU
		{10E04BAD-889B-4C01-BA0B-FAC7EF63B859}.Debug|x64.ActiveCfg = Debug|Any CPU
		{10E04BAD-889B-4C01-BA0B-FAC7EF63B859}.Debug|x64.Build.0 = Debug|Any CPU
		{10E04BAD-889B-4C01-BA0B-FAC7EF63B859}.Debug|x86.ActiveCfg = Debug|Any CPU
		{10E04BAD-889B-4C01-BA0B-FAC7EF63B859}.Debug|x86.Build.0 = Debug|Any CPU
		{10E04BAD-889B-4C01-BA0B-FAC7EF63B859}.Release|Any CPU.ActiveCfg = Release|Any CPU
		{10E04BAD-889B-4C01-BA0B-FAC7EF63B859}.Release|Any CPU.Build.0 = Release|Any CPU
		{10E04BAD-889B-4C01-BA0B-FAC7EF63B859}.Release|x64.ActiveCfg = Release|Any CPU
		{10E04BAD-889B-4C01-BA0B-FAC7EF63B859}.Release|x64.Build.0 = Release|Any CPU
		{10E04BAD-889B-4C01-BA0B-FAC7EF63B859}.Release|x86.ActiveCfg = Release|Any CPU
		{10E04BAD-889B-4C01-BA0B-FAC7EF63B859}.Release|x86.Build.0 = Release|Any CPU
		{10E04BAD-889B-4C01-BA0B-FAC7EF63B859}.Trial|Any CPU.ActiveCfg = Debug|Any CPU
		{10E04BAD-889B-4C01-BA0B-FAC7EF63B859}.Trial|Any CPU.Build.0 = Debug|Any CPU
		{10E04BAD-889B-4C01-BA0B-FAC7EF63B859}.Trial|x64.ActiveCfg = Debug|Any CPU
		{10E04BAD-889B-4C01-BA0B-FAC7EF63B859}.Trial|x64.Build.0 = Debug|Any CPU
		{10E04BAD-889B-4C01-BA0B-FAC7EF63B859}.Trial|x86.ActiveCfg = Debug|Any CPU
		{10E04BAD-889B-4C01-BA0B-FAC7EF63B859}.Trial|x86.Build.0 = Debug|Any CPU
		{DF78DF74-D71E-470D-8BE2-D827498E8AF8}.Debug|Any CPU.ActiveCfg = Debug|Any CPU
		{DF78DF74-D71E-470D-8BE2-D827498E8AF8}.Debug|Any CPU.Build.0 = Debug|Any CPU
		{DF78DF74-D71E-470D-8BE2-D827498E8AF8}.Debug|x64.ActiveCfg = Debug|Any CPU
		{DF78DF74-D71E-470D-8BE2-D827498E8AF8}.Debug|x64.Build.0 = Debug|Any CPU
		{DF78DF74-D71E-470D-8BE2-D827498E8AF8}.Debug|x86.ActiveCfg = Debug|Any CPU
		{DF78DF74-D71E-470D-8BE2-D827498E8AF8}.Debug|x86.Build.0 = Debug|Any CPU
		{DF78DF74-D71E-470D-8BE2-D827498E8AF8}.Release|Any CPU.ActiveCfg = Release|Any CPU
		{DF78DF74-D71E-470D-8BE2-D827498E8AF8}.Release|Any CPU.Build.0 = Release|Any CPU
		{DF78DF74-D71E-470D-8BE2-D827498E8AF8}.Release|x64.ActiveCfg = Release|Any CPU
		{DF78DF74-D71E-470D-8BE2-D827498E8AF8}.Release|x64.Build.0 = Release|Any CPU
		{DF78DF74-D71E-470D-8BE2-D827498E8AF8}.Release|x86.ActiveCfg = Release|Any CPU
		{DF78DF74-D71E-470D-8BE2-D827498E8AF8}.Release|x86.Build.0 = Release|Any CPU
		{DF78DF74-D71E-470D-8BE2-D827498E8AF8}.Trial|Any CPU.ActiveCfg = Trial|Any CPU
		{DF78DF74-D71E-470D-8BE2-D827498E8AF8}.Trial|Any CPU.Build.0 = Trial|Any CPU
		{DF78DF74-D71E-470D-8BE2-D827498E8AF8}.Trial|x64.ActiveCfg = Trial|Any CPU
		{DF78DF74-D71E-470D-8BE2-D827498E8AF8}.Trial|x64.Build.0 = Trial|Any CPU
		{DF78DF74-D71E-470D-8BE2-D827498E8AF8}.Trial|x86.ActiveCfg = Trial|Any CPU
		{DF78DF74-D71E-470D-8BE2-D827498E8AF8}.Trial|x86.Build.0 = Trial|Any CPU
	EndGlobalSection
	GlobalSection(SolutionProperties) = preSolution
		HideSolutionNode = FALSE
	EndGlobalSection
	GlobalSection(ExtensibilityGlobals) = postSolution
		SolutionGuid = {0058EBBD-5372-492C-B4C3-24D7724C1A73}
	EndGlobalSection
EndGlobal
