
Microsoft Visual Studio Solution File, Format Version 10.00
# Visual Studio 2008
Project("{FAE04EC0-301F-11D3-BF4B-00C04F79EFBC}") = "SampleProject", "SampleProject.csproj", "{7F18EEA5-0D97-43A0-9BEA-4AD6DE5FF0E2}"
EndProject
Project("{FAE04EC0-301F-11D3-BF4B-00C04F79EFBC}") = "ImageResizer2.1", "..\ImageResizer\ImageResizer2.1.csproj", "{FA5EF673-A6A4-498D-AA24-C025CC5267AF}"
EndProject
Global
	GlobalSection(SolutionConfigurationPlatforms) = preSolution
		Debug|Any CPU = Debug|Any CPU
		Release|Any CPU = Release|Any CPU
	EndGlobalSection
	GlobalSection(ProjectConfigurationPlatforms) = postSolution
		{7F18EEA5-0D97-43A0-9BEA-4AD6DE5FF0E2}.Debug|Any CPU.ActiveCfg = Debug|Any CPU
		{7F18EEA5-0D97-43A0-9BEA-4AD6DE5FF0E2}.Debug|Any CPU.Build.0 = Debug|Any CPU
		{7F18EEA5-0D97-43A0-9BEA-4AD6DE5FF0E2}.Release|Any CPU.ActiveCfg = Release|Any CPU
		{7F18EEA5-0D97-43A0-9BEA-4AD6DE5FF0E2}.Release|Any CPU.Build.0 = Release|Any CPU
		{FA5EF673-A6A4-498D-AA24-C025CC5267AF}.Debug|Any CPU.ActiveCfg = Debug|Any CPU
		{FA5EF673-A6A4-498D-AA24-C025CC5267AF}.Debug|Any CPU.Build.0 = Debug|Any CPU
		{FA5EF673-A6A4-498D-AA24-C025CC5267AF}.Release|Any CPU.ActiveCfg = Release|Any CPU
		{FA5EF673-A6A4-498D-AA24-C025CC5267AF}.Release|Any CPU.Build.0 = Release|Any CPU
	EndGlobalSection
	GlobalSection(SolutionProperties) = preSolution
		HideSolutionNode = FALSE
	EndGlobalSection
EndGlobal
