
Microsoft Visual Studio Solution File, Format Version 11.00
# Visual Studio 2010
Project("{FAE04EC0-301F-11D3-BF4B-00C04F79EFBC}") = "ImageStudio", "ImageStudio\ImageStudio.csproj", "{9FDF6C7D-0C07-4128-8316-F229B79E4C38}"
EndProject
Project("{E24C65DC-7377-472B-9ABA-BC803B73C61A}") = "Examples", "..\Examples\", "{325394C3-8F80-48BE-8D51-8D630980717B}"
	ProjectSection(WebsiteProperties) = preProject
		TargetFrameworkMoniker = ".NETFramework,Version%3Dv3.5"
		ProjectReferences = "{9FDF6C7D-0C07-4128-8316-F229B79E4C38}|ImageStudio.dll;"
		Debug.AspNetCompiler.VirtualPath = "/Examples"
		Debug.AspNetCompiler.PhysicalPath = "..\Examples\"
		Debug.AspNetCompiler.TargetPath = "PrecompiledWeb\Examples\"
		Debug.AspNetCompiler.Updateable = "true"
		Debug.AspNetCompiler.ForceOverwrite = "true"
		Debug.AspNetCompiler.FixedNames = "false"
		Debug.AspNetCompiler.Debug = "True"
		Release.AspNetCompiler.VirtualPath = "/Examples"
		Release.AspNetCompiler.PhysicalPath = "..\Examples\"
		Release.AspNetCompiler.TargetPath = "PrecompiledWeb\Examples\"
		Release.AspNetCompiler.Updateable = "true"
		Release.AspNetCompiler.ForceOverwrite = "true"
		Release.AspNetCompiler.FixedNames = "false"
		Release.AspNetCompiler.Debug = "False"
		VWDPort = "4664"
		DefaultWebSiteLanguage = "Visual C#"
	EndProjectSection
EndProject
Global
	GlobalSection(SolutionConfigurationPlatforms) = preSolution
		Debug|Any CPU = Debug|Any CPU
		Release|Any CPU = Release|Any CPU
	EndGlobalSection
	GlobalSection(ProjectConfigurationPlatforms) = postSolution
		{9FDF6C7D-0C07-4128-8316-F229B79E4C38}.Debug|Any CPU.ActiveCfg = Debug|Any CPU
		{9FDF6C7D-0C07-4128-8316-F229B79E4C38}.Debug|Any CPU.Build.0 = Debug|Any CPU
		{9FDF6C7D-0C07-4128-8316-F229B79E4C38}.Release|Any CPU.ActiveCfg = Release|Any CPU
		{9FDF6C7D-0C07-4128-8316-F229B79E4C38}.Release|Any CPU.Build.0 = Release|Any CPU
		{325394C3-8F80-48BE-8D51-8D630980717B}.Debug|Any CPU.ActiveCfg = Debug|Any CPU
		{325394C3-8F80-48BE-8D51-8D630980717B}.Debug|Any CPU.Build.0 = Debug|Any CPU
		{325394C3-8F80-48BE-8D51-8D630980717B}.Release|Any CPU.ActiveCfg = Debug|Any CPU
		{325394C3-8F80-48BE-8D51-8D630980717B}.Release|Any CPU.Build.0 = Debug|Any CPU
	EndGlobalSection
	GlobalSection(SolutionProperties) = preSolution
		HideSolutionNode = FALSE
	EndGlobalSection
EndGlobal
